{
	"name": "@bugsnag/plugin-express",
	"version": "7.25.0-alpha.0",
	"lockfileVersion": 2,
	"requires": true,
	"packages": {
		"": {
			"name": "@bugsnag/plugin-express",
			"version": "7.14.0",
			"license": "MIT",
			"dependencies": {
				"iserror": "^0.0.2"
			},
			"devDependencies": {
				"@types/express": "^4.17.6"
			},
			"peerDependencies": {
				"@bugsnag/core": "^7.0.0"
			}
		},
		"node_modules/@bugsnag/core": {
			"version": "7.14.0",
			"resolved": "https://registry.npmjs.org/@bugsnag/core/-/core-7.14.0.tgz",
			"integrity": "sha512-DKN7hNEA6zEOgnucihgNEiMmx4GVaFHD9dJUYQFiouAIL19R/TLgG6B+pGC+QAqHVYsCUt5XDnG8jD+J+3fKOA==",
			"peer": true,
			"dependencies": {
				"@bugsnag/cuid": "^3.0.0",
				"@bugsnag/safe-json-stringify": "^6.0.0",
				"error-stack-parser": "^2.0.3",
				"iserror": "0.0.2",
				"stack-generator": "^2.0.3"
			}
		},
		"node_modules/@bugsnag/cuid": {
			"version": "3.0.0",
			"resolved": "https://registry.npmjs.org/@bugsnag/cuid/-/cuid-3.0.0.tgz",
			"integrity": "sha512-LOt8aaBI+KvOQGneBtpuCz3YqzyEAehd1f3nC5yr9TIYW1+IzYKa2xWS4EiMz5pPOnRPHkyyS5t/wmSmN51Gjg==",
			"peer": true
		},
		"node_modules/@bugsnag/safe-json-stringify": {
			"version": "6.0.0",
			"resolved": "https://registry.npmjs.org/@bugsnag/safe-json-stringify/-/safe-json-stringify-6.0.0.tgz",
			"integrity": "sha512-htzFO1Zc57S8kgdRK9mLcPVTW1BY2ijfH7Dk2CeZmspTWKdKqSo1iwmqrq2WtRjFlo8aRZYgLX0wFrDXF/9DLA==",
			"peer": true
		},
		"node_modules/@types/body-parser": {
			"version": "1.19.0",
			"resolved": "https://registry.npmjs.org/@types/body-parser/-/body-parser-1.19.0.tgz",
			"integrity": "sha512-W98JrE0j2K78swW4ukqMleo8R7h/pFETjM2DQ90MF6XK2i4LO4W3gQ71Lt4w3bfm2EvVSyWHplECvB5sK22yFQ==",
			"dev": true,
			"dependencies": {
				"@types/connect": "*",
				"@types/node": "*"
			}
		},
		"node_modules/@types/connect": {
			"version": "3.4.33",
			"resolved": "https://registry.npmjs.org/@types/connect/-/connect-3.4.33.tgz",
			"integrity": "sha512-2+FrkXY4zllzTNfJth7jOqEHC+enpLeGslEhpnTAkg21GkRrWV4SsAtqchtT4YS9/nODBU2/ZfsBY2X4J/dX7A==",
			"dev": true,
			"dependencies": {
				"@types/node": "*"
			}
		},
		"node_modules/@types/express": {
			"version": "4.17.6",
			"resolved": "https://registry.npmjs.org/@types/express/-/express-4.17.6.tgz",
			"integrity": "sha512-n/mr9tZI83kd4azlPG5y997C/M4DNABK9yErhFM6hKdym4kkmd9j0vtsJyjFIwfRBxtrxZtAfGZCNRIBMFLK5w==",
			"dev": true,
			"dependencies": {
				"@types/body-parser": "*",
				"@types/express-serve-static-core": "*",
				"@types/qs": "*",
				"@types/serve-static": "*"
			}
		},
		"node_modules/@types/express-serve-static-core": {
			"version": "4.17.7",
			"resolved": "https://registry.npmjs.org/@types/express-serve-static-core/-/express-serve-static-core-4.17.7.tgz",
			"integrity": "sha512-EMgTj/DF9qpgLXyc+Btimg+XoH7A2liE8uKul8qSmMTHCeNYzydDKFdsJskDvw42UsesCnhO63dO0Grbj8J4Dw==",
			"dev": true,
			"dependencies": {
				"@types/node": "*",
				"@types/qs": "*",
				"@types/range-parser": "*"
			}
		},
		"node_modules/@types/mime": {
			"version": "2.0.1",
			"resolved": "https://registry.npmjs.org/@types/mime/-/mime-2.0.1.tgz",
			"integrity": "sha512-FwI9gX75FgVBJ7ywgnq/P7tw+/o1GUbtP0KzbtusLigAOgIgNISRK0ZPl4qertvXSIE8YbsVJueQ90cDt9YYyw==",
			"dev": true
		},
		"node_modules/@types/node": {
			"version": "14.0.1",
			"resolved": "https://registry.npmjs.org/@types/node/-/node-14.0.1.tgz",
			"integrity": "sha512-FAYBGwC+W6F9+huFIDtn43cpy7+SzG+atzRiTfdp3inUKL2hXnd4rG8hylJLIh4+hqrQy1P17kvJByE/z825hA==",
			"dev": true
		},
		"node_modules/@types/qs": {
			"version": "6.9.2",
			"resolved": "https://registry.npmjs.org/@types/qs/-/qs-6.9.2.tgz",
			"integrity": "sha512-a9bDi4Z3zCZf4Lv1X/vwnvbbDYSNz59h3i3KdyuYYN+YrLjSeJD0dnphdULDfySvUv6Exy/O0K6wX/kQpnPQ+A==",
			"dev": true
		},
		"node_modules/@types/range-parser": {
			"version": "1.2.3",
			"resolved": "https://registry.npmjs.org/@types/range-parser/-/range-parser-1.2.3.tgz",
			"integrity": "sha512-ewFXqrQHlFsgc09MK5jP5iR7vumV/BYayNC6PgJO2LPe8vrnNFyjQjSppfEngITi0qvfKtzFvgKymGheFM9UOA==",
			"dev": true
		},
		"node_modules/@types/serve-static": {
			"version": "1.13.3",
			"resolved": "https://registry.npmjs.org/@types/serve-static/-/serve-static-1.13.3.tgz",
			"integrity": "sha512-oprSwp094zOglVrXdlo/4bAHtKTAxX6VT8FOZlBKrmyLbNvE1zxZyJ6yikMVtHIvwP45+ZQGJn+FdXGKTozq0g==",
			"dev": true,
			"dependencies": {
				"@types/express-serve-static-core": "*",
				"@types/mime": "*"
			}
		},
		"node_modules/error-stack-parser": {
			"version": "2.0.6",
			"resolved": "https://registry.npmjs.org/error-stack-parser/-/error-stack-parser-2.0.6.tgz",
			"integrity": "sha512-d51brTeqC+BHlwF0BhPtcYgF5nlzf9ZZ0ZIUQNZpc9ZB9qw5IJ2diTrBY9jlCJkTLITYPjmiX6OWCwH+fuyNgQ==",
			"peer": true,
			"dependencies": {
				"stackframe": "^1.1.1"
			}
		},
		"node_modules/iserror": {
			"version": "0.0.2",
			"resolved": "https://registry.npmjs.org/iserror/-/iserror-0.0.2.tgz",
			"integrity": "sha1-vVNFH+L2aLnyQCwZZnh6qix8C/U="
		},
		"node_modules/stack-generator": {
			"version": "2.0.5",
			"resolved": "https://registry.npmjs.org/stack-generator/-/stack-generator-2.0.5.tgz",
			"integrity": "sha512-/t1ebrbHkrLrDuNMdeAcsvynWgoH/i4o8EGGfX7dEYDoTXOYVAkEpFdtshlvabzc6JlJ8Kf9YdFEoz7JkzGN9Q==",
			"peer": true,
			"dependencies": {
				"stackframe": "^1.1.1"
			}
		},
		"node_modules/stackframe": {
			"version": "1.2.0",
			"resolved": "https://registry.npmjs.org/stackframe/-/stackframe-1.2.0.tgz",
			"integrity": "sha512-GrdeshiRmS1YLMYgzF16olf2jJ/IzxXY9lhKOskuVziubpTYcYqyOwYeJKzQkwy7uN0fYSsbsC4RQaXf9LCrYA==",
			"peer": true
		}
	},
	"dependencies": {
		"@bugsnag/core": {
			"version": "7.14.0",
			"resolved": "https://registry.npmjs.org/@bugsnag/core/-/core-7.14.0.tgz",
			"integrity": "sha512-DKN7hNEA6zEOgnucihgNEiMmx4GVaFHD9dJUYQFiouAIL19R/TLgG6B+pGC+QAqHVYsCUt5XDnG8jD+J+3fKOA==",
			"peer": true,
			"requires": {
				"@bugsnag/cuid": "^3.0.0",
				"@bugsnag/safe-json-stringify": "^6.0.0",
				"error-stack-parser": "^2.0.3",
				"iserror": "0.0.2",
				"stack-generator": "^2.0.3"
			}
		},
		"@bugsnag/cuid": {
			"version": "3.0.0",
			"resolved": "https://registry.npmjs.org/@bugsnag/cuid/-/cuid-3.0.0.tgz",
			"integrity": "sha512-LOt8aaBI+KvOQGneBtpuCz3YqzyEAehd1f3nC5yr9TIYW1+IzYKa2xWS4EiMz5pPOnRPHkyyS5t/wmSmN51Gjg==",
			"peer": true
		},
		"@bugsnag/safe-json-stringify": {
			"version": "6.0.0",
			"resolved": "https://registry.npmjs.org/@bugsnag/safe-json-stringify/-/safe-json-stringify-6.0.0.tgz",
			"integrity": "sha512-htzFO1Zc57S8kgdRK9mLcPVTW1BY2ijfH7Dk2CeZmspTWKdKqSo1iwmqrq2WtRjFlo8aRZYgLX0wFrDXF/9DLA==",
			"peer": true
		},
		"@types/body-parser": {
			"version": "1.19.0",
			"resolved": "https://registry.npmjs.org/@types/body-parser/-/body-parser-1.19.0.tgz",
			"integrity": "sha512-W98JrE0j2K78swW4ukqMleo8R7h/pFETjM2DQ90MF6XK2i4LO4W3gQ71Lt4w3bfm2EvVSyWHplECvB5sK22yFQ==",
			"dev": true,
			"requires": {
				"@types/connect": "*",
				"@types/node": "*"
			}
		},
		"@types/connect": {
			"version": "3.4.33",
			"resolved": "https://registry.npmjs.org/@types/connect/-/connect-3.4.33.tgz",
			"integrity": "sha512-2+FrkXY4zllzTNfJth7jOqEHC+enpLeGslEhpnTAkg21GkRrWV4SsAtqchtT4YS9/nODBU2/ZfsBY2X4J/dX7A==",
			"dev": true,
			"requires": {
				"@types/node": "*"
			}
		},
		"@types/express": {
			"version": "4.17.6",
			"resolved": "https://registry.npmjs.org/@types/express/-/express-4.17.6.tgz",
			"integrity": "sha512-n/mr9tZI83kd4azlPG5y997C/M4DNABK9yErhFM6hKdym4kkmd9j0vtsJyjFIwfRBxtrxZtAfGZCNRIBMFLK5w==",
			"dev": true,
			"requires": {
				"@types/body-parser": "*",
				"@types/express-serve-static-core": "*",
				"@types/qs": "*",
				"@types/serve-static": "*"
			}
		},
		"@types/express-serve-static-core": {
			"version": "4.17.7",
			"resolved": "https://registry.npmjs.org/@types/express-serve-static-core/-/express-serve-static-core-4.17.7.tgz",
			"integrity": "sha512-EMgTj/DF9qpgLXyc+Btimg+XoH7A2liE8uKul8qSmMTHCeNYzydDKFdsJskDvw42UsesCnhO63dO0Grbj8J4Dw==",
			"dev": true,
			"requires": {
				"@types/node": "*",
				"@types/qs": "*",
				"@types/range-parser": "*"
			}
		},
		"@types/mime": {
			"version": "2.0.1",
			"resolved": "https://registry.npmjs.org/@types/mime/-/mime-2.0.1.tgz",
			"integrity": "sha512-FwI9gX75FgVBJ7ywgnq/P7tw+/o1GUbtP0KzbtusLigAOgIgNISRK0ZPl4qertvXSIE8YbsVJueQ90cDt9YYyw==",
			"dev": true
		},
		"@types/node": {
			"version": "14.0.1",
			"resolved": "https://registry.npmjs.org/@types/node/-/node-14.0.1.tgz",
			"integrity": "sha512-FAYBGwC+W6F9+huFIDtn43cpy7+SzG+atzRiTfdp3inUKL2hXnd4rG8hylJLIh4+hqrQy1P17kvJByE/z825hA==",
			"dev": true
		},
		"@types/qs": {
			"version": "6.9.2",
			"resolved": "https://registry.npmjs.org/@types/qs/-/qs-6.9.2.tgz",
			"integrity": "sha512-a9bDi4Z3zCZf4Lv1X/vwnvbbDYSNz59h3i3KdyuYYN+YrLjSeJD0dnphdULDfySvUv6Exy/O0K6wX/kQpnPQ+A==",
			"dev": true
		},
		"@types/range-parser": {
			"version": "1.2.3",
			"resolved": "https://registry.npmjs.org/@types/range-parser/-/range-parser-1.2.3.tgz",
			"integrity": "sha512-ewFXqrQHlFsgc09MK5jP5iR7vumV/BYayNC6PgJO2LPe8vrnNFyjQjSppfEngITi0qvfKtzFvgKymGheFM9UOA==",
			"dev": true
		},
		"@types/serve-static": {
			"version": "1.13.3",
			"resolved": "https://registry.npmjs.org/@types/serve-static/-/serve-static-1.13.3.tgz",
			"integrity": "sha512-oprSwp094zOglVrXdlo/4bAHtKTAxX6VT8FOZlBKrmyLbNvE1zxZyJ6yikMVtHIvwP45+ZQGJn+FdXGKTozq0g==",
			"dev": true,
			"requires": {
				"@types/express-serve-static-core": "*",
				"@types/mime": "*"
			}
		},
		"error-stack-parser": {
			"version": "2.0.6",
			"resolved": "https://registry.npmjs.org/error-stack-parser/-/error-stack-parser-2.0.6.tgz",
			"integrity": "sha512-d51brTeqC+BHlwF0BhPtcYgF5nlzf9ZZ0ZIUQNZpc9ZB9qw5IJ2diTrBY9jlCJkTLITYPjmiX6OWCwH+fuyNgQ==",
			"peer": true,
			"requires": {
				"stackframe": "^1.1.1"
			}
		},
		"iserror": {
			"version": "0.0.2",
			"resolved": "https://registry.npmjs.org/iserror/-/iserror-0.0.2.tgz",
			"integrity": "sha1-vVNFH+L2aLnyQCwZZnh6qix8C/U="
		},
		"stack-generator": {
			"version": "2.0.5",
			"resolved": "https://registry.npmjs.org/stack-generator/-/stack-generator-2.0.5.tgz",
			"integrity": "sha512-/t1ebrbHkrLrDuNMdeAcsvynWgoH/i4o8EGGfX7dEYDoTXOYVAkEpFdtshlvabzc6JlJ8Kf9YdFEoz7JkzGN9Q==",
			"peer": true,
			"requires": {
				"stackframe": "^1.1.1"
			}
		},
		"stackframe": {
			"version": "1.2.0",
			"resolved": "https://registry.npmjs.org/stackframe/-/stackframe-1.2.0.tgz",
			"integrity": "sha512-GrdeshiRmS1YLMYgzF16olf2jJ/IzxXY9lhKOskuVziubpTYcYqyOwYeJKzQkwy7uN0fYSsbsC4RQaXf9LCrYA==",
			"peer": true
		}
	}
}
