{
	"name": "@bugsnag/plugin-electron-app-breadcrumbs",
	"version": "8.0.0-alpha.5",
	"lockfileVersion": 2,
	"requires": true,
	"packages": {
		"": {
			"name": "@bugsnag/plugin-electron-app-breadcrumbs",
			"version": "8.0.0-alpha.2",
			"license": "MIT",
			"dependencies": {
				"lodash.debounce": "^4.0.8"
			},
			"peerDependencies": {
				"@bugsnag/core": "^8"
			}
		},
		"node_modules/lodash.debounce": {
			"version": "4.0.8",
			"resolved": "https://registry.npmjs.org/lodash.debounce/-/lodash.debounce-4.0.8.tgz",
			"integrity": "sha1-gteb/zCmfEAF/9XiUVMArZyk168="
		}
	},
	"dependencies": {
		"lodash.debounce": {
			"version": "4.0.8",
			"resolved": "https://registry.npmjs.org/lodash.debounce/-/lodash.debounce-4.0.8.tgz",
			"integrity": "sha1-gteb/zCmfEAF/9XiUVMArZyk168="
		}
	}
}
