{
  "name": "bugsnag-sourcemaps-example",
  "version": "1.0.0",
  "lockfileVersion": 1,
  "requires": true,
  "dependencies": {
    "accepts": {
      "version": "1.3.4",
      "resolved": "https://registry.npmjs.org/accepts/-/accepts-1.3.4.tgz",
      "integrity": "sha1-hiRnWMfdbSGmR0/whKR0DsBesh8=",
      "requires": {
        "mime-types": "2.1.17",
        "negotiator": "0.6.1"
      }
    },
    "address": {
      "version": "1.0.3",
      "resolved": "https://registry.npmjs.org/address/-/address-1.0.3.tgz",
      "integrity": "sha512-z55ocwKBRLryBs394Sm3ushTtBeg6VAeuku7utSoSnsJKvKcnXFIyC6vh27n3rXyxSgkJBBCAvyOn7gSUcTYjg=="
    },
    "align-text": {
      "version": "0.1.4",
      "resolved": "https://registry.npmjs.org/align-text/-/align-text-0.1.4.tgz",
      "integrity": "sha1-DNkKVhCT810KmSVsIrcGlDP60Rc=",
      "requires": {
        "kind-of": "3.2.2",
        "longest": "1.0.1",
        "repeat-string": "1.6.1"
      }
    },
    "amdefine": {
      "version": "1.0.1",
      "resolved": "https://registry.npmjs.org/amdefine/-/amdefine-1.0.1.tgz",
      "integrity": "sha1-SlKCrBZHKek2Gbz9OtFR+BfOkfU="
    },
    "ansi-align": {
      "version": "2.0.0",
      "resolved": "https://registry.npmjs.org/ansi-align/-/ansi-align-2.0.0.tgz",
      "integrity": "sha1-w2rsy6VjuJzrVW82kPCx2eNUf38=",
      "requires": {
        "string-width": "2.1.1"
      }
    },
    "ansi-regex": {
      "version": "3.0.0",
      "resolved": "https://registry.npmjs.org/ansi-regex/-/ansi-regex-3.0.0.tgz",
      "integrity": "sha1-7QMXwyIGT3lGbAKWa922Bas32Zg="
    },
    "ansi-styles": {
      "version": "3.2.0",
      "resolved": "https://registry.npmjs.org/ansi-styles/-/ansi-styles-3.2.0.tgz",
      "integrity": "sha512-NnSOmMEYtVR2JVMIGTzynRkkaxtiq1xnFBcdQD/DnNCYPoEPsVJhM98BDyaoNOQIi7p4okdi3E27eN7GQbsUug==",
      "requires": {
        "color-convert": "1.9.0"
      }
    },
    "args": {
      "version": "3.0.7",
      "resolved": "https://registry.npmjs.org/args/-/args-3.0.7.tgz",
      "integrity": "sha512-OQDwfEHYshaeRbbXa7WKIpLmxXrLvHTQ8pcyyH/CoR8Y8v/SjaFYI3d7nQA6xZTM4p6xC7KPVGRDmp8gXLsUcQ==",
      "requires": {
        "camelcase": "4.1.0",
        "chalk": "2.1.0",
        "mri": "1.1.0",
        "pkginfo": "0.4.1",
        "string-similarity": "1.2.0"
      }
    },
    "async": {
      "version": "1.5.2",
      "resolved": "https://registry.npmjs.org/async/-/async-1.5.2.tgz",
      "integrity": "sha1-7GphrlZIDAw8skHJVhjiCJL5Zyo="
    },
    "basic-auth": {
      "version": "2.0.0",
      "resolved": "https://registry.npmjs.org/basic-auth/-/basic-auth-2.0.0.tgz",
      "integrity": "sha1-AV2z81PgLlY3d1X5YnQuiYHnu7o=",
      "requires": {
        "safe-buffer": "5.1.1"
      }
    },
    "bluebird": {
      "version": "3.5.1",
      "resolved": "https://registry.npmjs.org/bluebird/-/bluebird-3.5.1.tgz",
      "integrity": "sha512-MKiLiV+I1AA596t9w1sQJ8jkiSr5+ZKi0WKrYGUn6d1Fx+Ij4tIj+m2WMQSGczs5jZVxV339chE8iwk6F64wjA=="
    },
    "boxen": {
      "version": "1.2.1",
      "resolved": "https://registry.npmjs.org/boxen/-/boxen-1.2.1.tgz",
      "integrity": "sha1-DxHn/jRO25OXl3/BPt5/ZNlWSB0=",
      "requires": {
        "ansi-align": "2.0.0",
        "camelcase": "4.1.0",
        "chalk": "2.1.0",
        "cli-boxes": "1.0.0",
        "string-width": "2.1.1",
        "term-size": "1.2.0",
        "widest-line": "1.0.0"
      }
    },
    "bytes": {
      "version": "3.0.0",
      "resolved": "https://registry.npmjs.org/bytes/-/bytes-3.0.0.tgz",
      "integrity": "sha1-0ygVQE1olpn4Wk6k+odV3ROpYEg="
    },
    "camelcase": {
      "version": "4.1.0",
      "resolved": "https://registry.npmjs.org/camelcase/-/camelcase-4.1.0.tgz",
      "integrity": "sha1-1UVjW+HjPFQmScaRc+Xeas+uNN0="
    },
    "capture-stack-trace": {
      "version": "1.0.0",
      "resolved": "https://registry.npmjs.org/capture-stack-trace/-/capture-stack-trace-1.0.0.tgz",
      "integrity": "sha1-Sm+gc5nCa7pH8LJJa00PtAjFVQ0="
    },
    "center-align": {
      "version": "0.1.3",
      "resolved": "https://registry.npmjs.org/center-align/-/center-align-0.1.3.tgz",
      "integrity": "sha1-qg0yYptu6XIgBBHL1EYckHvCt60=",
      "optional": true,
      "requires": {
        "align-text": "0.1.4",
        "lazy-cache": "1.0.4"
      }
    },
    "chalk": {
      "version": "2.1.0",
      "resolved": "https://registry.npmjs.org/chalk/-/chalk-2.1.0.tgz",
      "integrity": "sha512-LUHGS/dge4ujbXMJrnihYMcL4AoOweGnw9Tp3kQuqy1Kx5c1qKjqvMJZ6nVJPMWJtKCTN72ZogH3oeSO9g9rXQ==",
      "requires": {
        "ansi-styles": "3.2.0",
        "escape-string-regexp": "1.0.5",
        "supports-color": "4.5.0"
      }
    },
    "cli-boxes": {
      "version": "1.0.0",
      "resolved": "https://registry.npmjs.org/cli-boxes/-/cli-boxes-1.0.0.tgz",
      "integrity": "sha1-T6kXw+WclKAEzWH47lCdplFocUM="
    },
    "clipboardy": {
      "version": "1.1.4",
      "resolved": "https://registry.npmjs.org/clipboardy/-/clipboardy-1.1.4.tgz",
      "integrity": "sha1-UbF1dPxoJYji3Slc+m5qoQnqte4=",
      "requires": {
        "execa": "0.6.3"
      },
      "dependencies": {
        "execa": {
          "version": "0.6.3",
          "resolved": "https://registry.npmjs.org/execa/-/execa-0.6.3.tgz",
          "integrity": "sha1-V7aaWU8IF1nGnlNw8NF7nLEWWP4=",
          "requires": {
            "cross-spawn": "5.1.0",
            "get-stream": "3.0.0",
            "is-stream": "1.1.0",
            "npm-run-path": "2.0.2",
            "p-finally": "1.0.0",
            "signal-exit": "3.0.2",
            "strip-eof": "1.0.0"
          }
        }
      }
    },
    "cliui": {
      "version": "2.1.0",
      "resolved": "https://registry.npmjs.org/cliui/-/cliui-2.1.0.tgz",
      "integrity": "sha1-S0dXYP+AJkx2LDoXGQMukcf+oNE=",
      "optional": true,
      "requires": {
        "center-align": "0.1.3",
        "right-align": "0.1.3",
        "wordwrap": "0.0.2"
      },
      "dependencies": {
        "wordwrap": {
          "version": "0.0.2",
          "resolved": "https://registry.npmjs.org/wordwrap/-/wordwrap-0.0.2.tgz",
          "integrity": "sha1-t5Zpu0LstAn4PVg8rVLKF+qhZD8=",
          "optional": true
        }
      }
    },
    "code-point-at": {
      "version": "1.1.0",
      "resolved": "https://registry.npmjs.org/code-point-at/-/code-point-at-1.1.0.tgz",
      "integrity": "sha1-DQcLTQQ6W+ozovGkDi7bPZpMz3c="
    },
    "color-convert": {
      "version": "1.9.0",
      "resolved": "https://registry.npmjs.org/color-convert/-/color-convert-1.9.0.tgz",
      "integrity": "sha1-Gsz5fdc5uYO/mU1W/sj5WFNkG3o=",
      "requires": {
        "color-name": "1.1.3"
      }
    },
    "color-name": {
      "version": "1.1.3",
      "resolved": "https://registry.npmjs.org/color-name/-/color-name-1.1.3.tgz",
      "integrity": "sha1-p9BVi9icQveV3UIyj3QIMcpTvCU="
    },
    "commander": {
      "version": "2.11.0",
      "resolved": "https://registry.npmjs.org/commander/-/commander-2.11.0.tgz",
      "integrity": "sha512-b0553uYA5YAEGgyYIGYROzKQ7X5RAqedkfjiZxwi0kL1g3bOaBNNZfYkzt/CL0umgD5wc9Jec2FbB98CjkMRvQ=="
    },
    "compressible": {
      "version": "2.0.12",
      "resolved": "https://registry.npmjs.org/compressible/-/compressible-2.0.12.tgz",
      "integrity": "sha1-xZpcmdt2dn6YdlAOJx72OzSTvWY=",
      "requires": {
        "mime-db": "1.30.0"
      }
    },
    "compression": {
      "version": "1.7.1",
      "resolved": "https://registry.npmjs.org/compression/-/compression-1.7.1.tgz",
      "integrity": "sha1-7/JgPvwuIs+G810uuTWJ+YdTc9s=",
      "requires": {
        "accepts": "1.3.4",
        "bytes": "3.0.0",
        "compressible": "2.0.12",
        "debug": "2.6.9",
        "on-headers": "1.0.1",
        "safe-buffer": "5.1.1",
        "vary": "1.1.2"
      }
    },
    "configstore": {
      "version": "3.1.1",
      "resolved": "https://registry.npmjs.org/configstore/-/configstore-3.1.1.tgz",
      "integrity": "sha512-5oNkD/L++l0O6xGXxb1EWS7SivtjfGQlRyxJsYgE0Z495/L81e2h4/d3r969hoPXuFItzNOKMtsXgYG4c7dYvw==",
      "requires": {
        "dot-prop": "4.2.0",
        "graceful-fs": "4.1.11",
        "make-dir": "1.1.0",
        "unique-string": "1.0.0",
        "write-file-atomic": "2.3.0",
        "xdg-basedir": "3.0.0"
      }
    },
    "create-error-class": {
      "version": "3.0.2",
      "resolved": "https://registry.npmjs.org/create-error-class/-/create-error-class-3.0.2.tgz",
      "integrity": "sha1-Br56vvlHo/FKMP1hBnHUAbyot7Y=",
      "requires": {
        "capture-stack-trace": "1.0.0"
      }
    },
    "cross-spawn": {
      "version": "5.1.0",
      "resolved": "https://registry.npmjs.org/cross-spawn/-/cross-spawn-5.1.0.tgz",
      "integrity": "sha1-6L0O/uWPz/b4+UUQoKVUu/ojVEk=",
      "requires": {
        "lru-cache": "4.1.1",
        "shebang-command": "1.2.0",
        "which": "1.3.0"
      }
    },
    "crypto-random-string": {
      "version": "1.0.0",
      "resolved": "https://registry.npmjs.org/crypto-random-string/-/crypto-random-string-1.0.0.tgz",
      "integrity": "sha1-ojD2T1aDEOFJgAmUB5DsmVRbyn4="
    },
    "dargs": {
      "version": "5.1.0",
      "resolved": "https://registry.npmjs.org/dargs/-/dargs-5.1.0.tgz",
      "integrity": "sha1-7H6lDHhWTNNsnV7Bj2Yyn63ieCk="
    },
    "debug": {
      "version": "2.6.9",
      "resolved": "https://registry.npmjs.org/debug/-/debug-2.6.9.tgz",
      "integrity": "sha512-bC7ElrdJaJnPbAP+1EotYvqZsb3ecl5wi6Bfi6BJTUcNowp6cvspg0jXznRTKDjm/E7AdgFBVeAPVMNcKGsHMA==",
      "requires": {
        "ms": "2.0.0"
      }
    },
    "decamelize": {
      "version": "1.2.0",
      "resolved": "https://registry.npmjs.org/decamelize/-/decamelize-1.2.0.tgz",
      "integrity": "sha1-9lNNFRSCabIDUue+4m9QH5oZEpA=",
      "optional": true
    },
    "deep-extend": {
      "version": "0.4.2",
      "resolved": "https://registry.npmjs.org/deep-extend/-/deep-extend-0.4.2.tgz",
      "integrity": "sha1-SLaZwn4zS/ifEIkr5DL25MfTSn8="
    },
    "depd": {
      "version": "1.1.1",
      "resolved": "https://registry.npmjs.org/depd/-/depd-1.1.1.tgz",
      "integrity": "sha1-V4O04cRZ8G+lyif5kfPQbnoxA1k="
    },
    "destroy": {
      "version": "1.0.4",
      "resolved": "https://registry.npmjs.org/destroy/-/destroy-1.0.4.tgz",
      "integrity": "sha1-l4hXRCxEdJ5CBmE+N5RiBYJqvYA="
    },
    "detect-port": {
      "version": "1.2.1",
      "resolved": "https://registry.npmjs.org/detect-port/-/detect-port-1.2.1.tgz",
      "integrity": "sha512-2KWLTLsfpi/oYPGNBEniPcFzr1GW/s+Xq/4hJmTQRdE8ULuRwGnRPuVhS/cf+Z4ZEXNo7EO2f6oydHJQd94KMg==",
      "requires": {
        "address": "1.0.3",
        "debug": "2.6.9"
      }
    },
    "dot-prop": {
      "version": "4.2.0",
      "resolved": "https://registry.npmjs.org/dot-prop/-/dot-prop-4.2.0.tgz",
      "integrity": "sha512-tUMXrxlExSW6U2EXiiKGSBVdYgtV8qlHL+C10TsW4PURY/ic+eaysnSkwB4kA/mBlCyy/IKDJ+Lc3wbWeaXtuQ==",
      "requires": {
        "is-obj": "1.0.1"
      }
    },
    "duplexer3": {
      "version": "0.1.4",
      "resolved": "https://registry.npmjs.org/duplexer3/-/duplexer3-0.1.4.tgz",
      "integrity": "sha1-7gHdHKwO08vH/b6jfcCo8c4ALOI="
    },
    "ee-first": {
      "version": "1.1.1",
      "resolved": "https://registry.npmjs.org/ee-first/-/ee-first-1.1.1.tgz",
      "integrity": "sha1-WQxhFWsK4vTwJVcyoViyZrxWsh0="
    },
    "encodeurl": {
      "version": "1.0.1",
      "resolved": "https://registry.npmjs.org/encodeurl/-/encodeurl-1.0.1.tgz",
      "integrity": "sha1-eePVhlU0aQn+bw9Fpd5oEDspTSA="
    },
    "escape-html": {
      "version": "1.0.3",
      "resolved": "https://registry.npmjs.org/escape-html/-/escape-html-1.0.3.tgz",
      "integrity": "sha1-Aljq5NPQwJdN4cFpGI7wBR0dGYg="
    },
    "escape-string-regexp": {
      "version": "1.0.5",
      "resolved": "https://registry.npmjs.org/escape-string-regexp/-/escape-string-regexp-1.0.5.tgz",
      "integrity": "sha1-G2HAViGQqN/2rjuyzwIAyhMLhtQ="
    },
    "etag": {
      "version": "1.8.1",
      "resolved": "https://registry.npmjs.org/etag/-/etag-1.8.1.tgz",
      "integrity": "sha1-Qa4u62XvpiJorr/qg6x9eSmbCIc="
    },
    "execa": {
      "version": "0.7.0",
      "resolved": "https://registry.npmjs.org/execa/-/execa-0.7.0.tgz",
      "integrity": "sha1-lEvs00zEHuMqY6n68nrVpl/Fl3c=",
      "requires": {
        "cross-spawn": "5.1.0",
        "get-stream": "3.0.0",
        "is-stream": "1.1.0",
        "npm-run-path": "2.0.2",
        "p-finally": "1.0.0",
        "signal-exit": "3.0.2",
        "strip-eof": "1.0.0"
      }
    },
    "filesize": {
      "version": "3.5.10",
      "resolved": "https://registry.npmjs.org/filesize/-/filesize-3.5.10.tgz",
      "integrity": "sha1-/I+iPdtO+eXgq24eZPZ5okpWdh8="
    },
    "fresh": {
      "version": "0.5.2",
      "resolved": "https://registry.npmjs.org/fresh/-/fresh-0.5.2.tgz",
      "integrity": "sha1-PYyt2Q2XZWn6g1qx+OSyOhBWBac="
    },
    "fs-extra": {
      "version": "4.0.2",
      "resolved": "https://registry.npmjs.org/fs-extra/-/fs-extra-4.0.2.tgz",
      "integrity": "sha1-+RcExT0bRh+JNFKwwwfZmXZHq2s=",
      "requires": {
        "graceful-fs": "4.1.11",
        "jsonfile": "4.0.0",
        "universalify": "0.1.1"
      }
    },
    "get-stream": {
      "version": "3.0.0",
      "resolved": "https://registry.npmjs.org/get-stream/-/get-stream-3.0.0.tgz",
      "integrity": "sha1-jpQ9E1jcN1VQVOy+LtsFqhdO3hQ="
    },
    "global-dirs": {
      "version": "0.1.0",
      "resolved": "https://registry.npmjs.org/global-dirs/-/global-dirs-0.1.0.tgz",
      "integrity": "sha1-ENNAOeDfBCcuJizyQiT3IJQ0308=",
      "requires": {
        "ini": "1.3.4"
      }
    },
    "got": {
      "version": "6.7.1",
      "resolved": "https://registry.npmjs.org/got/-/got-6.7.1.tgz",
      "integrity": "sha1-JAzQV4WpoY5WHcG0S0HHY+8ejbA=",
      "requires": {
        "create-error-class": "3.0.2",
        "duplexer3": "0.1.4",
        "get-stream": "3.0.0",
        "is-redirect": "1.0.0",
        "is-retry-allowed": "1.1.0",
        "is-stream": "1.1.0",
        "lowercase-keys": "1.0.0",
        "safe-buffer": "5.1.1",
        "timed-out": "4.0.1",
        "unzip-response": "2.0.1",
        "url-parse-lax": "1.0.0"
      }
    },
    "graceful-fs": {
      "version": "4.1.11",
      "resolved": "https://registry.npmjs.org/graceful-fs/-/graceful-fs-4.1.11.tgz",
      "integrity": "sha1-Dovf5NHduIVNZOBOp8AOKgJuVlg="
    },
    "handlebars": {
      "version": "4.0.10",
      "resolved": "https://registry.npmjs.org/handlebars/-/handlebars-4.0.10.tgz",
      "integrity": "sha1-PTDHGLCaPZbyPqTMH0A8TTup/08=",
      "requires": {
        "async": "1.5.2",
        "optimist": "0.6.1",
        "source-map": "0.4.4",
        "uglify-js": "2.8.29"
      },
      "dependencies": {
        "source-map": {
          "version": "0.4.4",
          "resolved": "https://registry.npmjs.org/source-map/-/source-map-0.4.4.tgz",
          "integrity": "sha1-66T12pwNyZneaAMti092FzZSA2s=",
          "requires": {
            "amdefine": "1.0.1"
          }
        },
        "uglify-js": {
          "version": "2.8.29",
          "resolved": "https://registry.npmjs.org/uglify-js/-/uglify-js-2.8.29.tgz",
          "integrity": "sha1-KcVzMUgFe7Th913zW3qcty5qWd0=",
          "optional": true,
          "requires": {
            "source-map": "0.5.7",
            "uglify-to-browserify": "1.0.2",
            "yargs": "3.10.0"
          },
          "dependencies": {
            "source-map": {
              "version": "0.5.7",
              "resolved": "https://registry.npmjs.org/source-map/-/source-map-0.5.7.tgz",
              "integrity": "sha1-igOdLRAh0i0eoUyA2OpGi6LvP8w=",
              "optional": true
            }
          }
        }
      }
    },
    "has-flag": {
      "version": "2.0.0",
      "resolved": "https://registry.npmjs.org/has-flag/-/has-flag-2.0.0.tgz",
      "integrity": "sha1-6CB68cx7MNRGzHC3NLXovhj4jVE="
    },
    "http-errors": {
      "version": "1.6.2",
      "resolved": "https://registry.npmjs.org/http-errors/-/http-errors-1.6.2.tgz",
      "integrity": "sha1-CgAsyFcHGSp+eUbO7cERVfYOxzY=",
      "requires": {
        "depd": "1.1.1",
        "inherits": "2.0.3",
        "setprototypeof": "1.0.3",
        "statuses": "1.4.0"
      }
    },
    "iconv-lite": {
      "version": "0.4.19",
      "resolved": "https://registry.npmjs.org/iconv-lite/-/iconv-lite-0.4.19.tgz",
      "integrity": "sha512-oTZqweIP51xaGPI4uPa56/Pri/480R+mo7SeU+YETByQNhDG55ycFyNLIgta9vXhILrxXDmF7ZGhqZIcuN0gJQ=="
    },
    "import-lazy": {
      "version": "2.1.0",
      "resolved": "https://registry.npmjs.org/import-lazy/-/import-lazy-2.1.0.tgz",
      "integrity": "sha1-BWmOPUXIjo1+nZLLBYTnfwlvPkM="
    },
    "imurmurhash": {
      "version": "0.1.4",
      "resolved": "https://registry.npmjs.org/imurmurhash/-/imurmurhash-0.1.4.tgz",
      "integrity": "sha1-khi5srkoojixPcT7a21XbyMUU+o="
    },
    "inherits": {
      "version": "2.0.3",
      "resolved": "https://registry.npmjs.org/inherits/-/inherits-2.0.3.tgz",
      "integrity": "sha1-Yzwsg+PaQqUC9SRmAiSA9CCCYd4="
    },
    "ini": {
      "version": "1.3.4",
      "resolved": "https://registry.npmjs.org/ini/-/ini-1.3.4.tgz",
      "integrity": "sha1-BTfLedr1m1mhpRff9wbIbsA5Fi4="
    },
    "ip": {
      "version": "1.1.5",
      "resolved": "https://registry.npmjs.org/ip/-/ip-1.1.5.tgz",
      "integrity": "sha1-vd7XARQpCCjAoDnnLvJfWq7ENUo="
    },
    "is-buffer": {
      "version": "1.1.6",
      "resolved": "https://registry.npmjs.org/is-buffer/-/is-buffer-1.1.6.tgz",
      "integrity": "sha512-NcdALwpXkTm5Zvvbk7owOUSvVvBKDgKP5/ewfXEznmQFfs4ZRmanOeKBTjRVjka3QFoN6XJ+9F3USqfHqTaU5w=="
    },
    "is-fullwidth-code-point": {
      "version": "2.0.0",
      "resolved": "https://registry.npmjs.org/is-fullwidth-code-point/-/is-fullwidth-code-point-2.0.0.tgz",
      "integrity": "sha1-o7MKXE8ZkYMWeqq5O+764937ZU8="
    },
    "is-installed-globally": {
      "version": "0.1.0",
      "resolved": "https://registry.npmjs.org/is-installed-globally/-/is-installed-globally-0.1.0.tgz",
      "integrity": "sha1-Df2Y9akRFxbdU13aZJL2e/PSWoA=",
      "requires": {
        "global-dirs": "0.1.0",
        "is-path-inside": "1.0.0"
      }
    },
    "is-npm": {
      "version": "1.0.0",
      "resolved": "https://registry.npmjs.org/is-npm/-/is-npm-1.0.0.tgz",
      "integrity": "sha1-8vtjpl5JBbQGyGBydloaTceTufQ="
    },
    "is-obj": {
      "version": "1.0.1",
      "resolved": "https://registry.npmjs.org/is-obj/-/is-obj-1.0.1.tgz",
      "integrity": "sha1-PkcprB9f3gJc19g6iW2rn09n2w8="
    },
    "is-path-inside": {
      "version": "1.0.0",
      "resolved": "https://registry.npmjs.org/is-path-inside/-/is-path-inside-1.0.0.tgz",
      "integrity": "sha1-/AbloWg/vaE95mev9xe7wQpI838=",
      "requires": {
        "path-is-inside": "1.0.2"
      }
    },
    "is-redirect": {
      "version": "1.0.0",
      "resolved": "https://registry.npmjs.org/is-redirect/-/is-redirect-1.0.0.tgz",
      "integrity": "sha1-HQPd7VO9jbDzDCbk+V02/HyH3CQ="
    },
    "is-retry-allowed": {
      "version": "1.1.0",
      "resolved": "https://registry.npmjs.org/is-retry-allowed/-/is-retry-allowed-1.1.0.tgz",
      "integrity": "sha1-EaBgVotnM5REAz0BJaYaINVk+zQ="
    },
    "is-stream": {
      "version": "1.1.0",
      "resolved": "https://registry.npmjs.org/is-stream/-/is-stream-1.1.0.tgz",
      "integrity": "sha1-EtSj3U5o4Lec6428hBc66A2RykQ="
    },
    "is-wsl": {
      "version": "1.1.0",
      "resolved": "https://registry.npmjs.org/is-wsl/-/is-wsl-1.1.0.tgz",
      "integrity": "sha1-HxbkqiKwTRM2tmGIpmrzxgDDpm0="
    },
    "isexe": {
      "version": "2.0.0",
      "resolved": "https://registry.npmjs.org/isexe/-/isexe-2.0.0.tgz",
      "integrity": "sha1-6PvzdNxVb/iUehDcsFctYz8s+hA="
    },
    "jsonfile": {
      "version": "4.0.0",
      "resolved": "https://registry.npmjs.org/jsonfile/-/jsonfile-4.0.0.tgz",
      "integrity": "sha1-h3Gq4HmbZAdrdmQPygWPnBDjPss=",
      "requires": {
        "graceful-fs": "4.1.11"
      }
    },
    "kind-of": {
      "version": "3.2.2",
      "resolved": "https://registry.npmjs.org/kind-of/-/kind-of-3.2.2.tgz",
      "integrity": "sha1-MeohpzS6ubuw8yRm2JOupR5KPGQ=",
      "requires": {
        "is-buffer": "1.1.6"
      }
    },
    "latest-version": {
      "version": "3.1.0",
      "resolved": "https://registry.npmjs.org/latest-version/-/latest-version-3.1.0.tgz",
      "integrity": "sha1-ogU4P+oyKzO1rjsYq+4NwvNW7hU=",
      "requires": {
        "package-json": "4.0.1"
      }
    },
    "lazy-cache": {
      "version": "1.0.4",
      "resolved": "https://registry.npmjs.org/lazy-cache/-/lazy-cache-1.0.4.tgz",
      "integrity": "sha1-odePw6UEdMuAhF07O24dpJpEbo4=",
      "optional": true
    },
    "lodash": {
      "version": "4.17.4",
      "resolved": "https://registry.npmjs.org/lodash/-/lodash-4.17.4.tgz",
      "integrity": "sha1-eCA6TRwyiuHYbcpkYONptX9AVa4="
    },
    "longest": {
      "version": "1.0.1",
      "resolved": "https://registry.npmjs.org/longest/-/longest-1.0.1.tgz",
      "integrity": "sha1-MKCy2jj3N3DoKUoNIuZiXtd9AJc="
    },
    "lowercase-keys": {
      "version": "1.0.0",
      "resolved": "https://registry.npmjs.org/lowercase-keys/-/lowercase-keys-1.0.0.tgz",
      "integrity": "sha1-TjNms55/VFfjXxMkvfb4jQv8cwY="
    },
    "lru-cache": {
      "version": "4.1.1",
      "resolved": "https://registry.npmjs.org/lru-cache/-/lru-cache-4.1.1.tgz",
      "integrity": "sha512-q4spe4KTfsAS1SUHLO0wz8Qiyf1+vMIAgpRYioFYDMNqKfHQbg+AVDH3i4fvpl71/P1L0dBl+fQi+P37UYf0ew==",
      "requires": {
        "pseudomap": "1.0.2",
        "yallist": "2.1.2"
      }
    },
    "make-dir": {
      "version": "1.1.0",
      "resolved": "https://registry.npmjs.org/make-dir/-/make-dir-1.1.0.tgz",
      "integrity": "sha512-0Pkui4wLJ7rxvmfUvs87skoEaxmu0hCUApF8nonzpl7q//FWp9zu8W61Scz4sd/kUiqDxvUhtoam2efDyiBzcA==",
      "requires": {
        "pify": "3.0.0"
      }
    },
    "media-typer": {
      "version": "0.3.0",
      "resolved": "https://registry.npmjs.org/media-typer/-/media-typer-0.3.0.tgz",
      "integrity": "sha1-hxDXrwqmJvj/+hzgAWhUUmMlV0g="
    },
    "micro": {
      "version": "9.0.0",
      "resolved": "https://registry.npmjs.org/micro/-/micro-9.0.0.tgz",
      "integrity": "sha512-yXRiZMviDUGtwIgHi+ON+WCZgzncsrcXN/7lWSewvlBWy8oFQ47JPeMqBWI8uluz6TSon9Hq8ME3QuQHxoujXg==",
      "requires": {
        "is-stream": "1.1.0",
        "media-typer": "0.3.0",
        "mri": "1.1.0",
        "raw-body": "2.3.2"
      }
    },
    "micro-compress": {
      "version": "1.0.0",
      "resolved": "https://registry.npmjs.org/micro-compress/-/micro-compress-1.0.0.tgz",
      "integrity": "sha1-U/WoC0rQMgyhZaVZtuPfFF1PcE8=",
      "requires": {
        "compression": "1.7.1"
      }
    },
    "mime": {
      "version": "1.4.1",
      "resolved": "https://registry.npmjs.org/mime/-/mime-1.4.1.tgz",
      "integrity": "sha512-KI1+qOZu5DcW6wayYHSzR/tXKCDC5Om4s1z2QJjDULzLcmf3DvzS7oluY4HCTrc+9FiKmWUgeNLg7W3uIQvxtQ=="
    },
    "mime-db": {
      "version": "1.30.0",
      "resolved": "https://registry.npmjs.org/mime-db/-/mime-db-1.30.0.tgz",
      "integrity": "sha1-dMZD2i3Z1qRTmZY0ZbJtXKfXHwE="
    },
    "mime-types": {
      "version": "2.1.17",
      "resolved": "https://registry.npmjs.org/mime-types/-/mime-types-2.1.17.tgz",
      "integrity": "sha1-Cdejk/A+mVp5+K+Fe3Cp4KsWVXo=",
      "requires": {
        "mime-db": "1.30.0"
      }
    },
    "minimist": {
      "version": "0.0.10",
      "resolved": "https://registry.npmjs.org/minimist/-/minimist-0.0.10.tgz",
      "integrity": "sha1-3j+YVD2/lggr5IrRoMfNqDYwHc8="
    },
    "mri": {
      "version": "1.1.0",
      "resolved": "https://registry.npmjs.org/mri/-/mri-1.1.0.tgz",
      "integrity": "sha1-XAo/KcjM/7ux7JQdzsCdcfoy82o="
    },
    "ms": {
      "version": "2.0.0",
      "resolved": "https://registry.npmjs.org/ms/-/ms-2.0.0.tgz",
      "integrity": "sha1-VgiurfwAvmwpAd9fmGF4jeDVl8g="
    },
    "negotiator": {
      "version": "0.6.1",
      "resolved": "https://registry.npmjs.org/negotiator/-/negotiator-0.6.1.tgz",
      "integrity": "sha1-KzJxhOiZIQEXeyhWP7XnECrNDKk="
    },
    "node-version": {
      "version": "1.1.0",
      "resolved": "https://registry.npmjs.org/node-version/-/node-version-1.1.0.tgz",
      "integrity": "sha512-t1V2RFiaTavaW3jtQO0A2nok6k7/Gghuvx2rjvICuT0B0dYaObBQ4U0xHL+ZTPFZodt1LMYG2Vi2nypfz4/AJg=="
    },
    "npm-run-path": {
      "version": "2.0.2",
      "resolved": "https://registry.npmjs.org/npm-run-path/-/npm-run-path-2.0.2.tgz",
      "integrity": "sha1-NakjLfo11wZ7TLLd8jV7GHFTbF8=",
      "requires": {
        "path-key": "2.0.1"
      }
    },
    "number-is-nan": {
      "version": "1.0.1",
      "resolved": "https://registry.npmjs.org/number-is-nan/-/number-is-nan-1.0.1.tgz",
      "integrity": "sha1-CXtgK1NCKlIsGvuHkDGDNpQaAR0="
    },
    "on-finished": {
      "version": "2.3.0",
      "resolved": "https://registry.npmjs.org/on-finished/-/on-finished-2.3.0.tgz",
      "integrity": "sha1-IPEzZIGwg811M3mSoWlxqi2QaUc=",
      "requires": {
        "ee-first": "1.1.1"
      }
    },
    "on-headers": {
      "version": "1.0.1",
      "resolved": "https://registry.npmjs.org/on-headers/-/on-headers-1.0.1.tgz",
      "integrity": "sha1-ko9dD0cNSTQmUepnlLCFfBAGk/c="
    },
    "openssl-self-signed-certificate": {
      "version": "1.1.6",
      "resolved": "https://registry.npmjs.org/openssl-self-signed-certificate/-/openssl-self-signed-certificate-1.1.6.tgz",
      "integrity": "sha1-nTpHdrGlfphHNQOSEUrS+RWoPdQ="
    },
    "opn": {
      "version": "5.1.0",
      "resolved": "https://registry.npmjs.org/opn/-/opn-5.1.0.tgz",
      "integrity": "sha512-iPNl7SyM8L30Rm1sjGdLLheyHVw5YXVfi3SKWJzBI7efxRwHojfRFjwE/OLM6qp9xJYMgab8WicTU1cPoY+Hpg==",
      "requires": {
        "is-wsl": "1.1.0"
      }
    },
    "optimist": {
      "version": "0.6.1",
      "resolved": "https://registry.npmjs.org/optimist/-/optimist-0.6.1.tgz",
      "integrity": "sha1-2j6nRob6IaGaERwybpDrFaAZZoY=",
      "requires": {
        "minimist": "0.0.10",
        "wordwrap": "0.0.3"
      }
    },
    "p-finally": {
      "version": "1.0.0",
      "resolved": "https://registry.npmjs.org/p-finally/-/p-finally-1.0.0.tgz",
      "integrity": "sha1-P7z7FbiZpEEjs0ttzBi3JDNqLK4="
    },
    "package-json": {
      "version": "4.0.1",
      "resolved": "https://registry.npmjs.org/package-json/-/package-json-4.0.1.tgz",
      "integrity": "sha1-iGmgQBJTZhxMTKPabCEh7VVfXu0=",
      "requires": {
        "got": "6.7.1",
        "registry-auth-token": "3.3.1",
        "registry-url": "3.1.0",
        "semver": "5.4.1"
      }
    },
    "path-is-inside": {
      "version": "1.0.2",
      "resolved": "https://registry.npmjs.org/path-is-inside/-/path-is-inside-1.0.2.tgz",
      "integrity": "sha1-NlQX3t5EQw0cEa9hAn+s8HS9/FM="
    },
    "path-key": {
      "version": "2.0.1",
      "resolved": "https://registry.npmjs.org/path-key/-/path-key-2.0.1.tgz",
      "integrity": "sha1-QRyttXTFoUDTpLGRDUDYDMn0C0A="
    },
    "path-type": {
      "version": "3.0.0",
      "resolved": "https://registry.npmjs.org/path-type/-/path-type-3.0.0.tgz",
      "integrity": "sha512-T2ZUsdZFHgA3u4e5PfPbjd7HDDpxPnQb5jN0SrDsjNSuVXHJqtwTnWqG0B1jZrgmJ/7lj1EmVIByWt1gxGkWvg==",
      "requires": {
        "pify": "3.0.0"
      }
    },
    "pify": {
      "version": "3.0.0",
      "resolved": "https://registry.npmjs.org/pify/-/pify-3.0.0.tgz",
      "integrity": "sha1-5aSs0sEB/fPZpNB/DbxNtJ3SgXY="
    },
    "pkginfo": {
      "version": "0.4.1",
      "resolved": "https://registry.npmjs.org/pkginfo/-/pkginfo-0.4.1.tgz",
      "integrity": "sha1-tUGO8EOd5UJfxJlQQtztFPsqhP8="
    },
    "prepend-http": {
      "version": "1.0.4",
      "resolved": "https://registry.npmjs.org/prepend-http/-/prepend-http-1.0.4.tgz",
      "integrity": "sha1-1PRWKwzjaW5BrFLQ4ALlemNdxtw="
    },
    "pseudomap": {
      "version": "1.0.2",
      "resolved": "https://registry.npmjs.org/pseudomap/-/pseudomap-1.0.2.tgz",
      "integrity": "sha1-8FKijacOYYkX7wqKw0wa5aaChrM="
    },
    "range-parser": {
      "version": "1.2.0",
      "resolved": "https://registry.npmjs.org/range-parser/-/range-parser-1.2.0.tgz",
      "integrity": "sha1-9JvmtIeJTdxA3MlKMi9hEJLgDV4="
    },
    "raw-body": {
      "version": "2.3.2",
      "resolved": "https://registry.npmjs.org/raw-body/-/raw-body-2.3.2.tgz",
      "integrity": "sha1-vNYMd9Prk83gBQKVw/N5OJvIj4k=",
      "requires": {
        "bytes": "3.0.0",
        "http-errors": "1.6.2",
        "iconv-lite": "0.4.19",
        "unpipe": "1.0.0"
      }
    },
    "rc": {
      "version": "1.2.2",
      "resolved": "https://registry.npmjs.org/rc/-/rc-1.2.2.tgz",
      "integrity": "sha1-2M6ctX6NZNnHut2YdsfDTL48cHc=",
      "requires": {
        "deep-extend": "0.4.2",
        "ini": "1.3.4",
        "minimist": "1.2.0",
        "strip-json-comments": "2.0.1"
      },
      "dependencies": {
        "minimist": {
          "version": "1.2.0",
          "resolved": "https://registry.npmjs.org/minimist/-/minimist-1.2.0.tgz",
          "integrity": "sha1-o1AIsg9BOD7sH7kU9M1d95omQoQ="
        }
      }
    },
    "registry-auth-token": {
      "version": "3.3.1",
      "resolved": "https://registry.npmjs.org/registry-auth-token/-/registry-auth-token-3.3.1.tgz",
      "integrity": "sha1-+w0yie4Nmtosu1KvXf5mywcNMAY=",
      "requires": {
        "rc": "1.2.2",
        "safe-buffer": "5.1.1"
      }
    },
    "registry-url": {
      "version": "3.1.0",
      "resolved": "https://registry.npmjs.org/registry-url/-/registry-url-3.1.0.tgz",
      "integrity": "sha1-PU74cPc93h138M+aOBQyRE4XSUI=",
      "requires": {
        "rc": "1.2.2"
      }
    },
    "repeat-string": {
      "version": "1.6.1",
      "resolved": "https://registry.npmjs.org/repeat-string/-/repeat-string-1.6.1.tgz",
      "integrity": "sha1-jcrkcOHIirwtYA//Sndihtp15jc="
    },
    "right-align": {
      "version": "0.1.3",
      "resolved": "https://registry.npmjs.org/right-align/-/right-align-0.1.3.tgz",
      "integrity": "sha1-YTObci/mo1FWiSENJOFMlhSGE+8=",
      "optional": true,
      "requires": {
        "align-text": "0.1.4"
      }
    },
    "safe-buffer": {
      "version": "5.1.1",
      "resolved": "https://registry.npmjs.org/safe-buffer/-/safe-buffer-5.1.1.tgz",
      "integrity": "sha512-kKvNJn6Mm93gAczWVJg7wH+wGYWNrDHdWvpUmHyEsgCtIwwo3bqPtV4tR5tuPaUhTOo/kvhVwd8XwwOllGYkbg=="
    },
    "semver": {
      "version": "5.4.1",
      "resolved": "https://registry.npmjs.org/semver/-/semver-5.4.1.tgz",
      "integrity": "sha512-WfG/X9+oATh81XtllIo/I8gOiY9EXRdv1cQdyykeXK17YcUW3EXUAi2To4pcH6nZtJPr7ZOpM5OMyWJZm+8Rsg=="
    },
    "semver-diff": {
      "version": "2.1.0",
      "resolved": "https://registry.npmjs.org/semver-diff/-/semver-diff-2.1.0.tgz",
      "integrity": "sha1-S7uEN8jTfksM8aaP1ybsbWRdbTY=",
      "requires": {
        "semver": "5.4.1"
      }
    },
    "send": {
      "version": "0.16.1",
      "resolved": "https://registry.npmjs.org/send/-/send-0.16.1.tgz",
      "integrity": "sha512-ElCLJdJIKPk6ux/Hocwhk7NFHpI3pVm/IZOYWqUmoxcgeyM+MpxHHKhb8QmlJDX1pU6WrgaHBkVNm73Sv7uc2A==",
      "requires": {
        "debug": "2.6.9",
        "depd": "1.1.1",
        "destroy": "1.0.4",
        "encodeurl": "1.0.1",
        "escape-html": "1.0.3",
        "etag": "1.8.1",
        "fresh": "0.5.2",
        "http-errors": "1.6.2",
        "mime": "1.4.1",
        "ms": "2.0.0",
        "on-finished": "2.3.0",
        "range-parser": "1.2.0",
        "statuses": "1.3.1"
      },
      "dependencies": {
        "statuses": {
          "version": "1.3.1",
          "resolved": "https://registry.npmjs.org/statuses/-/statuses-1.3.1.tgz",
          "integrity": "sha1-+vUbnrdKrvOzrPStX2Gr8ky3uT4="
        }
      }
    },
    "serve": {
      "version": "6.4.0",
      "resolved": "https://registry.npmjs.org/serve/-/serve-6.4.0.tgz",
      "integrity": "sha512-Gt6K2NrmMjqX/kk7TuUvuSwZe+fKw86zIosQ5cWhvOyYgxIveRVCvX4loWnihZOLwVpq/0MEYiFI8ost0hWzJg==",
      "requires": {
        "args": "3.0.7",
        "basic-auth": "2.0.0",
        "bluebird": "3.5.1",
        "boxen": "1.2.1",
        "chalk": "2.1.0",
        "clipboardy": "1.1.4",
        "dargs": "5.1.0",
        "detect-port": "1.2.1",
        "filesize": "3.5.10",
        "fs-extra": "4.0.2",
        "handlebars": "4.0.10",
        "ip": "1.1.5",
        "micro": "9.0.0",
        "micro-compress": "1.0.0",
        "mime-types": "2.1.17",
        "node-version": "1.1.0",
        "openssl-self-signed-certificate": "1.1.6",
        "opn": "5.1.0",
        "path-type": "3.0.0",
        "send": "0.16.1",
        "update-notifier": "2.3.0"
      }
    },
    "setprototypeof": {
      "version": "1.0.3",
      "resolved": "https://registry.npmjs.org/setprototypeof/-/setprototypeof-1.0.3.tgz",
      "integrity": "sha1-ZlZ+NwQ+608E2RvWWMDL77VbjgQ="
    },
    "shebang-command": {
      "version": "1.2.0",
      "resolved": "https://registry.npmjs.org/shebang-command/-/shebang-command-1.2.0.tgz",
      "integrity": "sha1-RKrGW2lbAzmJaMOfNj/uXer98eo=",
      "requires": {
        "shebang-regex": "1.0.0"
      }
    },
    "shebang-regex": {
      "version": "1.0.0",
      "resolved": "https://registry.npmjs.org/shebang-regex/-/shebang-regex-1.0.0.tgz",
      "integrity": "sha1-2kL0l0DAtC2yypcoVxyxkMmO/qM="
    },
    "signal-exit": {
      "version": "3.0.2",
      "resolved": "https://registry.npmjs.org/signal-exit/-/signal-exit-3.0.2.tgz",
      "integrity": "sha1-tf3AjxKH6hF4Yo5BXiUTK3NkbG0="
    },
    "source-map": {
      "version": "0.6.1",
      "resolved": "https://registry.npmjs.org/source-map/-/source-map-0.6.1.tgz",
      "integrity": "sha512-UjgapumWlbMhkBgzT7Ykc5YXUT46F0iKu8SGXq0bcwP5dz/h0Plj6enJqjz1Zbq2l5WaqYnrVbwWOWMyF3F47g=="
    },
    "statuses": {
      "version": "1.4.0",
      "resolved": "https://registry.npmjs.org/statuses/-/statuses-1.4.0.tgz",
      "integrity": "sha512-zhSCtt8v2NDrRlPQpCNtw/heZLtfUDqxBM1udqikb/Hbk52LK4nQSwr10u77iopCW5LsyHpuXS0GnEc48mLeew=="
    },
    "string-similarity": {
      "version": "1.2.0",
      "resolved": "https://registry.npmjs.org/string-similarity/-/string-similarity-1.2.0.tgz",
      "integrity": "sha1-11FTyzg4RjGLejmo2SkrtNtOnDA=",
      "requires": {
        "lodash": "4.17.4"
      }
    },
    "string-width": {
      "version": "2.1.1",
      "resolved": "https://registry.npmjs.org/string-width/-/string-width-2.1.1.tgz",
      "integrity": "sha512-nOqH59deCq9SRHlxq1Aw85Jnt4w6KvLKqWVik6oA9ZklXLNIOlqg4F2yrT1MVaTjAqvVwdfeZ7w7aCvJD7ugkw==",
      "requires": {
        "is-fullwidth-code-point": "2.0.0",
        "strip-ansi": "4.0.0"
      }
    },
    "strip-ansi": {
      "version": "4.0.0",
      "resolved": "https://registry.npmjs.org/strip-ansi/-/strip-ansi-4.0.0.tgz",
      "integrity": "sha1-qEeQIusaw2iocTibY1JixQXuNo8=",
      "requires": {
        "ansi-regex": "3.0.0"
      }
    },
    "strip-eof": {
      "version": "1.0.0",
      "resolved": "https://registry.npmjs.org/strip-eof/-/strip-eof-1.0.0.tgz",
      "integrity": "sha1-u0P/VZim6wXYm1n80SnJgzE2Br8="
    },
    "strip-json-comments": {
      "version": "2.0.1",
      "resolved": "https://registry.npmjs.org/strip-json-comments/-/strip-json-comments-2.0.1.tgz",
      "integrity": "sha1-PFMZQukIwml8DsNEhYwobHygpgo="
    },
    "supports-color": {
      "version": "4.5.0",
      "resolved": "https://registry.npmjs.org/supports-color/-/supports-color-4.5.0.tgz",
      "integrity": "sha1-vnoN5ITexcXN34s9WRJQRJEvY1s=",
      "requires": {
        "has-flag": "2.0.0"
      }
    },
    "term-size": {
      "version": "1.2.0",
      "resolved": "https://registry.npmjs.org/term-size/-/term-size-1.2.0.tgz",
      "integrity": "sha1-RYuDiH8oj8Vtb/+/rSYuJmOO+mk=",
      "requires": {
        "execa": "0.7.0"
      }
    },
    "timed-out": {
      "version": "4.0.1",
      "resolved": "https://registry.npmjs.org/timed-out/-/timed-out-4.0.1.tgz",
      "integrity": "sha1-8y6srFoXW+ol1/q1Zas+2HQe9W8="
    },
    "uglify-js": {
      "version": "3.1.6",
      "resolved": "https://registry.npmjs.org/uglify-js/-/uglify-js-3.1.6.tgz",
      "integrity": "sha512-/rseyxEKEVMBo8279lqpoJgD6C/i/CIi+9TJDvWmb+Xo6mqMKwjA8Io3IMHlcXQzj99feR6zrN8m3wqqvm/nYA==",
      "requires": {
        "commander": "2.11.0",
        "source-map": "0.6.1"
      }
    },
    "uglify-to-browserify": {
      "version": "1.0.2",
      "resolved": "https://registry.npmjs.org/uglify-to-browserify/-/uglify-to-browserify-1.0.2.tgz",
      "integrity": "sha1-bgkk1r2mta/jSeOabWMoUKD4grc=",
      "optional": true
    },
    "unique-string": {
      "version": "1.0.0",
      "resolved": "https://registry.npmjs.org/unique-string/-/unique-string-1.0.0.tgz",
      "integrity": "sha1-nhBXzKhRq7kzmPizOuGHuZyuwRo=",
      "requires": {
        "crypto-random-string": "1.0.0"
      }
    },
    "universalify": {
      "version": "0.1.1",
      "resolved": "https://registry.npmjs.org/universalify/-/universalify-0.1.1.tgz",
      "integrity": "sha1-+nG63UQ3r0wUiEHjs7Fl+enlkLc="
    },
    "unpipe": {
      "version": "1.0.0",
      "resolved": "https://registry.npmjs.org/unpipe/-/unpipe-1.0.0.tgz",
      "integrity": "sha1-sr9O6FFKrmFltIF4KdIbLvSZBOw="
    },
    "unzip-response": {
      "version": "2.0.1",
      "resolved": "https://registry.npmjs.org/unzip-response/-/unzip-response-2.0.1.tgz",
      "integrity": "sha1-0vD3N9FrBhXnKmk17QQhRXLVb5c="
    },
    "update-notifier": {
      "version": "2.3.0",
      "resolved": "https://registry.npmjs.org/update-notifier/-/update-notifier-2.3.0.tgz",
      "integrity": "sha1-TognpruRUUCrCTVZ1wFOPruDdFE=",
      "requires": {
        "boxen": "1.2.1",
        "chalk": "2.1.0",
        "configstore": "3.1.1",
        "import-lazy": "2.1.0",
        "is-installed-globally": "0.1.0",
        "is-npm": "1.0.0",
        "latest-version": "3.1.0",
        "semver-diff": "2.1.0",
        "xdg-basedir": "3.0.0"
      }
    },
    "url-parse-lax": {
      "version": "1.0.0",
      "resolved": "https://registry.npmjs.org/url-parse-lax/-/url-parse-lax-1.0.0.tgz",
      "integrity": "sha1-evjzA2Rem9eaJy56FKxovAYJ2nM=",
      "requires": {
        "prepend-http": "1.0.4"
      }
    },
    "vary": {
      "version": "1.1.2",
      "resolved": "https://registry.npmjs.org/vary/-/vary-1.1.2.tgz",
      "integrity": "sha1-IpnwLG3tMNSllhsLn3RSShj2NPw="
    },
    "which": {
      "version": "1.3.0",
      "resolved": "https://registry.npmjs.org/which/-/which-1.3.0.tgz",
      "integrity": "sha512-xcJpopdamTuY5duC/KnTTNBraPK54YwpenP4lzxU8H91GudWpFv38u0CKjclE1Wi2EH2EDz5LRcHcKbCIzqGyg==",
      "requires": {
        "isexe": "2.0.0"
      }
    },
    "widest-line": {
      "version": "1.0.0",
      "resolved": "https://registry.npmjs.org/widest-line/-/widest-line-1.0.0.tgz",
      "integrity": "sha1-DAnIXCqUaD0Nfq+O4JfVZL8OEFw=",
      "requires": {
        "string-width": "1.0.2"
      },
      "dependencies": {
        "ansi-regex": {
          "version": "2.1.1",
          "resolved": "https://registry.npmjs.org/ansi-regex/-/ansi-regex-2.1.1.tgz",
          "integrity": "sha1-w7M6te42DYbg5ijwRorn7yfWVN8="
        },
        "is-fullwidth-code-point": {
          "version": "1.0.0",
          "resolved": "https://registry.npmjs.org/is-fullwidth-code-point/-/is-fullwidth-code-point-1.0.0.tgz",
          "integrity": "sha1-754xOG8DGn8NZDr4L95QxFfvAMs=",
          "requires": {
            "number-is-nan": "1.0.1"
          }
        },
        "string-width": {
          "version": "1.0.2",
          "resolved": "https://registry.npmjs.org/string-width/-/string-width-1.0.2.tgz",
          "integrity": "sha1-EYvfW4zcUaKn5w0hHgfisLmxB9M=",
          "requires": {
            "code-point-at": "1.1.0",
            "is-fullwidth-code-point": "1.0.0",
            "strip-ansi": "3.0.1"
          }
        },
        "strip-ansi": {
          "version": "3.0.1",
          "resolved": "https://registry.npmjs.org/strip-ansi/-/strip-ansi-3.0.1.tgz",
          "integrity": "sha1-ajhfuIU9lS1f8F0Oiq+UJ43GPc8=",
          "requires": {
            "ansi-regex": "2.1.1"
          }
        }
      }
    },
    "window-size": {
      "version": "0.1.0",
      "resolved": "https://registry.npmjs.org/window-size/-/window-size-0.1.0.tgz",
      "integrity": "sha1-VDjNLqk7IC76Ohn+iIeu58lPnJ0=",
      "optional": true
    },
    "wordwrap": {
      "version": "0.0.3",
      "resolved": "https://registry.npmjs.org/wordwrap/-/wordwrap-0.0.3.tgz",
      "integrity": "sha1-o9XabNXAvAAI03I0u68b7WMFkQc="
    },
    "write-file-atomic": {
      "version": "2.3.0",
      "resolved": "https://registry.npmjs.org/write-file-atomic/-/write-file-atomic-2.3.0.tgz",
      "integrity": "sha512-xuPeK4OdjWqtfi59ylvVL0Yn35SF3zgcAcv7rBPFHVaEapaDr4GdGgm3j7ckTwH9wHL7fGmgfAnb0+THrHb8tA==",
      "requires": {
        "graceful-fs": "4.1.11",
        "imurmurhash": "0.1.4",
        "signal-exit": "3.0.2"
      }
    },
    "xdg-basedir": {
      "version": "3.0.0",
      "resolved": "https://registry.npmjs.org/xdg-basedir/-/xdg-basedir-3.0.0.tgz",
      "integrity": "sha1-SWsswQnsqNus/i3HK2A8F8WHCtQ="
    },
    "yallist": {
      "version": "2.1.2",
      "resolved": "https://registry.npmjs.org/yallist/-/yallist-2.1.2.tgz",
      "integrity": "sha1-HBH5IY8HYImkfdUS+TxmmaaoHVI="
    },
    "yargs": {
      "version": "3.10.0",
      "resolved": "https://registry.npmjs.org/yargs/-/yargs-3.10.0.tgz",
      "integrity": "sha1-9+572FfdfB0tOMDnTvvWgdFDH9E=",
      "optional": true,
      "requires": {
        "camelcase": "1.2.1",
        "cliui": "2.1.0",
        "decamelize": "1.2.0",
        "window-size": "0.1.0"
      },
      "dependencies": {
        "camelcase": {
          "version": "1.2.1",
          "resolved": "https://registry.npmjs.org/camelcase/-/camelcase-1.2.1.tgz",
          "integrity": "sha1-m7UwTS4LVmmLLHWLCKPqqdqlijk=",
          "optional": true
        }
      }
    }
  }
}
