{
	"name": "@bugsnag/plugin-restify",
	"version": "8.0.0-alpha.8",
	"lockfileVersion": 2,
	"requires": true,
	"packages": {
		"": {
			"name": "@bugsnag/plugin-restify",
			"version": "8.0.0-alpha.1",
			"license": "MIT",
			"dependencies": {
				"iserror": "^0.0.2"
			},
			"devDependencies": {
				"@types/restify": "^8.4.2"
			},
			"peerDependencies": {
				"@bugsnag/core": "^8"
			}
		},
		"node_modules/@types/bunyan": {
			"version": "1.8.6",
			"resolved": "https://registry.npmjs.org/@types/bunyan/-/bunyan-1.8.6.tgz",
			"integrity": "sha512-YiozPOOsS6bIuz31ilYqR5SlLif4TBWsousN2aCWLi5233nZSX19tFbcQUPdR7xJ8ypPyxkCGNxg0CIV5n9qxQ==",
			"dev": true,
			"dependencies": {
				"@types/node": "*"
			}
		},
		"node_modules/@types/events": {
			"version": "3.0.0",
			"resolved": "https://registry.npmjs.org/@types/events/-/events-3.0.0.tgz",
			"integrity": "sha512-EaObqwIvayI5a8dCzhFrjKzVwKLxjoG9T6Ppd5CEo07LRKfQ8Yokw54r5+Wq7FaBQ+yXRvQAYPrHwya1/UFt9g==",
			"dev": true
		},
		"node_modules/@types/formidable": {
			"version": "1.0.31",
			"resolved": "https://registry.npmjs.org/@types/formidable/-/formidable-1.0.31.tgz",
			"integrity": "sha512-dIhM5t8lRP0oWe2HF8MuPvdd1TpPTjhDMAqemcq6oIZQCBQTovhBAdTQ5L5veJB4pdQChadmHuxtB0YzqvfU3Q==",
			"dev": true,
			"dependencies": {
				"@types/events": "*",
				"@types/node": "*"
			}
		},
		"node_modules/@types/node": {
			"version": "14.0.1",
			"resolved": "https://registry.npmjs.org/@types/node/-/node-14.0.1.tgz",
			"integrity": "sha512-FAYBGwC+W6F9+huFIDtn43cpy7+SzG+atzRiTfdp3inUKL2hXnd4rG8hylJLIh4+hqrQy1P17kvJByE/z825hA==",
			"dev": true
		},
		"node_modules/@types/restify": {
			"version": "8.4.2",
			"resolved": "https://registry.npmjs.org/@types/restify/-/restify-8.4.2.tgz",
			"integrity": "sha512-jdXB0IrsigqMccBMs3a2kBUUAlYTbjLCbfC63sI00rwTXc+B4UQniGkAJCGS27CAxwkJFAFXzpk0msOQtQ1RXA==",
			"dev": true,
			"dependencies": {
				"@types/bunyan": "*",
				"@types/formidable": "*",
				"@types/node": "*",
				"@types/spdy": "*"
			}
		},
		"node_modules/@types/spdy": {
			"version": "3.4.4",
			"resolved": "https://registry.npmjs.org/@types/spdy/-/spdy-3.4.4.tgz",
			"integrity": "sha512-N9LBlbVRRYq6HgYpPkqQc3a9HJ/iEtVZToW6xlTtJiMhmRJ7jJdV7TaZQJw/Ve/1ePUsQiCTDc4JMuzzag94GA==",
			"dev": true,
			"dependencies": {
				"@types/node": "*"
			}
		},
		"node_modules/iserror": {
			"version": "0.0.2",
			"resolved": "https://registry.npmjs.org/iserror/-/iserror-0.0.2.tgz",
			"integrity": "sha1-vVNFH+L2aLnyQCwZZnh6qix8C/U="
		}
	},
	"dependencies": {
		"@types/bunyan": {
			"version": "1.8.6",
			"resolved": "https://registry.npmjs.org/@types/bunyan/-/bunyan-1.8.6.tgz",
			"integrity": "sha512-YiozPOOsS6bIuz31ilYqR5SlLif4TBWsousN2aCWLi5233nZSX19tFbcQUPdR7xJ8ypPyxkCGNxg0CIV5n9qxQ==",
			"dev": true,
			"requires": {
				"@types/node": "*"
			}
		},
		"@types/events": {
			"version": "3.0.0",
			"resolved": "https://registry.npmjs.org/@types/events/-/events-3.0.0.tgz",
			"integrity": "sha512-EaObqwIvayI5a8dCzhFrjKzVwKLxjoG9T6Ppd5CEo07LRKfQ8Yokw54r5+Wq7FaBQ+yXRvQAYPrHwya1/UFt9g==",
			"dev": true
		},
		"@types/formidable": {
			"version": "1.0.31",
			"resolved": "https://registry.npmjs.org/@types/formidable/-/formidable-1.0.31.tgz",
			"integrity": "sha512-dIhM5t8lRP0oWe2HF8MuPvdd1TpPTjhDMAqemcq6oIZQCBQTovhBAdTQ5L5veJB4pdQChadmHuxtB0YzqvfU3Q==",
			"dev": true,
			"requires": {
				"@types/events": "*",
				"@types/node": "*"
			}
		},
		"@types/node": {
			"version": "14.0.1",
			"resolved": "https://registry.npmjs.org/@types/node/-/node-14.0.1.tgz",
			"integrity": "sha512-FAYBGwC+W6F9+huFIDtn43cpy7+SzG+atzRiTfdp3inUKL2hXnd4rG8hylJLIh4+hqrQy1P17kvJByE/z825hA==",
			"dev": true
		},
		"@types/restify": {
			"version": "8.4.2",
			"resolved": "https://registry.npmjs.org/@types/restify/-/restify-8.4.2.tgz",
			"integrity": "sha512-jdXB0IrsigqMccBMs3a2kBUUAlYTbjLCbfC63sI00rwTXc+B4UQniGkAJCGS27CAxwkJFAFXzpk0msOQtQ1RXA==",
			"dev": true,
			"requires": {
				"@types/bunyan": "*",
				"@types/formidable": "*",
				"@types/node": "*",
				"@types/spdy": "*"
			}
		},
		"@types/spdy": {
			"version": "3.4.4",
			"resolved": "https://registry.npmjs.org/@types/spdy/-/spdy-3.4.4.tgz",
			"integrity": "sha512-N9LBlbVRRYq6HgYpPkqQc3a9HJ/iEtVZToW6xlTtJiMhmRJ7jJdV7TaZQJw/Ve/1ePUsQiCTDc4JMuzzag94GA==",
			"dev": true,
			"requires": {
				"@types/node": "*"
			}
		},
		"iserror": {
			"version": "0.0.2",
			"resolved": "https://registry.npmjs.org/iserror/-/iserror-0.0.2.tgz",
			"integrity": "sha1-vVNFH+L2aLnyQCwZZnh6qix8C/U="
		}
	}
}
