{
  "name": "bugsnag-js-example",
  "version": "1.0.0",
  "lockfileVersion": 1,
  "requires": true,
  "dependencies": {
    "@bugsnag/browser": {
      "version": "7.0.0",
      "resolved": "https://bugsnag.jfrog.io/artifactory/api/npm/platforms-npm-virtual/@bugsnag/browser/-/browser-7.0.0.tgz",
      "integrity": "sha1-wIl4FfzUQNNVbAWGrF0aYNs0HO8="
    },
    "@bugsnag/js": {
      "version": "7.0.0",
      "resolved": "https://bugsnag.jfrog.io/artifactory/api/npm/platforms-npm-virtual/@bugsnag/js/-/js-7.0.0.tgz",
      "integrity": "sha1-/pziBbn1cd8aMczHpxPM/oeUfoY=",
      "requires": {
        "@bugsnag/browser": "^7.0.0",
        "@bugsnag/node": "^7.0.0"
      }
    },
    "@bugsnag/node": {
      "version": "7.0.0",
      "resolved": "https://bugsnag.jfrog.io/artifactory/api/npm/platforms-npm-virtual/@bugsnag/node/-/node-7.0.0.tgz",
      "integrity": "sha1-mRAs9AksJ6rl7Qt3EpP1CJVA68Y=",
      "requires": {
        "byline": "^5.0.0",
        "error-stack-parser": "^2.0.2",
        "iserror": "^0.0.2",
        "pump": "^3.0.0",
        "stack-generator": "^2.0.3"
      }
    },
    "@types/node": {
      "version": "10.11.3",
      "resolved": "https://registry.npmjs.org/@types/node/-/node-10.11.3.tgz",
      "integrity": "sha512-3AvcEJAh9EMatxs+OxAlvAEs7OTy6AG94mcH1iqyVDwVVndekLxzwkWQ/Z4SDbY6GO2oyUXyWW8tQ4rENSSQVQ=="
    },
    "byline": {
      "version": "5.0.0",
      "resolved": "https://bugsnag.jfrog.io/artifactory/api/npm/platforms-npm-virtual/byline/-/byline-5.0.0.tgz",
      "integrity": "sha1-dBxSFkaOrcRXsDQQEYrXfejB3bE="
    },
    "end-of-stream": {
      "version": "1.4.4",
      "resolved": "https://bugsnag.jfrog.io/artifactory/api/npm/platforms-npm-virtual/end-of-stream/-/end-of-stream-1.4.4.tgz",
      "integrity": "sha1-WuZKX0UFe682JuwU2gyl5LJDHrA=",
      "requires": {
        "once": "^1.4.0"
      }
    },
    "error-stack-parser": {
      "version": "2.0.6",
      "resolved": "https://bugsnag.jfrog.io/artifactory/api/npm/platforms-npm-virtual/error-stack-parser/-/error-stack-parser-2.0.6.tgz",
      "integrity": "sha1-WpmnB716TFinl5AtSNgoA+3mqtg=",
      "requires": {
        "stackframe": "^1.1.1"
      }
    },
    "iserror": {
      "version": "0.0.2",
      "resolved": "https://bugsnag.jfrog.io/artifactory/api/npm/platforms-npm-virtual/iserror/-/iserror-0.0.2.tgz",
      "integrity": "sha1-vVNFH+L2aLnyQCwZZnh6qix8C/U="
    },
    "once": {
      "version": "1.4.0",
      "resolved": "https://bugsnag.jfrog.io/artifactory/api/npm/platforms-npm-virtual/once/-/once-1.4.0.tgz",
      "integrity": "sha1-WDsap3WWHUsROsF9nFC6753Xa9E=",
      "requires": {
        "wrappy": "1"
      }
    },
    "pump": {
      "version": "3.0.0",
      "resolved": "https://bugsnag.jfrog.io/artifactory/api/npm/platforms-npm-virtual/pump/-/pump-3.0.0.tgz",
      "integrity": "sha1-tKIRaBW94vTh6mAjVOjHVWUQemQ=",
      "requires": {
        "end-of-stream": "^1.1.0",
        "once": "^1.3.1"
      }
    },
    "stack-generator": {
      "version": "2.0.5",
      "resolved": "https://bugsnag.jfrog.io/artifactory/api/npm/platforms-npm-virtual/stack-generator/-/stack-generator-2.0.5.tgz",
      "integrity": "sha1-+wDltO6X3mA+B3PqeM6UTYFZbDY=",
      "requires": {
        "stackframe": "^1.1.1"
      }
    },
    "stackframe": {
      "version": "1.1.1",
      "resolved": "https://bugsnag.jfrog.io/artifactory/api/npm/platforms-npm-virtual/stackframe/-/stackframe-1.1.1.tgz",
      "integrity": "sha1-/+8KMxixtgw7WFZJiaylZgcp7HE="
    },
    "typescript": {
      "version": "3.1.1",
      "resolved": "https://registry.npmjs.org/typescript/-/typescript-3.1.1.tgz",
      "integrity": "sha512-Veu0w4dTc/9wlWNf2jeRInNodKlcdLgemvPsrNpfu5Pq39sgfFjvIIgTsvUHCoLBnMhPoUA+tFxsXjU6VexVRQ=="
    },
    "wrappy": {
      "version": "1.0.2",
      "resolved": "https://bugsnag.jfrog.io/artifactory/api/npm/platforms-npm-virtual/wrappy/-/wrappy-1.0.2.tgz",
      "integrity": "sha1-tSQ9jz7BqjXxNkYFvA0QNuMKtp8="
    }
  }
}
