{
	"name": "bugsnag-expo-cli",
	"version": "7.15.1",
	"lockfileVersion": 2,
	"requires": true,
	"packages": {
		"": {
			"name": "bugsnag-expo-cli",
			"version": "7.14.0",
			"license": "MIT",
			"dependencies": {
				"command-line-args": "^5.0.2",
				"kleur": "^3.0.2",
				"prompts": "^2.0.4",
				"semver": "^6.3.0"
			},
			"bin": {
				"bugsnag-expo-cli": "cli.js"
			},
			"devDependencies": {
				"uuid": "^8.3.1"
			}
		},
		"node_modules/array-back": {
			"version": "3.0.1",
			"resolved": "https://registry.npmjs.org/array-back/-/array-back-3.0.1.tgz",
			"integrity": "sha512-nzD+aqgQPTZlUGH6tE8JEjYPpnuBUFghPbq6zEWBHUmCHGQKWD9pf1PIuc2bMBtzi2OoIaoTJwgBV3h0ztdrFg==",
			"engines": {
				"node": ">=6"
			}
		},
		"node_modules/command-line-args": {
			"version": "5.1.1",
			"resolved": "https://registry.npmjs.org/command-line-args/-/command-line-args-5.1.1.tgz",
			"integrity": "sha512-hL/eG8lrll1Qy1ezvkant+trihbGnaKaeEjj6Scyr3DN+RC7iQ5Rz84IeLERfAWDGo0HBSNAakczwgCilDXnWg==",
			"dependencies": {
				"array-back": "^3.0.1",
				"find-replace": "^3.0.0",
				"lodash.camelcase": "^4.3.0",
				"typical": "^4.0.0"
			},
			"engines": {
				"node": ">=4.0.0"
			}
		},
		"node_modules/find-replace": {
			"version": "3.0.0",
			"resolved": "https://registry.npmjs.org/find-replace/-/find-replace-3.0.0.tgz",
			"integrity": "sha512-6Tb2myMioCAgv5kfvP5/PkZZ/ntTpVK39fHY7WkWBgvbeE+VHd/tZuZ4mrC+bxh4cfOZeYKVPaJIZtZXV7GNCQ==",
			"dependencies": {
				"array-back": "^3.0.1"
			},
			"engines": {
				"node": ">=4.0.0"
			}
		},
		"node_modules/kleur": {
			"version": "3.0.2",
			"resolved": "https://registry.npmjs.org/kleur/-/kleur-3.0.2.tgz",
			"integrity": "sha512-3h7B2WRT5LNXOtQiAaWonilegHcPSf9nLVXlSTci8lu1dZUuui61+EsPEZqSVxY7rXYmB2DVKMQILxaO5WL61Q==",
			"engines": {
				"node": ">=6"
			}
		},
		"node_modules/lodash.camelcase": {
			"version": "4.3.0",
			"resolved": "https://registry.npmjs.org/lodash.camelcase/-/lodash.camelcase-4.3.0.tgz",
			"integrity": "sha1-soqmKIorn8ZRA1x3EfZathkDMaY="
		},
		"node_modules/prompts": {
			"version": "2.0.4",
			"resolved": "https://registry.npmjs.org/prompts/-/prompts-2.0.4.tgz",
			"integrity": "sha512-HTzM3UWp/99A0gk51gAegwo1QRYA7xjcZufMNe33rCclFszUYAuHe1fIN/3ZmiHeGPkUsNaRyQm1hHOfM0PKxA==",
			"dependencies": {
				"kleur": "^3.0.2",
				"sisteransi": "^1.0.0"
			},
			"engines": {
				"node": ">= 6"
			}
		},
		"node_modules/semver": {
			"version": "6.3.0",
			"resolved": "https://registry.npmjs.org/semver/-/semver-6.3.0.tgz",
			"integrity": "sha512-b39TBaTSfV6yBrapU89p5fKekE2m/NwnDocOVruQFS1/veMgdzuPcnOM34M6CwxW8jH/lxEa5rBoDeUwu5HHTw==",
			"bin": {
				"semver": "bin/semver.js"
			}
		},
		"node_modules/sisteransi": {
			"version": "1.0.0",
			"resolved": "https://registry.npmjs.org/sisteransi/-/sisteransi-1.0.0.tgz",
			"integrity": "sha512-N+z4pHB4AmUv0SjveWRd6q1Nj5w62m5jodv+GD8lvmbY/83T/rpbJGZOnK5T149OldDj4Db07BSv9xY4K6NTPQ=="
		},
		"node_modules/typical": {
			"version": "4.0.0",
			"resolved": "https://registry.npmjs.org/typical/-/typical-4.0.0.tgz",
			"integrity": "sha512-VAH4IvQ7BDFYglMd7BPRDfLgxZZX4O4TFcRDA6EN5X7erNJJq+McIEp8np9aVtxrCJ6qx4GTYVfOWNjcqwZgRw==",
			"engines": {
				"node": ">=8"
			}
		},
		"node_modules/uuid": {
			"version": "8.3.1",
			"resolved": "https://registry.npmjs.org/uuid/-/uuid-8.3.1.tgz",
			"integrity": "sha512-FOmRr+FmWEIG8uhZv6C2bTgEVXsHk08kE7mPlrBbEe+c3r9pjceVPgupIfNIhc4yx55H69OXANrUaSuu9eInKg==",
			"dev": true,
			"bin": {
				"uuid": "dist/bin/uuid"
			}
		}
	},
	"dependencies": {
		"array-back": {
			"version": "3.0.1",
			"resolved": "https://registry.npmjs.org/array-back/-/array-back-3.0.1.tgz",
			"integrity": "sha512-nzD+aqgQPTZlUGH6tE8JEjYPpnuBUFghPbq6zEWBHUmCHGQKWD9pf1PIuc2bMBtzi2OoIaoTJwgBV3h0ztdrFg=="
		},
		"command-line-args": {
			"version": "5.1.1",
			"resolved": "https://registry.npmjs.org/command-line-args/-/command-line-args-5.1.1.tgz",
			"integrity": "sha512-hL/eG8lrll1Qy1ezvkant+trihbGnaKaeEjj6Scyr3DN+RC7iQ5Rz84IeLERfAWDGo0HBSNAakczwgCilDXnWg==",
			"requires": {
				"array-back": "^3.0.1",
				"find-replace": "^3.0.0",
				"lodash.camelcase": "^4.3.0",
				"typical": "^4.0.0"
			}
		},
		"find-replace": {
			"version": "3.0.0",
			"resolved": "https://registry.npmjs.org/find-replace/-/find-replace-3.0.0.tgz",
			"integrity": "sha512-6Tb2myMioCAgv5kfvP5/PkZZ/ntTpVK39fHY7WkWBgvbeE+VHd/tZuZ4mrC+bxh4cfOZeYKVPaJIZtZXV7GNCQ==",
			"requires": {
				"array-back": "^3.0.1"
			}
		},
		"kleur": {
			"version": "3.0.2",
			"resolved": "https://registry.npmjs.org/kleur/-/kleur-3.0.2.tgz",
			"integrity": "sha512-3h7B2WRT5LNXOtQiAaWonilegHcPSf9nLVXlSTci8lu1dZUuui61+EsPEZqSVxY7rXYmB2DVKMQILxaO5WL61Q=="
		},
		"lodash.camelcase": {
			"version": "4.3.0",
			"resolved": "https://registry.npmjs.org/lodash.camelcase/-/lodash.camelcase-4.3.0.tgz",
			"integrity": "sha1-soqmKIorn8ZRA1x3EfZathkDMaY="
		},
		"prompts": {
			"version": "2.0.4",
			"resolved": "https://registry.npmjs.org/prompts/-/prompts-2.0.4.tgz",
			"integrity": "sha512-HTzM3UWp/99A0gk51gAegwo1QRYA7xjcZufMNe33rCclFszUYAuHe1fIN/3ZmiHeGPkUsNaRyQm1hHOfM0PKxA==",
			"requires": {
				"kleur": "^3.0.2",
				"sisteransi": "^1.0.0"
			}
		},
		"semver": {
			"version": "6.3.0",
			"resolved": "https://registry.npmjs.org/semver/-/semver-6.3.0.tgz",
			"integrity": "sha512-b39TBaTSfV6yBrapU89p5fKekE2m/NwnDocOVruQFS1/veMgdzuPcnOM34M6CwxW8jH/lxEa5rBoDeUwu5HHTw=="
		},
		"sisteransi": {
			"version": "1.0.0",
			"resolved": "https://registry.npmjs.org/sisteransi/-/sisteransi-1.0.0.tgz",
			"integrity": "sha512-N+z4pHB4AmUv0SjveWRd6q1Nj5w62m5jodv+GD8lvmbY/83T/rpbJGZOnK5T149OldDj4Db07BSv9xY4K6NTPQ=="
		},
		"typical": {
			"version": "4.0.0",
			"resolved": "https://registry.npmjs.org/typical/-/typical-4.0.0.tgz",
			"integrity": "sha512-VAH4IvQ7BDFYglMd7BPRDfLgxZZX4O4TFcRDA6EN5X7erNJJq+McIEp8np9aVtxrCJ6qx4GTYVfOWNjcqwZgRw=="
		},
		"uuid": {
			"version": "8.3.1",
			"resolved": "https://registry.npmjs.org/uuid/-/uuid-8.3.1.tgz",
			"integrity": "sha512-FOmRr+FmWEIG8uhZv6C2bTgEVXsHk08kE7mPlrBbEe+c3r9pjceVPgupIfNIhc4yx55H69OXANrUaSuu9eInKg==",
			"dev": true
		}
	}
}
