// !$*UTF8*$!
{
	archiveVersion = 1;
	classes = {
	};
	objectVersion = 54;
	objects = {

/* Begin PBXBuildFile section */
		00E356F31AD99517003FC87E /* reactnativeTests.m in Sources */ = {isa = PBXBuildFile; fileRef = 00E356F21AD99517003FC87E /* reactnativeTests.m */; };
		0997327CB03F351B3591C2CF /* libPods-reactnative.a in Frameworks */ = {isa = PBXBuildFile; fileRef = 1575199CD4FD626E6A7EF118 /* libPods-reactnative.a */; };
		13B07FBC1A68108700A75B9A /* AppDelegate.m in Sources */ = {isa = PBXBuildFile; fileRef = 13B07FB01A68108700A75B9A /* AppDelegate.m */; };
		13B07FBF1A68108700A75B9A /* Images.xcassets in Resources */ = {isa = PBXBuildFile; fileRef = 13B07FB51A68108700A75B9A /* Images.xcassets */; };
		13B07FC11A68108700A75B9A /* main.m in Sources */ = {isa = PBXBuildFile; fileRef = 13B07FB71A68108700A75B9A /* main.m */; };
		81AB9BB82411601600AC10FF /* LaunchScreen.storyboard in Resources */ = {isa = PBXBuildFile; fileRef = 81AB9BB72411601600AC10FF /* LaunchScreen.storyboard */; };
		AA60280326703021000EBABD /* BugsnagModule.m in Sources */ = {isa = PBXBuildFile; fileRef = AA60280026703020000EBABD /* BugsnagModule.m */; };
		AA6028B32670A077000EBABD /* NativeStackHandledScenario.swift in Sources */ = {isa = PBXBuildFile; fileRef = AA6028942670A076000EBABD /* NativeStackHandledScenario.swift */; };
		AA6028B42670A077000EBABD /* PauseSessionScenario.m in Sources */ = {isa = PBXBuildFile; fileRef = AA6028952670A076000EBABD /* PauseSessionScenario.m */; };
		AA6028B52670A077000EBABD /* BreadcrumbsNativeManualScenario.m in Sources */ = {isa = PBXBuildFile; fileRef = AA6028982670A076000EBABD /* BreadcrumbsNativeManualScenario.m */; };
		AA6028B62670A077000EBABD /* AppNativeHandledScenario.m in Sources */ = {isa = PBXBuildFile; fileRef = AA60289C2670A077000EBABD /* AppNativeHandledScenario.m */; };
		AA6028B72670A077000EBABD /* DeviceNativeHandledScenario.m in Sources */ = {isa = PBXBuildFile; fileRef = AA60289D2670A077000EBABD /* DeviceNativeHandledScenario.m */; };
		AA6028B82670A077000EBABD /* UserNativeClientScenario.m in Sources */ = {isa = PBXBuildFile; fileRef = AA60289F2670A077000EBABD /* UserNativeClientScenario.m */; };
		AA6028B92670A077000EBABD /* UnhandledNativeErrorScenario.m in Sources */ = {isa = PBXBuildFile; fileRef = AA6028A02670A077000EBABD /* UnhandledNativeErrorScenario.m */; };
		AA6028BA2670A077000EBABD /* StartSessionScenario.m in Sources */ = {isa = PBXBuildFile; fileRef = AA6028A32670A077000EBABD /* StartSessionScenario.m */; };
		AA6028BB2670A077000EBABD /* NativeStackUnhandledScenario.m in Sources */ = {isa = PBXBuildFile; fileRef = AA6028A42670A077000EBABD /* NativeStackUnhandledScenario.m */; };
		AA6028BC2670A077000EBABD /* AppNativeUnhandledScenario.m in Sources */ = {isa = PBXBuildFile; fileRef = AA6028A52670A077000EBABD /* AppNativeUnhandledScenario.m */; };
		AA6028BD2670A077000EBABD /* ResumeSessionScenario.m in Sources */ = {isa = PBXBuildFile; fileRef = AA6028A62670A077000EBABD /* ResumeSessionScenario.m */; };
		AA6028BE2670A077000EBABD /* MetadataNativeScenario.m in Sources */ = {isa = PBXBuildFile; fileRef = AA6028A82670A077000EBABD /* MetadataNativeScenario.m */; };
		AA6028BF2670A077000EBABD /* DeviceNativeUnhandledScenario.m in Sources */ = {isa = PBXBuildFile; fileRef = AA6028A92670A077000EBABD /* DeviceNativeUnhandledScenario.m */; };
		AA6028C02670A077000EBABD /* HandledNativeErrorScenario.m in Sources */ = {isa = PBXBuildFile; fileRef = AA6028AB2670A077000EBABD /* HandledNativeErrorScenario.m */; };
		AA6028C12670A077000EBABD /* ContextNativeCustomScenario.m in Sources */ = {isa = PBXBuildFile; fileRef = AA6028AC2670A077000EBABD /* ContextNativeCustomScenario.m */; };
		AA6028C22670A077000EBABD /* Scenario.m in Sources */ = {isa = PBXBuildFile; fileRef = AA6028AE2670A077000EBABD /* Scenario.m */; };
		AA6028C32670A077000EBABD /* MetadataNativeUnhandledScenario.m in Sources */ = {isa = PBXBuildFile; fileRef = AA6028AF2670A077000EBABD /* MetadataNativeUnhandledScenario.m */; };
		BBC7504857FCDDE709119A4A /* libPods-reactnative-reactnativeTests.a in Frameworks */ = {isa = PBXBuildFile; fileRef = D28820685EC358AD5712D804 /* libPods-reactnative-reactnativeTests.a */; };
/* End PBXBuildFile section */

/* Begin PBXContainerItemProxy section */
		00E356F41AD99517003FC87E /* PBXContainerItemProxy */ = {
			isa = PBXContainerItemProxy;
			containerPortal = 83CBB9F71A601CBA00E9B192 /* Project object */;
			proxyType = 1;
			remoteGlobalIDString = 13B07F861A680F5B00A75B9A;
			remoteInfo = reactnative;
		};
/* End PBXContainerItemProxy section */

/* Begin PBXFileReference section */
		00E356EE1AD99517003FC87E /* reactnativeTests.xctest */ = {isa = PBXFileReference; explicitFileType = wrapper.cfbundle; includeInIndex = 0; path = reactnativeTests.xctest; sourceTree = BUILT_PRODUCTS_DIR; };
		00E356F11AD99517003FC87E /* Info.plist */ = {isa = PBXFileReference; lastKnownFileType = text.plist.xml; path = Info.plist; sourceTree = "<group>"; };
		00E356F21AD99517003FC87E /* reactnativeTests.m */ = {isa = PBXFileReference; lastKnownFileType = sourcecode.c.objc; path = reactnativeTests.m; sourceTree = "<group>"; };
		1178114A1DE1E520573F4641 /* Pods-reactnative-reactnativeTests.debug.xcconfig */ = {isa = PBXFileReference; includeInIndex = 1; lastKnownFileType = text.xcconfig; name = "Pods-reactnative-reactnativeTests.debug.xcconfig"; path = "Target Support Files/Pods-reactnative-reactnativeTests/Pods-reactnative-reactnativeTests.debug.xcconfig"; sourceTree = "<group>"; };
		13B07F961A680F5B00A75B9A /* reactnative.app */ = {isa = PBXFileReference; explicitFileType = wrapper.application; includeInIndex = 0; path = reactnative.app; sourceTree = BUILT_PRODUCTS_DIR; };
		13B07FAF1A68108700A75B9A /* AppDelegate.h */ = {isa = PBXFileReference; fileEncoding = 4; lastKnownFileType = sourcecode.c.h; name = AppDelegate.h; path = reactnative/AppDelegate.h; sourceTree = "<group>"; };
		13B07FB01A68108700A75B9A /* AppDelegate.m */ = {isa = PBXFileReference; fileEncoding = 4; lastKnownFileType = sourcecode.c.objc; name = AppDelegate.m; path = reactnative/AppDelegate.m; sourceTree = "<group>"; };
		13B07FB51A68108700A75B9A /* Images.xcassets */ = {isa = PBXFileReference; lastKnownFileType = folder.assetcatalog; name = Images.xcassets; path = reactnative/Images.xcassets; sourceTree = "<group>"; };
		13B07FB61A68108700A75B9A /* Info.plist */ = {isa = PBXFileReference; fileEncoding = 4; lastKnownFileType = text.plist.xml; name = Info.plist; path = reactnative/Info.plist; sourceTree = "<group>"; };
		13B07FB71A68108700A75B9A /* main.m */ = {isa = PBXFileReference; fileEncoding = 4; lastKnownFileType = sourcecode.c.objc; name = main.m; path = reactnative/main.m; sourceTree = "<group>"; };
		1575199CD4FD626E6A7EF118 /* libPods-reactnative.a */ = {isa = PBXFileReference; explicitFileType = archive.ar; includeInIndex = 0; path = "libPods-reactnative.a"; sourceTree = BUILT_PRODUCTS_DIR; };
		81AB9BB72411601600AC10FF /* LaunchScreen.storyboard */ = {isa = PBXFileReference; fileEncoding = 4; lastKnownFileType = file.storyboard; name = LaunchScreen.storyboard; path = reactnative/LaunchScreen.storyboard; sourceTree = "<group>"; };
		85DF2F09E06A9A3FDE77CED0 /* Pods-reactnative-reactnativeTests.release.xcconfig */ = {isa = PBXFileReference; includeInIndex = 1; lastKnownFileType = text.xcconfig; name = "Pods-reactnative-reactnativeTests.release.xcconfig"; path = "Target Support Files/Pods-reactnative-reactnativeTests/Pods-reactnative-reactnativeTests.release.xcconfig"; sourceTree = "<group>"; };
		94943FCB6092C2DC566FDFCD /* Pods-reactnative.release.xcconfig */ = {isa = PBXFileReference; includeInIndex = 1; lastKnownFileType = text.xcconfig; name = "Pods-reactnative.release.xcconfig"; path = "Target Support Files/Pods-reactnative/Pods-reactnative.release.xcconfig"; sourceTree = "<group>"; };
		958EFF09A7ED6639DAA9815F /* Pods-reactnative.debug.xcconfig */ = {isa = PBXFileReference; includeInIndex = 1; lastKnownFileType = text.xcconfig; name = "Pods-reactnative.debug.xcconfig"; path = "Target Support Files/Pods-reactnative/Pods-reactnative.debug.xcconfig"; sourceTree = "<group>"; };
		AA60280026703020000EBABD /* BugsnagModule.m */ = {isa = PBXFileReference; fileEncoding = 4; lastKnownFileType = sourcecode.c.objc; name = BugsnagModule.m; path = "../../ios-module/BugsnagModule.m"; sourceTree = "<group>"; };
		AA60280126703020000EBABD /* BugsnagModule.h */ = {isa = PBXFileReference; fileEncoding = 4; lastKnownFileType = sourcecode.c.h; name = BugsnagModule.h; path = "../../ios-module/BugsnagModule.h"; sourceTree = "<group>"; };
		AA6028912670A076000EBABD /* reactnative-Bridging-Header.h */ = {isa = PBXFileReference; lastKnownFileType = sourcecode.c.h; path = "reactnative-Bridging-Header.h"; sourceTree = "<group>"; };
		AA6028922670A076000EBABD /* AppNativeUnhandledScenario.h */ = {isa = PBXFileReference; fileEncoding = 4; lastKnownFileType = sourcecode.c.h; name = AppNativeUnhandledScenario.h; path = "../../ios-module/Scenarios/AppNativeUnhandledScenario.h"; sourceTree = "<group>"; };
		AA6028932670A076000EBABD /* StartSessionScenario.h */ = {isa = PBXFileReference; fileEncoding = 4; lastKnownFileType = sourcecode.c.h; name = StartSessionScenario.h; path = "../../ios-module/Scenarios/StartSessionScenario.h"; sourceTree = "<group>"; };
		AA6028942670A076000EBABD /* NativeStackHandledScenario.swift */ = {isa = PBXFileReference; fileEncoding = 4; lastKnownFileType = sourcecode.swift; name = NativeStackHandledScenario.swift; path = "../../ios-module/Scenarios/NativeStackHandledScenario.swift"; sourceTree = "<group>"; };
		AA6028952670A076000EBABD /* PauseSessionScenario.m */ = {isa = PBXFileReference; fileEncoding = 4; lastKnownFileType = sourcecode.c.objc; name = PauseSessionScenario.m; path = "../../ios-module/Scenarios/PauseSessionScenario.m"; sourceTree = "<group>"; };
		AA6028962670A076000EBABD /* UserNativeClientScenario.h */ = {isa = PBXFileReference; fileEncoding = 4; lastKnownFileType = sourcecode.c.h; name = UserNativeClientScenario.h; path = "../../ios-module/Scenarios/UserNativeClientScenario.h"; sourceTree = "<group>"; };
		AA6028972670A076000EBABD /* NativeStackUnhandledScenario.h */ = {isa = PBXFileReference; fileEncoding = 4; lastKnownFileType = sourcecode.c.h; name = NativeStackUnhandledScenario.h; path = "../../ios-module/Scenarios/NativeStackUnhandledScenario.h"; sourceTree = "<group>"; };
		AA6028982670A076000EBABD /* BreadcrumbsNativeManualScenario.m */ = {isa = PBXFileReference; fileEncoding = 4; lastKnownFileType = sourcecode.c.objc; name = BreadcrumbsNativeManualScenario.m; path = "../../ios-module/Scenarios/BreadcrumbsNativeManualScenario.m"; sourceTree = "<group>"; };
		AA6028992670A076000EBABD /* ContextNativeCustomScenario.h */ = {isa = PBXFileReference; fileEncoding = 4; lastKnownFileType = sourcecode.c.h; name = ContextNativeCustomScenario.h; path = "../../ios-module/Scenarios/ContextNativeCustomScenario.h"; sourceTree = "<group>"; };
		AA60289A2670A076000EBABD /* MetadataNativeUnhandledScenario.h */ = {isa = PBXFileReference; fileEncoding = 4; lastKnownFileType = sourcecode.c.h; name = MetadataNativeUnhandledScenario.h; path = "../../ios-module/Scenarios/MetadataNativeUnhandledScenario.h"; sourceTree = "<group>"; };
		AA60289B2670A077000EBABD /* HandledNativeErrorScenario.h */ = {isa = PBXFileReference; fileEncoding = 4; lastKnownFileType = sourcecode.c.h; name = HandledNativeErrorScenario.h; path = "../../ios-module/Scenarios/HandledNativeErrorScenario.h"; sourceTree = "<group>"; };
		AA60289C2670A077000EBABD /* AppNativeHandledScenario.m */ = {isa = PBXFileReference; fileEncoding = 4; lastKnownFileType = sourcecode.c.objc; name = AppNativeHandledScenario.m; path = "../../ios-module/Scenarios/AppNativeHandledScenario.m"; sourceTree = "<group>"; };
		AA60289D2670A077000EBABD /* DeviceNativeHandledScenario.m */ = {isa = PBXFileReference; fileEncoding = 4; lastKnownFileType = sourcecode.c.objc; name = DeviceNativeHandledScenario.m; path = "../../ios-module/Scenarios/DeviceNativeHandledScenario.m"; sourceTree = "<group>"; };
		AA60289E2670A077000EBABD /* UnhandledNativeErrorScenario.h */ = {isa = PBXFileReference; fileEncoding = 4; lastKnownFileType = sourcecode.c.h; name = UnhandledNativeErrorScenario.h; path = "../../ios-module/Scenarios/UnhandledNativeErrorScenario.h"; sourceTree = "<group>"; };
		AA60289F2670A077000EBABD /* UserNativeClientScenario.m */ = {isa = PBXFileReference; fileEncoding = 4; lastKnownFileType = sourcecode.c.objc; name = UserNativeClientScenario.m; path = "../../ios-module/Scenarios/UserNativeClientScenario.m"; sourceTree = "<group>"; };
		AA6028A02670A077000EBABD /* UnhandledNativeErrorScenario.m */ = {isa = PBXFileReference; fileEncoding = 4; lastKnownFileType = sourcecode.c.objc; name = UnhandledNativeErrorScenario.m; path = "../../ios-module/Scenarios/UnhandledNativeErrorScenario.m"; sourceTree = "<group>"; };
		AA6028A12670A077000EBABD /* DeviceNativeUnhandledScenario.h */ = {isa = PBXFileReference; fileEncoding = 4; lastKnownFileType = sourcecode.c.h; name = DeviceNativeUnhandledScenario.h; path = "../../ios-module/Scenarios/DeviceNativeUnhandledScenario.h"; sourceTree = "<group>"; };
		AA6028A22670A077000EBABD /* DeviceNativeHandledScenario.h */ = {isa = PBXFileReference; fileEncoding = 4; lastKnownFileType = sourcecode.c.h; name = DeviceNativeHandledScenario.h; path = "../../ios-module/Scenarios/DeviceNativeHandledScenario.h"; sourceTree = "<group>"; };
		AA6028A32670A077000EBABD /* StartSessionScenario.m */ = {isa = PBXFileReference; fileEncoding = 4; lastKnownFileType = sourcecode.c.objc; name = StartSessionScenario.m; path = "../../ios-module/Scenarios/StartSessionScenario.m"; sourceTree = "<group>"; };
		AA6028A42670A077000EBABD /* NativeStackUnhandledScenario.m */ = {isa = PBXFileReference; fileEncoding = 4; lastKnownFileType = sourcecode.c.objc; name = NativeStackUnhandledScenario.m; path = "../../ios-module/Scenarios/NativeStackUnhandledScenario.m"; sourceTree = "<group>"; };
		AA6028A52670A077000EBABD /* AppNativeUnhandledScenario.m */ = {isa = PBXFileReference; fileEncoding = 4; lastKnownFileType = sourcecode.c.objc; name = AppNativeUnhandledScenario.m; path = "../../ios-module/Scenarios/AppNativeUnhandledScenario.m"; sourceTree = "<group>"; };
		AA6028A62670A077000EBABD /* ResumeSessionScenario.m */ = {isa = PBXFileReference; fileEncoding = 4; lastKnownFileType = sourcecode.c.objc; name = ResumeSessionScenario.m; path = "../../ios-module/Scenarios/ResumeSessionScenario.m"; sourceTree = "<group>"; };
		AA6028A72670A077000EBABD /* ResumeSessionScenario.h */ = {isa = PBXFileReference; fileEncoding = 4; lastKnownFileType = sourcecode.c.h; name = ResumeSessionScenario.h; path = "../../ios-module/Scenarios/ResumeSessionScenario.h"; sourceTree = "<group>"; };
		AA6028A82670A077000EBABD /* MetadataNativeScenario.m */ = {isa = PBXFileReference; fileEncoding = 4; lastKnownFileType = sourcecode.c.objc; name = MetadataNativeScenario.m; path = "../../ios-module/Scenarios/MetadataNativeScenario.m"; sourceTree = "<group>"; };
		AA6028A92670A077000EBABD /* DeviceNativeUnhandledScenario.m */ = {isa = PBXFileReference; fileEncoding = 4; lastKnownFileType = sourcecode.c.objc; name = DeviceNativeUnhandledScenario.m; path = "../../ios-module/Scenarios/DeviceNativeUnhandledScenario.m"; sourceTree = "<group>"; };
		AA6028AA2670A077000EBABD /* MetadataNativeScenario.h */ = {isa = PBXFileReference; fileEncoding = 4; lastKnownFileType = sourcecode.c.h; name = MetadataNativeScenario.h; path = "../../ios-module/Scenarios/MetadataNativeScenario.h"; sourceTree = "<group>"; };
		AA6028AB2670A077000EBABD /* HandledNativeErrorScenario.m */ = {isa = PBXFileReference; fileEncoding = 4; lastKnownFileType = sourcecode.c.objc; name = HandledNativeErrorScenario.m; path = "../../ios-module/Scenarios/HandledNativeErrorScenario.m"; sourceTree = "<group>"; };
		AA6028AC2670A077000EBABD /* ContextNativeCustomScenario.m */ = {isa = PBXFileReference; fileEncoding = 4; lastKnownFileType = sourcecode.c.objc; name = ContextNativeCustomScenario.m; path = "../../ios-module/Scenarios/ContextNativeCustomScenario.m"; sourceTree = "<group>"; };
		AA6028AD2670A077000EBABD /* AppNativeHandledScenario.h */ = {isa = PBXFileReference; fileEncoding = 4; lastKnownFileType = sourcecode.c.h; name = AppNativeHandledScenario.h; path = "../../ios-module/Scenarios/AppNativeHandledScenario.h"; sourceTree = "<group>"; };
		AA6028AE2670A077000EBABD /* Scenario.m */ = {isa = PBXFileReference; fileEncoding = 4; lastKnownFileType = sourcecode.c.objc; name = Scenario.m; path = "../../ios-module/Scenarios/Scenario.m"; sourceTree = "<group>"; };
		AA6028AF2670A077000EBABD /* MetadataNativeUnhandledScenario.m */ = {isa = PBXFileReference; fileEncoding = 4; lastKnownFileType = sourcecode.c.objc; name = MetadataNativeUnhandledScenario.m; path = "../../ios-module/Scenarios/MetadataNativeUnhandledScenario.m"; sourceTree = "<group>"; };
		AA6028B02670A077000EBABD /* BreadcrumbsNativeManualScenario.h */ = {isa = PBXFileReference; fileEncoding = 4; lastKnownFileType = sourcecode.c.h; name = BreadcrumbsNativeManualScenario.h; path = "../../ios-module/Scenarios/BreadcrumbsNativeManualScenario.h"; sourceTree = "<group>"; };
		AA6028B12670A077000EBABD /* PauseSessionScenario.h */ = {isa = PBXFileReference; fileEncoding = 4; lastKnownFileType = sourcecode.c.h; name = PauseSessionScenario.h; path = "../../ios-module/Scenarios/PauseSessionScenario.h"; sourceTree = "<group>"; };
		AA6028B22670A077000EBABD /* Scenario.h */ = {isa = PBXFileReference; fileEncoding = 4; lastKnownFileType = sourcecode.c.h; name = Scenario.h; path = "../../ios-module/Scenarios/Scenario.h"; sourceTree = "<group>"; };
		D28820685EC358AD5712D804 /* libPods-reactnative-reactnativeTests.a */ = {isa = PBXFileReference; explicitFileType = archive.ar; includeInIndex = 0; path = "libPods-reactnative-reactnativeTests.a"; sourceTree = BUILT_PRODUCTS_DIR; };
		ED297162215061F000B7C4FE /* JavaScriptCore.framework */ = {isa = PBXFileReference; lastKnownFileType = wrapper.framework; name = JavaScriptCore.framework; path = System/Library/Frameworks/JavaScriptCore.framework; sourceTree = SDKROOT; };
/* End PBXFileReference section */

/* Begin PBXFrameworksBuildPhase section */
		00E356EB1AD99517003FC87E /* Frameworks */ = {
			isa = PBXFrameworksBuildPhase;
			buildActionMask = 2147483647;
			files = (
				BBC7504857FCDDE709119A4A /* libPods-reactnative-reactnativeTests.a in Frameworks */,
			);
			runOnlyForDeploymentPostprocessing = 0;
		};
		13B07F8C1A680F5B00A75B9A /* Frameworks */ = {
			isa = PBXFrameworksBuildPhase;
			buildActionMask = 2147483647;
			files = (
				0997327CB03F351B3591C2CF /* libPods-reactnative.a in Frameworks */,
			);
			runOnlyForDeploymentPostprocessing = 0;
		};
/* End PBXFrameworksBuildPhase section */

/* Begin PBXGroup section */
		00E356EF1AD99517003FC87E /* reactnativeTests */ = {
			isa = PBXGroup;
			children = (
				00E356F21AD99517003FC87E /* reactnativeTests.m */,
				00E356F01AD99517003FC87E /* Supporting Files */,
			);
			path = reactnativeTests;
			sourceTree = "<group>";
		};
		00E356F01AD99517003FC87E /* Supporting Files */ = {
			isa = PBXGroup;
			children = (
				00E356F11AD99517003FC87E /* Info.plist */,
			);
			name = "Supporting Files";
			sourceTree = "<group>";
		};
		13B07FAE1A68108700A75B9A /* reactnative */ = {
			isa = PBXGroup;
			children = (
				AA6028902670A054000EBABD /* Scenarios */,
				AA60280126703020000EBABD /* BugsnagModule.h */,
				AA60280026703020000EBABD /* BugsnagModule.m */,
				13B07FAF1A68108700A75B9A /* AppDelegate.h */,
				13B07FB01A68108700A75B9A /* AppDelegate.m */,
				13B07FB51A68108700A75B9A /* Images.xcassets */,
				13B07FB61A68108700A75B9A /* Info.plist */,
				81AB9BB72411601600AC10FF /* LaunchScreen.storyboard */,
				13B07FB71A68108700A75B9A /* main.m */,
			);
			name = reactnative;
			sourceTree = "<group>";
		};
		2D16E6871FA4F8E400B85C8A /* Frameworks */ = {
			isa = PBXGroup;
			children = (
				ED297162215061F000B7C4FE /* JavaScriptCore.framework */,
				1575199CD4FD626E6A7EF118 /* libPods-reactnative.a */,
				D28820685EC358AD5712D804 /* libPods-reactnative-reactnativeTests.a */,
			);
			name = Frameworks;
			sourceTree = "<group>";
		};
		832341AE1AAA6A7D00B99B32 /* Libraries */ = {
			isa = PBXGroup;
			children = (
			);
			name = Libraries;
			sourceTree = "<group>";
		};
		83CBB9F61A601CBA00E9B192 = {
			isa = PBXGroup;
			children = (
				13B07FAE1A68108700A75B9A /* reactnative */,
				832341AE1AAA6A7D00B99B32 /* Libraries */,
				00E356EF1AD99517003FC87E /* reactnativeTests */,
				83CBBA001A601CBA00E9B192 /* Products */,
				2D16E6871FA4F8E400B85C8A /* Frameworks */,
				96AB11DEB12E1F8A92B00D76 /* Pods */,
			);
			indentWidth = 2;
			sourceTree = "<group>";
			tabWidth = 2;
			usesTabs = 0;
		};
		83CBBA001A601CBA00E9B192 /* Products */ = {
			isa = PBXGroup;
			children = (
				13B07F961A680F5B00A75B9A /* reactnative.app */,
				00E356EE1AD99517003FC87E /* reactnativeTests.xctest */,
			);
			name = Products;
			sourceTree = "<group>";
		};
		96AB11DEB12E1F8A92B00D76 /* Pods */ = {
			isa = PBXGroup;
			children = (
				958EFF09A7ED6639DAA9815F /* Pods-reactnative.debug.xcconfig */,
				94943FCB6092C2DC566FDFCD /* Pods-reactnative.release.xcconfig */,
				1178114A1DE1E520573F4641 /* Pods-reactnative-reactnativeTests.debug.xcconfig */,
				85DF2F09E06A9A3FDE77CED0 /* Pods-reactnative-reactnativeTests.release.xcconfig */,
			);
			path = Pods;
			sourceTree = "<group>";
		};
		AA6028902670A054000EBABD /* Scenarios */ = {
			isa = PBXGroup;
			children = (
				AA6028AD2670A077000EBABD /* AppNativeHandledScenario.h */,
				AA60289C2670A077000EBABD /* AppNativeHandledScenario.m */,
				AA6028922670A076000EBABD /* AppNativeUnhandledScenario.h */,
				AA6028A52670A077000EBABD /* AppNativeUnhandledScenario.m */,
				AA6028B02670A077000EBABD /* BreadcrumbsNativeManualScenario.h */,
				AA6028982670A076000EBABD /* BreadcrumbsNativeManualScenario.m */,
				AA6028992670A076000EBABD /* ContextNativeCustomScenario.h */,
				AA6028AC2670A077000EBABD /* ContextNativeCustomScenario.m */,
				AA6028A22670A077000EBABD /* DeviceNativeHandledScenario.h */,
				AA60289D2670A077000EBABD /* DeviceNativeHandledScenario.m */,
				AA6028A12670A077000EBABD /* DeviceNativeUnhandledScenario.h */,
				AA6028A92670A077000EBABD /* DeviceNativeUnhandledScenario.m */,
				AA60289B2670A077000EBABD /* HandledNativeErrorScenario.h */,
				AA6028AB2670A077000EBABD /* HandledNativeErrorScenario.m */,
				AA6028AA2670A077000EBABD /* MetadataNativeScenario.h */,
				AA6028A82670A077000EBABD /* MetadataNativeScenario.m */,
				AA60289A2670A076000EBABD /* MetadataNativeUnhandledScenario.h */,
				AA6028AF2670A077000EBABD /* MetadataNativeUnhandledScenario.m */,
				AA6028942670A076000EBABD /* NativeStackHandledScenario.swift */,
				AA6028972670A076000EBABD /* NativeStackUnhandledScenario.h */,
				AA6028A42670A077000EBABD /* NativeStackUnhandledScenario.m */,
				AA6028B12670A077000EBABD /* PauseSessionScenario.h */,
				AA6028952670A076000EBABD /* PauseSessionScenario.m */,
				AA6028A72670A077000EBABD /* ResumeSessionScenario.h */,
				AA6028A62670A077000EBABD /* ResumeSessionScenario.m */,
				AA6028B22670A077000EBABD /* Scenario.h */,
				AA6028AE2670A077000EBABD /* Scenario.m */,
				AA6028932670A076000EBABD /* StartSessionScenario.h */,
				AA6028A32670A077000EBABD /* StartSessionScenario.m */,
				AA60289E2670A077000EBABD /* UnhandledNativeErrorScenario.h */,
				AA6028A02670A077000EBABD /* UnhandledNativeErrorScenario.m */,
				AA6028962670A076000EBABD /* UserNativeClientScenario.h */,
				AA60289F2670A077000EBABD /* UserNativeClientScenario.m */,
				AA6028912670A076000EBABD /* reactnative-Bridging-Header.h */,
			);
			name = Scenarios;
			sourceTree = "<group>";
		};
/* End PBXGroup section */

/* Begin PBXNativeTarget section */
		00E356ED1AD99517003FC87E /* reactnativeTests */ = {
			isa = PBXNativeTarget;
			buildConfigurationList = 00E357021AD99517003FC87E /* Build configuration list for PBXNativeTarget "reactnativeTests" */;
			buildPhases = (
				44849F5CA4A9E03C88F5A34C /* [CP] Check Pods Manifest.lock */,
				00E356EA1AD99517003FC87E /* Sources */,
				00E356EB1AD99517003FC87E /* Frameworks */,
				00E356EC1AD99517003FC87E /* Resources */,
				7EB5C9386D4153B6B273B451 /* [CP] Copy Pods Resources */,
			);
			buildRules = (
			);
			dependencies = (
				00E356F51AD99517003FC87E /* PBXTargetDependency */,
			);
			name = reactnativeTests;
			productName = reactnativeTests;
			productReference = 00E356EE1AD99517003FC87E /* reactnativeTests.xctest */;
			productType = "com.apple.product-type.bundle.unit-test";
		};
		13B07F861A680F5B00A75B9A /* reactnative */ = {
			isa = PBXNativeTarget;
			buildConfigurationList = 13B07F931A680F5B00A75B9A /* Build configuration list for PBXNativeTarget "reactnative" */;
			buildPhases = (
				59BA1C2B411CC58851F90EEC /* [CP] Check Pods Manifest.lock */,
				FD10A7F022414F080027D42C /* Start Packager */,
				13B07F871A680F5B00A75B9A /* Sources */,
				13B07F8C1A680F5B00A75B9A /* Frameworks */,
				13B07F8E1A680F5B00A75B9A /* Resources */,
				00DD1BFF1BD5951E006B06BC /* Bundle React Native code and images */,
				880AC78798190DB225CAEED5 /* [CP] Copy Pods Resources */,
			);
			buildRules = (
			);
			dependencies = (
			);
			name = reactnative;
			productName = reactnative;
			productReference = 13B07F961A680F5B00A75B9A /* reactnative.app */;
			productType = "com.apple.product-type.application";
		};
/* End PBXNativeTarget section */

/* Begin PBXProject section */
		83CBB9F71A601CBA00E9B192 /* Project object */ = {
			isa = PBXProject;
			attributes = {
				LastUpgradeCheck = 1210;
				TargetAttributes = {
					00E356ED1AD99517003FC87E = {
						CreatedOnToolsVersion = 6.2;
						TestTargetID = 13B07F861A680F5B00A75B9A;
					};
					13B07F861A680F5B00A75B9A = {
						DevelopmentTeam = 372ZUL2ZB7;
						LastSwiftMigration = 1240;
					};
				};
			};
			buildConfigurationList = 83CBB9FA1A601CBA00E9B192 /* Build configuration list for PBXProject "reactnative" */;
			compatibilityVersion = "Xcode 12.0";
			developmentRegion = en;
			hasScannedForEncodings = 0;
			knownRegions = (
				en,
				Base,
			);
			mainGroup = 83CBB9F61A601CBA00E9B192;
			productRefGroup = 83CBBA001A601CBA00E9B192 /* Products */;
			projectDirPath = "";
			projectRoot = "";
			targets = (
				13B07F861A680F5B00A75B9A /* reactnative */,
				00E356ED1AD99517003FC87E /* reactnativeTests */,
			);
		};
/* End PBXProject section */

/* Begin PBXResourcesBuildPhase section */
		00E356EC1AD99517003FC87E /* Resources */ = {
			isa = PBXResourcesBuildPhase;
			buildActionMask = 2147483647;
			files = (
			);
			runOnlyForDeploymentPostprocessing = 0;
		};
		13B07F8E1A680F5B00A75B9A /* Resources */ = {
			isa = PBXResourcesBuildPhase;
			buildActionMask = 2147483647;
			files = (
				81AB9BB82411601600AC10FF /* LaunchScreen.storyboard in Resources */,
				13B07FBF1A68108700A75B9A /* Images.xcassets in Resources */,
			);
			runOnlyForDeploymentPostprocessing = 0;
		};
/* End PBXResourcesBuildPhase section */

/* Begin PBXShellScriptBuildPhase section */
		00DD1BFF1BD5951E006B06BC /* Bundle React Native code and images */ = {
			isa = PBXShellScriptBuildPhase;
			buildActionMask = 2147483647;
			files = (
			);
			inputPaths = (
			);
			name = "Bundle React Native code and images";
			outputPaths = (
			);
			runOnlyForDeploymentPostprocessing = 0;
			shellPath = /bin/sh;
			shellScript = "set -e\n\nexport NODE_BINARY=node\n../node_modules/react-native/scripts/react-native-xcode.sh\n";
		};
		44849F5CA4A9E03C88F5A34C /* [CP] Check Pods Manifest.lock */ = {
			isa = PBXShellScriptBuildPhase;
			buildActionMask = 2147483647;
			files = (
			);
			inputFileListPaths = (
			);
			inputPaths = (
				"${PODS_PODFILE_DIR_PATH}/Podfile.lock",
				"${PODS_ROOT}/Manifest.lock",
			);
			name = "[CP] Check Pods Manifest.lock";
			outputFileListPaths = (
			);
			outputPaths = (
				"$(DERIVED_FILE_DIR)/Pods-reactnative-reactnativeTests-checkManifestLockResult.txt",
			);
			runOnlyForDeploymentPostprocessing = 0;
			shellPath = /bin/sh;
			shellScript = "diff \"${PODS_PODFILE_DIR_PATH}/Podfile.lock\" \"${PODS_ROOT}/Manifest.lock\" > /dev/null\nif [ $? != 0 ] ; then\n    # print error to STDERR\n    echo \"error: The sandbox is not in sync with the Podfile.lock. Run 'pod install' or update your CocoaPods installation.\" >&2\n    exit 1\nfi\n# This output is used by Xcode 'outputs' to avoid re-running this script phase.\necho \"SUCCESS\" > \"${SCRIPT_OUTPUT_FILE_0}\"\n";
			showEnvVarsInLog = 0;
		};
		59BA1C2B411CC58851F90EEC /* [CP] Check Pods Manifest.lock */ = {
			isa = PBXShellScriptBuildPhase;
			buildActionMask = 2147483647;
			files = (
			);
			inputFileListPaths = (
			);
			inputPaths = (
				"${PODS_PODFILE_DIR_PATH}/Podfile.lock",
				"${PODS_ROOT}/Manifest.lock",
			);
			name = "[CP] Check Pods Manifest.lock";
			outputFileListPaths = (
			);
			outputPaths = (
				"$(DERIVED_FILE_DIR)/Pods-reactnative-checkManifestLockResult.txt",
			);
			runOnlyForDeploymentPostprocessing = 0;
			shellPath = /bin/sh;
			shellScript = "diff \"${PODS_PODFILE_DIR_PATH}/Podfile.lock\" \"${PODS_ROOT}/Manifest.lock\" > /dev/null\nif [ $? != 0 ] ; then\n    # print error to STDERR\n    echo \"error: The sandbox is not in sync with the Podfile.lock. Run 'pod install' or update your CocoaPods installation.\" >&2\n    exit 1\nfi\n# This output is used by Xcode 'outputs' to avoid re-running this script phase.\necho \"SUCCESS\" > \"${SCRIPT_OUTPUT_FILE_0}\"\n";
			showEnvVarsInLog = 0;
		};
		7EB5C9386D4153B6B273B451 /* [CP] Copy Pods Resources */ = {
			isa = PBXShellScriptBuildPhase;
			buildActionMask = 2147483647;
			files = (
			);
			inputFileListPaths = (
				"${PODS_ROOT}/Target Support Files/Pods-reactnative-reactnativeTests/Pods-reactnative-reactnativeTests-resources-${CONFIGURATION}-input-files.xcfilelist",
			);
			name = "[CP] Copy Pods Resources";
			outputFileListPaths = (
				"${PODS_ROOT}/Target Support Files/Pods-reactnative-reactnativeTests/Pods-reactnative-reactnativeTests-resources-${CONFIGURATION}-output-files.xcfilelist",
			);
			runOnlyForDeploymentPostprocessing = 0;
			shellPath = /bin/sh;
			shellScript = "\"${PODS_ROOT}/Target Support Files/Pods-reactnative-reactnativeTests/Pods-reactnative-reactnativeTests-resources.sh\"\n";
			showEnvVarsInLog = 0;
		};
		880AC78798190DB225CAEED5 /* [CP] Copy Pods Resources */ = {
			isa = PBXShellScriptBuildPhase;
			buildActionMask = 2147483647;
			files = (
			);
			inputFileListPaths = (
				"${PODS_ROOT}/Target Support Files/Pods-reactnative/Pods-reactnative-resources-${CONFIGURATION}-input-files.xcfilelist",
			);
			name = "[CP] Copy Pods Resources";
			outputFileListPaths = (
				"${PODS_ROOT}/Target Support Files/Pods-reactnative/Pods-reactnative-resources-${CONFIGURATION}-output-files.xcfilelist",
			);
			runOnlyForDeploymentPostprocessing = 0;
			shellPath = /bin/sh;
			shellScript = "\"${PODS_ROOT}/Target Support Files/Pods-reactnative/Pods-reactnative-resources.sh\"\n";
			showEnvVarsInLog = 0;
		};
		FD10A7F022414F080027D42C /* Start Packager */ = {
			isa = PBXShellScriptBuildPhase;
			buildActionMask = 2147483647;
			files = (
			);
			inputFileListPaths = (
			);
			inputPaths = (
			);
			name = "Start Packager";
			outputFileListPaths = (
			);
			outputPaths = (
			);
			runOnlyForDeploymentPostprocessing = 0;
			shellPath = /bin/sh;
			shellScript = "export RCT_METRO_PORT=\"${RCT_METRO_PORT:=8081}\"\necho \"export RCT_METRO_PORT=${RCT_METRO_PORT}\" > \"${SRCROOT}/../node_modules/react-native/scripts/.packager.env\"\nif [ -z \"${RCT_NO_LAUNCH_PACKAGER+xxx}\" ] ; then\n  if nc -w 5 -z localhost ${RCT_METRO_PORT} ; then\n    if ! curl -s \"http://localhost:${RCT_METRO_PORT}/status\" | grep -q \"packager-status:running\" ; then\n      echo \"Port ${RCT_METRO_PORT} already in use, packager is either not running or not running correctly\"\n      exit 2\n    fi\n  else\n    open \"$SRCROOT/../node_modules/react-native/scripts/launchPackager.command\" || echo \"Can't start packager automatically\"\n  fi\nfi\n";
			showEnvVarsInLog = 0;
		};
/* End PBXShellScriptBuildPhase section */

/* Begin PBXSourcesBuildPhase section */
		00E356EA1AD99517003FC87E /* Sources */ = {
			isa = PBXSourcesBuildPhase;
			buildActionMask = 2147483647;
			files = (
				00E356F31AD99517003FC87E /* reactnativeTests.m in Sources */,
			);
			runOnlyForDeploymentPostprocessing = 0;
		};
		13B07F871A680F5B00A75B9A /* Sources */ = {
			isa = PBXSourcesBuildPhase;
			buildActionMask = 2147483647;
			files = (
				AA6028BA2670A077000EBABD /* StartSessionScenario.m in Sources */,
				AA6028B32670A077000EBABD /* NativeStackHandledScenario.swift in Sources */,
				13B07FBC1A68108700A75B9A /* AppDelegate.m in Sources */,
				13B07FC11A68108700A75B9A /* main.m in Sources */,
				AA6028B92670A077000EBABD /* UnhandledNativeErrorScenario.m in Sources */,
				AA6028C32670A077000EBABD /* MetadataNativeUnhandledScenario.m in Sources */,
				AA6028BD2670A077000EBABD /* ResumeSessionScenario.m in Sources */,
				AA6028B72670A077000EBABD /* DeviceNativeHandledScenario.m in Sources */,
				AA6028C22670A077000EBABD /* Scenario.m in Sources */,
				AA6028B42670A077000EBABD /* PauseSessionScenario.m in Sources */,
				AA6028BF2670A077000EBABD /* DeviceNativeUnhandledScenario.m in Sources */,
				AA6028B82670A077000EBABD /* UserNativeClientScenario.m in Sources */,
				AA60280326703021000EBABD /* BugsnagModule.m in Sources */,
				AA6028BC2670A077000EBABD /* AppNativeUnhandledScenario.m in Sources */,
				AA6028C02670A077000EBABD /* HandledNativeErrorScenario.m in Sources */,
				AA6028BB2670A077000EBABD /* NativeStackUnhandledScenario.m in Sources */,
				AA6028B52670A077000EBABD /* BreadcrumbsNativeManualScenario.m in Sources */,
				AA6028C12670A077000EBABD /* ContextNativeCustomScenario.m in Sources */,
				AA6028B62670A077000EBABD /* AppNativeHandledScenario.m in Sources */,
				AA6028BE2670A077000EBABD /* MetadataNativeScenario.m in Sources */,
			);
			runOnlyForDeploymentPostprocessing = 0;
		};
/* End PBXSourcesBuildPhase section */

/* Begin PBXTargetDependency section */
		00E356F51AD99517003FC87E /* PBXTargetDependency */ = {
			isa = PBXTargetDependency;
			target = 13B07F861A680F5B00A75B9A /* reactnative */;
			targetProxy = 00E356F41AD99517003FC87E /* PBXContainerItemProxy */;
		};
/* End PBXTargetDependency section */

/* Begin XCBuildConfiguration section */
		00E356F61AD99517003FC87E /* Debug */ = {
			isa = XCBuildConfiguration;
			baseConfigurationReference = 1178114A1DE1E520573F4641 /* Pods-reactnative-reactnativeTests.debug.xcconfig */;
			buildSettings = {
				ALWAYS_EMBED_SWIFT_STANDARD_LIBRARIES = YES;
				BUNDLE_LOADER = "$(TEST_HOST)";
				GCC_PREPROCESSOR_DEFINITIONS = (
					"DEBUG=1",
					"$(inherited)",
				);
				INFOPLIST_FILE = reactnativeTests/Info.plist;
				IPHONEOS_DEPLOYMENT_TARGET = 10.0;
				LD_RUNPATH_SEARCH_PATHS = (
					"$(inherited)",
					"@executable_path/Frameworks",
					"@loader_path/Frameworks",
				);
				OTHER_LDFLAGS = (
					"-ObjC",
					"-lc++",
					"$(inherited)",
				);
				PRODUCT_BUNDLE_IDENTIFIER = "org.reactjs.native.example.$(PRODUCT_NAME:rfc1034identifier)";
				PRODUCT_NAME = "$(TARGET_NAME)";
				TEST_HOST = "$(BUILT_PRODUCTS_DIR)/reactnative.app/reactnative";
			};
			name = Debug;
		};
		00E356F71AD99517003FC87E /* Release */ = {
			isa = XCBuildConfiguration;
			baseConfigurationReference = 85DF2F09E06A9A3FDE77CED0 /* Pods-reactnative-reactnativeTests.release.xcconfig */;
			buildSettings = {
				ALWAYS_EMBED_SWIFT_STANDARD_LIBRARIES = YES;
				BUNDLE_LOADER = "$(TEST_HOST)";
				COPY_PHASE_STRIP = NO;
				INFOPLIST_FILE = reactnativeTests/Info.plist;
				IPHONEOS_DEPLOYMENT_TARGET = 10.0;
				LD_RUNPATH_SEARCH_PATHS = (
					"$(inherited)",
					"@executable_path/Frameworks",
					"@loader_path/Frameworks",
				);
				OTHER_LDFLAGS = (
					"-ObjC",
					"-lc++",
					"$(inherited)",
				);
				PRODUCT_BUNDLE_IDENTIFIER = "org.reactjs.native.example.$(PRODUCT_NAME:rfc1034identifier)";
				PRODUCT_NAME = "$(TARGET_NAME)";
				TEST_HOST = "$(BUILT_PRODUCTS_DIR)/reactnative.app/reactnative";
			};
			name = Release;
		};
		13B07F941A680F5B00A75B9A /* Debug */ = {
			isa = XCBuildConfiguration;
			baseConfigurationReference = 958EFF09A7ED6639DAA9815F /* Pods-reactnative.debug.xcconfig */;
			buildSettings = {
				ASSETCATALOG_COMPILER_APPICON_NAME = AppIcon;
				CLANG_ENABLE_MODULES = YES;
				CURRENT_PROJECT_VERSION = 1;
				ENABLE_BITCODE = NO;
				INFOPLIST_FILE = reactnative/Info.plist;
				LD_RUNPATH_SEARCH_PATHS = (
					"$(inherited)",
					"@executable_path/Frameworks",
				);
				OTHER_LDFLAGS = (
					"$(inherited)",
					"-ObjC",
					"-lc++",
				);
				PRODUCT_BUNDLE_IDENTIFIER = "org.reactjs.native.example.$(PRODUCT_NAME:rfc1034identifier)";
				PRODUCT_NAME = reactnative;
				SWIFT_OBJC_BRIDGING_HEADER = "../../ios-module/Scenarios/Scenario.h";
				SWIFT_OPTIMIZATION_LEVEL = "-Onone";
				SWIFT_VERSION = 5.0;
				VERSIONING_SYSTEM = "apple-generic";
			};
			name = Debug;
		};
		13B07F951A680F5B00A75B9A /* Release */ = {
			isa = XCBuildConfiguration;
			baseConfigurationReference = 94943FCB6092C2DC566FDFCD /* Pods-reactnative.release.xcconfig */;
			buildSettings = {
				ASSETCATALOG_COMPILER_APPICON_NAME = AppIcon;
				CLANG_ENABLE_MODULES = YES;
				CURRENT_PROJECT_VERSION = 1;
				INFOPLIST_FILE = reactnative/Info.plist;
				LD_RUNPATH_SEARCH_PATHS = (
					"$(inherited)",
					"@executable_path/Frameworks",
				);
				OTHER_LDFLAGS = (
					"$(inherited)",
					"-ObjC",
					"-lc++",
				);
				PRODUCT_BUNDLE_IDENTIFIER = "org.reactjs.native.example.$(PRODUCT_NAME:rfc1034identifier)";
				PRODUCT_NAME = reactnative;
				SWIFT_OBJC_BRIDGING_HEADER = "../../ios-module/Scenarios/Scenario.h";
				SWIFT_VERSION = 5.0;
				VERSIONING_SYSTEM = "apple-generic";
			};
			name = Release;
		};
		83CBBA201A601CBA00E9B192 /* Debug */ = {
			isa = XCBuildConfiguration;
			buildSettings = {
				ALWAYS_SEARCH_USER_PATHS = NO;
				CLANG_ANALYZER_LOCALIZABILITY_NONLOCALIZED = YES;
				CLANG_CXX_LANGUAGE_STANDARD = "gnu++0x";
				CLANG_CXX_LIBRARY = "libc++";
				CLANG_ENABLE_MODULES = YES;
				CLANG_ENABLE_OBJC_ARC = YES;
				CLANG_WARN_BLOCK_CAPTURE_AUTORELEASING = YES;
				CLANG_WARN_BOOL_CONVERSION = YES;
				CLANG_WARN_COMMA = YES;
				CLANG_WARN_CONSTANT_CONVERSION = YES;
				CLANG_WARN_DEPRECATED_OBJC_IMPLEMENTATIONS = YES;
				CLANG_WARN_DIRECT_OBJC_ISA_USAGE = YES_ERROR;
				CLANG_WARN_EMPTY_BODY = YES;
				CLANG_WARN_ENUM_CONVERSION = YES;
				CLANG_WARN_INFINITE_RECURSION = YES;
				CLANG_WARN_INT_CONVERSION = YES;
				CLANG_WARN_NON_LITERAL_NULL_CONVERSION = YES;
				CLANG_WARN_OBJC_IMPLICIT_RETAIN_SELF = YES;
				CLANG_WARN_OBJC_LITERAL_CONVERSION = YES;
				CLANG_WARN_OBJC_ROOT_CLASS = YES_ERROR;
				CLANG_WARN_QUOTED_INCLUDE_IN_FRAMEWORK_HEADER = YES;
				CLANG_WARN_RANGE_LOOP_ANALYSIS = YES;
				CLANG_WARN_STRICT_PROTOTYPES = YES;
				CLANG_WARN_SUSPICIOUS_MOVE = YES;
				CLANG_WARN_UNREACHABLE_CODE = YES;
				CLANG_WARN__DUPLICATE_METHOD_MATCH = YES;
				"CODE_SIGN_IDENTITY[sdk=iphoneos*]" = "iPhone Developer";
				COPY_PHASE_STRIP = NO;
				ENABLE_STRICT_OBJC_MSGSEND = YES;
				ENABLE_TESTABILITY = YES;
				"EXCLUDED_ARCHS[sdk=iphonesimulator*]" = "arm64 ";
				GCC_C_LANGUAGE_STANDARD = gnu99;
				GCC_DYNAMIC_NO_PIC = NO;
				GCC_NO_COMMON_BLOCKS = YES;
				GCC_OPTIMIZATION_LEVEL = 0;
				GCC_PREPROCESSOR_DEFINITIONS = (
					"DEBUG=1",
					"$(inherited)",
				);
				GCC_SYMBOLS_PRIVATE_EXTERN = NO;
				GCC_WARN_64_TO_32_BIT_CONVERSION = YES;
				GCC_WARN_ABOUT_RETURN_TYPE = YES_ERROR;
				GCC_WARN_UNDECLARED_SELECTOR = YES;
				GCC_WARN_UNINITIALIZED_AUTOS = YES_AGGRESSIVE;
				GCC_WARN_UNUSED_FUNCTION = YES;
				GCC_WARN_UNUSED_VARIABLE = YES;
				IPHONEOS_DEPLOYMENT_TARGET = 10.0;
				LD_RUNPATH_SEARCH_PATHS = (
					/usr/lib/swift,
					"$(inherited)",
				);
				LIBRARY_SEARCH_PATHS = (
					"\"$(TOOLCHAIN_DIR)/usr/lib/swift/$(PLATFORM_NAME)\"",
					"\"$(TOOLCHAIN_DIR)/usr/lib/swift-5.0/$(PLATFORM_NAME)\"",
					"\"$(inherited)\"",
				);
				MTL_ENABLE_DEBUG_INFO = YES;
				ONLY_ACTIVE_ARCH = YES;
				SDKROOT = iphoneos;
			};
			name = Debug;
		};
		83CBBA211A601CBA00E9B192 /* Release */ = {
			isa = XCBuildConfiguration;
			buildSettings = {
				ALWAYS_SEARCH_USER_PATHS = NO;
				CLANG_ANALYZER_LOCALIZABILITY_NONLOCALIZED = YES;
				CLANG_CXX_LANGUAGE_STANDARD = "gnu++0x";
				CLANG_CXX_LIBRARY = "libc++";
				CLANG_ENABLE_MODULES = YES;
				CLANG_ENABLE_OBJC_ARC = YES;
				CLANG_WARN_BLOCK_CAPTURE_AUTORELEASING = YES;
				CLANG_WARN_BOOL_CONVERSION = YES;
				CLANG_WARN_COMMA = YES;
				CLANG_WARN_CONSTANT_CONVERSION = YES;
				CLANG_WARN_DEPRECATED_OBJC_IMPLEMENTATIONS = YES;
				CLANG_WARN_DIRECT_OBJC_ISA_USAGE = YES_ERROR;
				CLANG_WARN_EMPTY_BODY = YES;
				CLANG_WARN_ENUM_CONVERSION = YES;
				CLANG_WARN_INFINITE_RECURSION = YES;
				CLANG_WARN_INT_CONVERSION = YES;
				CLANG_WARN_NON_LITERAL_NULL_CONVERSION = YES;
				CLANG_WARN_OBJC_IMPLICIT_RETAIN_SELF = YES;
				CLANG_WARN_OBJC_LITERAL_CONVERSION = YES;
				CLANG_WARN_OBJC_ROOT_CLASS = YES_ERROR;
				CLANG_WARN_QUOTED_INCLUDE_IN_FRAMEWORK_HEADER = YES;
				CLANG_WARN_RANGE_LOOP_ANALYSIS = YES;
				CLANG_WARN_STRICT_PROTOTYPES = YES;
				CLANG_WARN_SUSPICIOUS_MOVE = YES;
				CLANG_WARN_UNREACHABLE_CODE = YES;
				CLANG_WARN__DUPLICATE_METHOD_MATCH = YES;
				"CODE_SIGN_IDENTITY[sdk=iphoneos*]" = "iPhone Developer";
				COPY_PHASE_STRIP = YES;
				ENABLE_NS_ASSERTIONS = NO;
				ENABLE_STRICT_OBJC_MSGSEND = YES;
				"EXCLUDED_ARCHS[sdk=iphonesimulator*]" = "arm64 ";
				GCC_C_LANGUAGE_STANDARD = gnu99;
				GCC_NO_COMMON_BLOCKS = YES;
				GCC_WARN_64_TO_32_BIT_CONVERSION = YES;
				GCC_WARN_ABOUT_RETURN_TYPE = YES_ERROR;
				GCC_WARN_UNDECLARED_SELECTOR = YES;
				GCC_WARN_UNINITIALIZED_AUTOS = YES_AGGRESSIVE;
				GCC_WARN_UNUSED_FUNCTION = YES;
				GCC_WARN_UNUSED_VARIABLE = YES;
				IPHONEOS_DEPLOYMENT_TARGET = 10.0;
				LD_RUNPATH_SEARCH_PATHS = (
					/usr/lib/swift,
					"$(inherited)",
				);
				LIBRARY_SEARCH_PATHS = (
					"\"$(TOOLCHAIN_DIR)/usr/lib/swift/$(PLATFORM_NAME)\"",
					"\"$(TOOLCHAIN_DIR)/usr/lib/swift-5.0/$(PLATFORM_NAME)\"",
					"\"$(inherited)\"",
				);
				MTL_ENABLE_DEBUG_INFO = NO;
				SDKROOT = iphoneos;
				VALIDATE_PRODUCT = YES;
			};
			name = Release;
		};
/* End XCBuildConfiguration section */

/* Begin XCConfigurationList section */
		00E357021AD99517003FC87E /* Build configuration list for PBXNativeTarget "reactnativeTests" */ = {
			isa = XCConfigurationList;
			buildConfigurations = (
				00E356F61AD99517003FC87E /* Debug */,
				00E356F71AD99517003FC87E /* Release */,
			);
			defaultConfigurationIsVisible = 0;
			defaultConfigurationName = Release;
		};
		13B07F931A680F5B00A75B9A /* Build configuration list for PBXNativeTarget "reactnative" */ = {
			isa = XCConfigurationList;
			buildConfigurations = (
				13B07F941A680F5B00A75B9A /* Debug */,
				13B07F951A680F5B00A75B9A /* Release */,
			);
			defaultConfigurationIsVisible = 0;
			defaultConfigurationName = Release;
		};
		83CBB9FA1A601CBA00E9B192 /* Build configuration list for PBXProject "reactnative" */ = {
			isa = XCConfigurationList;
			buildConfigurations = (
				83CBBA201A601CBA00E9B192 /* Debug */,
				83CBBA211A601CBA00E9B192 /* Release */,
			);
			defaultConfigurationIsVisible = 0;
			defaultConfigurationName = Release;
		};
/* End XCConfigurationList section */
	};
	rootObject = 83CBB9F71A601CBA00E9B192 /* Project object */;
}
