{
  "name": "bugsnag-js-example",
  "version": "1.0.0",
  "lockfileVersion": 1,
  "requires": true,
  "dependencies": {
    "@bugsnag/browser": {
      "version": "7.10.1",
      "resolved": "https://registry.npmjs.org/@bugsnag/browser/-/browser-7.10.1.tgz",
      "integrity": "sha512-Yxm/DheT/NHX2PhadBDuafuHBhP547Iav6Y9jf+skBBSi1n0ZYkGhtVxh8ZWLgqz5W8MsJ0HFiLBqcg/mulSvQ==",
      "requires": {
        "@bugsnag/core": "^7.10.0"
      }
    },
    "@bugsnag/core": {
      "version": "7.10.0",
      "resolved": "https://registry.npmjs.org/@bugsnag/core/-/core-7.10.0.tgz",
      "integrity": "sha512-sDa2nDxwsxHQx2/2/tsBWjYqH0TewCR8N/r5at6B+irwVkI0uts7Qc2JyqDTfiEiBXKVEXFK+fHTz1x9b8tsiA==",
      "requires": {
        "@bugsnag/cuid": "^3.0.0",
        "@bugsnag/safe-json-stringify": "^6.0.0",
        "error-stack-parser": "^2.0.3",
        "iserror": "0.0.2",
        "stack-generator": "^2.0.3"
      }
    },
    "@bugsnag/cuid": {
      "version": "3.0.0",
      "resolved": "https://registry.npmjs.org/@bugsnag/cuid/-/cuid-3.0.0.tgz",
      "integrity": "sha512-LOt8aaBI+KvOQGneBtpuCz3YqzyEAehd1f3nC5yr9TIYW1+IzYKa2xWS4EiMz5pPOnRPHkyyS5t/wmSmN51Gjg=="
    },
    "@bugsnag/js": {
      "version": "7.10.1",
      "resolved": "https://registry.npmjs.org/@bugsnag/js/-/js-7.10.1.tgz",
      "integrity": "sha512-1/MK/Bw2ViFx1hMG2TOX8MOq/LzT2VRd0VswknF4LYsZSgzohkRzz/hi6P2TSlLeapRs+bkDC6u2RCq4zYvyiA==",
      "requires": {
        "@bugsnag/browser": "^7.10.1",
        "@bugsnag/node": "^7.10.1"
      }
    },
    "@bugsnag/node": {
      "version": "7.10.1",
      "resolved": "https://registry.npmjs.org/@bugsnag/node/-/node-7.10.1.tgz",
      "integrity": "sha512-kpasrz/im5ljptt2JOqrjbOu4b0i5sAZOYU4L0psWXlD31/wXytk7im11QlNALdI8gZZBxIFsVo8ks6dR6mHzg==",
      "requires": {
        "@bugsnag/core": "^7.10.0",
        "byline": "^5.0.0",
        "error-stack-parser": "^2.0.2",
        "iserror": "^0.0.2",
        "pump": "^3.0.0",
        "stack-generator": "^2.0.3"
      }
    },
    "@bugsnag/safe-json-stringify": {
      "version": "6.0.0",
      "resolved": "https://registry.npmjs.org/@bugsnag/safe-json-stringify/-/safe-json-stringify-6.0.0.tgz",
      "integrity": "sha512-htzFO1Zc57S8kgdRK9mLcPVTW1BY2ijfH7Dk2CeZmspTWKdKqSo1iwmqrq2WtRjFlo8aRZYgLX0wFrDXF/9DLA=="
    },
    "byline": {
      "version": "5.0.0",
      "resolved": "https://registry.npmjs.org/byline/-/byline-5.0.0.tgz",
      "integrity": "sha1-dBxSFkaOrcRXsDQQEYrXfejB3bE="
    },
    "end-of-stream": {
      "version": "1.4.4",
      "resolved": "https://registry.npmjs.org/end-of-stream/-/end-of-stream-1.4.4.tgz",
      "integrity": "sha512-+uw1inIHVPQoaVuHzRyXd21icM+cnt4CzD5rW+NC1wjOUSTOs+Te7FOv7AhN7vS9x/oIyhLP5PR1H+phQAHu5Q==",
      "requires": {
        "once": "^1.4.0"
      }
    },
    "error-stack-parser": {
      "version": "2.0.6",
      "resolved": "https://registry.npmjs.org/error-stack-parser/-/error-stack-parser-2.0.6.tgz",
      "integrity": "sha512-d51brTeqC+BHlwF0BhPtcYgF5nlzf9ZZ0ZIUQNZpc9ZB9qw5IJ2diTrBY9jlCJkTLITYPjmiX6OWCwH+fuyNgQ==",
      "requires": {
        "stackframe": "^1.1.1"
      }
    },
    "iserror": {
      "version": "0.0.2",
      "resolved": "https://registry.npmjs.org/iserror/-/iserror-0.0.2.tgz",
      "integrity": "sha1-vVNFH+L2aLnyQCwZZnh6qix8C/U="
    },
    "once": {
      "version": "1.4.0",
      "resolved": "https://registry.npmjs.org/once/-/once-1.4.0.tgz",
      "integrity": "sha1-WDsap3WWHUsROsF9nFC6753Xa9E=",
      "requires": {
        "wrappy": "1"
      }
    },
    "pump": {
      "version": "3.0.0",
      "resolved": "https://registry.npmjs.org/pump/-/pump-3.0.0.tgz",
      "integrity": "sha512-LwZy+p3SFs1Pytd/jYct4wpv49HiYCqd9Rlc5ZVdk0V+8Yzv6jR5Blk3TRmPL1ft69TxP0IMZGJ+WPFU2BFhww==",
      "requires": {
        "end-of-stream": "^1.1.0",
        "once": "^1.3.1"
      }
    },
    "stack-generator": {
      "version": "2.0.5",
      "resolved": "https://registry.npmjs.org/stack-generator/-/stack-generator-2.0.5.tgz",
      "integrity": "sha512-/t1ebrbHkrLrDuNMdeAcsvynWgoH/i4o8EGGfX7dEYDoTXOYVAkEpFdtshlvabzc6JlJ8Kf9YdFEoz7JkzGN9Q==",
      "requires": {
        "stackframe": "^1.1.1"
      }
    },
    "stackframe": {
      "version": "1.2.0",
      "resolved": "https://registry.npmjs.org/stackframe/-/stackframe-1.2.0.tgz",
      "integrity": "sha512-GrdeshiRmS1YLMYgzF16olf2jJ/IzxXY9lhKOskuVziubpTYcYqyOwYeJKzQkwy7uN0fYSsbsC4RQaXf9LCrYA=="
    },
    "wrappy": {
      "version": "1.0.2",
      "resolved": "https://registry.npmjs.org/wrappy/-/wrappy-1.0.2.tgz",
      "integrity": "sha1-tSQ9jz7BqjXxNkYFvA0QNuMKtp8="
    }
  }
}
