{
  "name": "@bugsnag/in-flight",
  "version": "7.19.0",
  "lockfileVersion": 3,
  "requires": true,
  "packages": {
    "": {
      "name": "@bugsnag/in-flight",
      "version": "7.19.0",
      "license": "MIT",
      "dependencies": {
        "@bugsnag/cuid": "^3.0.0"
      },
      "peerDependencies": {
        "@bugsnag/core": "^7.0.0"
      }
    },
    "node_modules/@bugsnag/cuid": {
      "version": "3.0.2",
      "resolved": "https://registry.npmjs.org/@bugsnag/cuid/-/cuid-3.0.2.tgz",
      "integrity": "sha512-cIwzC93r3PQ/INeuwtZwkZIG2K8WWN0rRLZQhu+mr48Ay+i6sEki4GYfTsflse7hZ1BeDWrNb/Q9vgY3B31xHQ=="
    }
  }
}
