{
	"name": "@bugsnag/delivery-expo",
	"version": "7.4.0",
	"lockfileVersion": 1,
	"requires": true,
	"dependencies": {
		"@react-native-community/netinfo": {
			"version": "5.9.6",
			"resolved": "https://registry.npmjs.org/@react-native-community/netinfo/-/netinfo-5.9.6.tgz",
			"integrity": "sha512-cEkA1Apg8+VjnDdeDZRHI+2RqouiPKgYnewouRkvF4ettH9ZS4Cmi/nANQKIpIu2L+czboxM3fCZ44nc7IM9VQ=="
		},
		"expo-file-system": {
			"version": "6.0.2",
			"resolved": "https://registry.npmjs.org/expo-file-system/-/expo-file-system-6.0.2.tgz",
			"integrity": "sha512-s+6oQpLhcT7MQp7fcoj1E+zttMr0WX6c0FrddzqB4dUfhIggV+nb35nQMASIiTHAj8VPUanTFliY5rETHRMHRA==",
			"requires": {
				"uuid-js": "^0.7.5"
			}
		},
		"uuid-js": {
			"version": "0.7.5",
			"resolved": "https://registry.npmjs.org/uuid-js/-/uuid-js-0.7.5.tgz",
			"integrity": "sha1-bIhtAqU9LUDc8l2RoXC0p7JblNA="
		}
	}
}
