{
	"name": "@bugsnag/delivery-expo",
	"version": "7.10.0-alpha.0",
	"lockfileVersion": 1,
	"requires": true,
	"dependencies": {
		"@react-native-community/netinfo": {
			"version": "5.9.7",
			"resolved": "https://registry.npmjs.org/@react-native-community/netinfo/-/netinfo-5.9.7.tgz",
			"integrity": "sha512-NAkkT68oF+M9o6El2xeUqZK7magPjG/tAcEbvCbqyhlh3yElKWnI1e1vpbVvFXzTefy67FwYFWOJqBN6U7Mnkg=="
		},
		"expo-crypto": {
			"version": "8.4.0",
			"resolved": "https://registry.npmjs.org/expo-crypto/-/expo-crypto-8.4.0.tgz",
			"integrity": "sha512-EHEFx5sHTDVIuQH8/juuecQWj1uQ7ClM98fKXPFcNYcBlYSCQvkik37hwfJC5WLcVnelFDpvZJmHxiTfB5GKCg=="
		},
		"expo-file-system": {
			"version": "9.3.0",
			"resolved": "https://registry.npmjs.org/expo-file-system/-/expo-file-system-9.3.0.tgz",
			"integrity": "sha512-x83IVep6PVfzGLpzR5fhWgKGlDaF95vfRzvmLyOMnbSuM8gY9a8C92taxZxfitryy9+D46lbRcnxPvBqFkXMNg==",
			"requires": {
				"uuid": "^3.4.0"
			}
		},
		"uuid": {
			"version": "3.4.0",
			"resolved": "https://registry.npmjs.org/uuid/-/uuid-3.4.0.tgz",
			"integrity": "sha512-HjSDRw6gZE5JMggctHBcjVak08+KEVhSIiDzFnT9S9aegmp85S/bReBVTb4QTFaRNptJ9kuYaNhnbNEOkbKb/A=="
		}
	}
}
