{
	"name": "@bugsnag/plugin-react-navigation",
	"version": "7.14.0-rc.0",
	"lockfileVersion": 1,
	"requires": true,
	"dependencies": {
		"@react-navigation/core": {
			"version": "5.12.3",
			"resolved": "https://registry.npmjs.org/@react-navigation/core/-/core-5.12.3.tgz",
			"integrity": "sha512-aEOTAw4FRRNsNu6F9ibLk3SVSs4Res8BI832NEZN6qUto5ZgtuYnQHWeWV2cZ43Nc9KvUyQC/vXvO2RScwgFwA==",
			"dev": true,
			"requires": {
				"@react-navigation/routers": "^5.4.11",
				"escape-string-regexp": "^4.0.0",
				"nanoid": "^3.1.12",
				"query-string": "^6.13.1",
				"react-is": "^16.13.0",
				"use-subscription": "^1.4.0"
			}
		},
		"@react-navigation/native": {
			"version": "5.7.3",
			"resolved": "https://registry.npmjs.org/@react-navigation/native/-/native-5.7.3.tgz",
			"integrity": "sha512-bXb1g/cLpGF2DW1Vxk90Ch5vbaZTk5b/4Fn5xjQlueQODgc9ca+GPEssKZ84hCrNmS+Xg+iK1m/ArawLF5gMlw==",
			"dev": true,
			"requires": {
				"@react-navigation/core": "^5.12.3",
				"nanoid": "^3.1.12"
			}
		},
		"@react-navigation/routers": {
			"version": "5.4.11",
			"resolved": "https://registry.npmjs.org/@react-navigation/routers/-/routers-5.4.11.tgz",
			"integrity": "sha512-J/CsHdIjYBRe81UUiLOoz9NSrQ91uP23Oe21QPCALInRHx+rfwo2oPl6Fn8xAa7n8Dtt2oQUGyF+g5d05cB74w==",
			"dev": true,
			"requires": {
				"nanoid": "^3.1.12"
			}
		},
		"@types/prop-types": {
			"version": "15.7.3",
			"resolved": "https://registry.npmjs.org/@types/prop-types/-/prop-types-15.7.3.tgz",
			"integrity": "sha512-KfRL3PuHmqQLOG+2tGpRO26Ctg+Cq1E01D2DMriKEATHgWLfeNDmq9e29Q9WIky0dQ3NPkd1mzYH8Lm936Z9qw==",
			"dev": true
		},
		"@types/react": {
			"version": "16.9.49",
			"resolved": "https://registry.npmjs.org/@types/react/-/react-16.9.49.tgz",
			"integrity": "sha512-DtLFjSj0OYAdVLBbyjhuV9CdGVHCkHn2R+xr3XkBvK2rS1Y1tkc14XSGjYgm5Fjjr90AxH9tiSzc1pCFMGO06g==",
			"dev": true,
			"requires": {
				"@types/prop-types": "*",
				"csstype": "^3.0.2"
			}
		},
		"@types/react-native": {
			"version": "0.63.20",
			"resolved": "https://registry.npmjs.org/@types/react-native/-/react-native-0.63.20.tgz",
			"integrity": "sha512-APnxRTDxbWw/IYjvwvXkhYJiz1gahyVA579pJqAVsEfZ+ZUwUHZpWKnexobyH5NmRJHuA/8LrThyps/BW3SYXA==",
			"dev": true,
			"requires": {
				"@types/react": "*"
			}
		},
		"@types/react-test-renderer": {
			"version": "16.9.3",
			"resolved": "https://registry.npmjs.org/@types/react-test-renderer/-/react-test-renderer-16.9.3.tgz",
			"integrity": "sha512-wJ7IlN5NI82XMLOyHSa+cNN4Z0I+8/YaLl04uDgcZ+W+ExWCmCiVTLT/7fRNqzy4OhStZcUwIqLNF7q+AdW43Q==",
			"dev": true,
			"requires": {
				"@types/react": "*"
			}
		},
		"csstype": {
			"version": "3.0.3",
			"resolved": "https://registry.npmjs.org/csstype/-/csstype-3.0.3.tgz",
			"integrity": "sha512-jPl+wbWPOWJ7SXsWyqGRk3lGecbar0Cb0OvZF/r/ZU011R4YqiRehgkQ9p4eQfo9DSDLqLL3wHwfxeJiuIsNag==",
			"dev": true
		},
		"decode-uri-component": {
			"version": "0.2.0",
			"resolved": "https://registry.npmjs.org/decode-uri-component/-/decode-uri-component-0.2.0.tgz",
			"integrity": "sha1-6zkTMzRYd1y4TNGh+uBiEGu4dUU=",
			"dev": true
		},
		"escape-string-regexp": {
			"version": "4.0.0",
			"resolved": "https://registry.npmjs.org/escape-string-regexp/-/escape-string-regexp-4.0.0.tgz",
			"integrity": "sha512-TtpcNJ3XAzx3Gq8sWRzJaVajRs0uVxA2YAkdb1jm2YkPz4G6egUFAyA3n5vtEIZefPk5Wa4UXbKuS5fKkJWdgA==",
			"dev": true
		},
		"js-tokens": {
			"version": "4.0.0",
			"resolved": "https://registry.npmjs.org/js-tokens/-/js-tokens-4.0.0.tgz",
			"integrity": "sha512-RdJUflcE3cUzKiMqQgsCu06FPu9UdIJO0beYbPhHN4k6apgJtifcoCtT9bcxOpYBtpD2kCM6Sbzg4CausW/PKQ==",
			"dev": true
		},
		"loose-envify": {
			"version": "1.4.0",
			"resolved": "https://registry.npmjs.org/loose-envify/-/loose-envify-1.4.0.tgz",
			"integrity": "sha512-lyuxPGr/Wfhrlem2CL/UcnUc1zcqKAImBDzukY7Y5F/yQiNdko6+fRLevlw1HgMySw7f611UIY408EtxRSoK3Q==",
			"dev": true,
			"requires": {
				"js-tokens": "^3.0.0 || ^4.0.0"
			}
		},
		"nanoid": {
			"version": "3.1.12",
			"resolved": "https://registry.npmjs.org/nanoid/-/nanoid-3.1.12.tgz",
			"integrity": "sha512-1qstj9z5+x491jfiC4Nelk+f8XBad7LN20PmyWINJEMRSf3wcAjAWysw1qaA8z6NSKe2sjq1hRSDpBH5paCb6A==",
			"dev": true
		},
		"object-assign": {
			"version": "4.1.1",
			"resolved": "https://registry.npmjs.org/object-assign/-/object-assign-4.1.1.tgz",
			"integrity": "sha1-IQmtx5ZYh8/AXLvUQsrIv7s2CGM=",
			"dev": true
		},
		"prop-types": {
			"version": "15.7.2",
			"resolved": "https://registry.npmjs.org/prop-types/-/prop-types-15.7.2.tgz",
			"integrity": "sha512-8QQikdH7//R2vurIJSutZ1smHYTcLpRWEOlHnzcWHmBYrOGUysKwSsrC89BCiFj3CbrfJ/nXFdJepOVrY1GCHQ==",
			"dev": true,
			"requires": {
				"loose-envify": "^1.4.0",
				"object-assign": "^4.1.1",
				"react-is": "^16.8.1"
			}
		},
		"query-string": {
			"version": "6.13.2",
			"resolved": "https://registry.npmjs.org/query-string/-/query-string-6.13.2.tgz",
			"integrity": "sha512-BMmDaUiLDFU1hlM38jTFcRt7HYiGP/zt1sRzrIWm5zpeEuO1rkbPS0ELI3uehoLuuhHDCS8u8lhFN3fEN4JzPQ==",
			"dev": true,
			"requires": {
				"decode-uri-component": "^0.2.0",
				"split-on-first": "^1.0.0",
				"strict-uri-encode": "^2.0.0"
			}
		},
		"react": {
			"version": "16.13.1",
			"resolved": "https://registry.npmjs.org/react/-/react-16.13.1.tgz",
			"integrity": "sha512-YMZQQq32xHLX0bz5Mnibv1/LHb3Sqzngu7xstSM+vrkE5Kzr9xE0yMByK5kMoTK30YVJE61WfbxIFFvfeDKT1w==",
			"dev": true,
			"requires": {
				"loose-envify": "^1.1.0",
				"object-assign": "^4.1.1",
				"prop-types": "^15.6.2"
			}
		},
		"react-is": {
			"version": "16.13.1",
			"resolved": "https://registry.npmjs.org/react-is/-/react-is-16.13.1.tgz",
			"integrity": "sha512-24e6ynE2H+OKt4kqsOvNd8kBpV65zoxbA4BVsEOB3ARVWQki/DHzaUoC5KuON/BiccDaCCTZBuOcfZs70kR8bQ==",
			"dev": true
		},
		"react-test-renderer": {
			"version": "16.13.1",
			"resolved": "https://registry.npmjs.org/react-test-renderer/-/react-test-renderer-16.13.1.tgz",
			"integrity": "sha512-Sn2VRyOK2YJJldOqoh8Tn/lWQ+ZiKhyZTPtaO0Q6yNj+QDbmRkVFap6pZPy3YQk8DScRDfyqm/KxKYP9gCMRiQ==",
			"dev": true,
			"requires": {
				"object-assign": "^4.1.1",
				"prop-types": "^15.6.2",
				"react-is": "^16.8.6",
				"scheduler": "^0.19.1"
			}
		},
		"scheduler": {
			"version": "0.19.1",
			"resolved": "https://registry.npmjs.org/scheduler/-/scheduler-0.19.1.tgz",
			"integrity": "sha512-n/zwRWRYSUj0/3g/otKDRPMh6qv2SYMWNq85IEa8iZyAv8od9zDYpGSnpBEjNgcMNq6Scbu5KfIPxNF72R/2EA==",
			"dev": true,
			"requires": {
				"loose-envify": "^1.1.0",
				"object-assign": "^4.1.1"
			}
		},
		"split-on-first": {
			"version": "1.1.0",
			"resolved": "https://registry.npmjs.org/split-on-first/-/split-on-first-1.1.0.tgz",
			"integrity": "sha512-43ZssAJaMusuKWL8sKUBQXHWOpq8d6CfN/u1p4gUzfJkM05C8rxTmYrkIPTXapZpORA6LkkzcUulJ8FqA7Uudw==",
			"dev": true
		},
		"strict-uri-encode": {
			"version": "2.0.0",
			"resolved": "https://registry.npmjs.org/strict-uri-encode/-/strict-uri-encode-2.0.0.tgz",
			"integrity": "sha1-ucczDHBChi9rFC3CdLvMWGbONUY=",
			"dev": true
		},
		"use-subscription": {
			"version": "1.4.1",
			"resolved": "https://registry.npmjs.org/use-subscription/-/use-subscription-1.4.1.tgz",
			"integrity": "sha512-7+IIwDG/4JICrWHL/Q/ZPK5yozEnvRm6vHImu0LKwQlmWGKeiF7mbAenLlK/cTNXrTtXHU/SFASQHzB6+oSJMQ==",
			"dev": true,
			"requires": {
				"object-assign": "^4.1.1"
			}
		}
	}
}
