{
	"name": "@bugsnag/plugin-react-navigation",
	"version": "7.15.0",
	"lockfileVersion": 2,
	"requires": true,
	"packages": {
		"": {
			"name": "@bugsnag/plugin-react-navigation",
			"version": "7.14.1",
			"license": "MIT",
			"devDependencies": {
				"@react-navigation/native": "^5.7.3",
				"@types/react": "^16.9.49",
				"@types/react-native": "^0.63.20",
				"@types/react-test-renderer": "^16.9.3",
				"react": "^16.13.1",
				"react-test-renderer": "^16.13.1"
			},
			"peerDependencies": {
				"@bugsnag/core": "^7.0.0",
				"@react-navigation/native": "^5.0"
			}
		},
		"node_modules/@bugsnag/core": {
			"version": "7.14.0",
			"resolved": "https://registry.npmjs.org/@bugsnag/core/-/core-7.14.0.tgz",
			"integrity": "sha512-DKN7hNEA6zEOgnucihgNEiMmx4GVaFHD9dJUYQFiouAIL19R/TLgG6B+pGC+QAqHVYsCUt5XDnG8jD+J+3fKOA==",
			"peer": true,
			"dependencies": {
				"@bugsnag/cuid": "^3.0.0",
				"@bugsnag/safe-json-stringify": "^6.0.0",
				"error-stack-parser": "^2.0.3",
				"iserror": "0.0.2",
				"stack-generator": "^2.0.3"
			}
		},
		"node_modules/@bugsnag/cuid": {
			"version": "3.0.0",
			"resolved": "https://registry.npmjs.org/@bugsnag/cuid/-/cuid-3.0.0.tgz",
			"integrity": "sha512-LOt8aaBI+KvOQGneBtpuCz3YqzyEAehd1f3nC5yr9TIYW1+IzYKa2xWS4EiMz5pPOnRPHkyyS5t/wmSmN51Gjg==",
			"peer": true
		},
		"node_modules/@bugsnag/safe-json-stringify": {
			"version": "6.0.0",
			"resolved": "https://registry.npmjs.org/@bugsnag/safe-json-stringify/-/safe-json-stringify-6.0.0.tgz",
			"integrity": "sha512-htzFO1Zc57S8kgdRK9mLcPVTW1BY2ijfH7Dk2CeZmspTWKdKqSo1iwmqrq2WtRjFlo8aRZYgLX0wFrDXF/9DLA==",
			"peer": true
		},
		"node_modules/@react-navigation/core": {
			"version": "5.12.3",
			"resolved": "https://registry.npmjs.org/@react-navigation/core/-/core-5.12.3.tgz",
			"integrity": "sha512-aEOTAw4FRRNsNu6F9ibLk3SVSs4Res8BI832NEZN6qUto5ZgtuYnQHWeWV2cZ43Nc9KvUyQC/vXvO2RScwgFwA==",
			"dev": true,
			"dependencies": {
				"@react-navigation/routers": "^5.4.11",
				"escape-string-regexp": "^4.0.0",
				"nanoid": "^3.1.12",
				"query-string": "^6.13.1",
				"react-is": "^16.13.0",
				"use-subscription": "^1.4.0"
			},
			"peerDependencies": {
				"react": "*"
			}
		},
		"node_modules/@react-navigation/native": {
			"version": "5.7.3",
			"resolved": "https://registry.npmjs.org/@react-navigation/native/-/native-5.7.3.tgz",
			"integrity": "sha512-bXb1g/cLpGF2DW1Vxk90Ch5vbaZTk5b/4Fn5xjQlueQODgc9ca+GPEssKZ84hCrNmS+Xg+iK1m/ArawLF5gMlw==",
			"dev": true,
			"dependencies": {
				"@react-navigation/core": "^5.12.3",
				"nanoid": "^3.1.12"
			},
			"peerDependencies": {
				"react": "*",
				"react-native": "*"
			}
		},
		"node_modules/@react-navigation/routers": {
			"version": "5.4.11",
			"resolved": "https://registry.npmjs.org/@react-navigation/routers/-/routers-5.4.11.tgz",
			"integrity": "sha512-J/CsHdIjYBRe81UUiLOoz9NSrQ91uP23Oe21QPCALInRHx+rfwo2oPl6Fn8xAa7n8Dtt2oQUGyF+g5d05cB74w==",
			"dev": true,
			"dependencies": {
				"nanoid": "^3.1.12"
			}
		},
		"node_modules/@types/prop-types": {
			"version": "15.7.3",
			"resolved": "https://registry.npmjs.org/@types/prop-types/-/prop-types-15.7.3.tgz",
			"integrity": "sha512-KfRL3PuHmqQLOG+2tGpRO26Ctg+Cq1E01D2DMriKEATHgWLfeNDmq9e29Q9WIky0dQ3NPkd1mzYH8Lm936Z9qw==",
			"dev": true
		},
		"node_modules/@types/react": {
			"version": "16.9.49",
			"resolved": "https://registry.npmjs.org/@types/react/-/react-16.9.49.tgz",
			"integrity": "sha512-DtLFjSj0OYAdVLBbyjhuV9CdGVHCkHn2R+xr3XkBvK2rS1Y1tkc14XSGjYgm5Fjjr90AxH9tiSzc1pCFMGO06g==",
			"dev": true,
			"dependencies": {
				"@types/prop-types": "*",
				"csstype": "^3.0.2"
			}
		},
		"node_modules/@types/react-native": {
			"version": "0.63.20",
			"resolved": "https://registry.npmjs.org/@types/react-native/-/react-native-0.63.20.tgz",
			"integrity": "sha512-APnxRTDxbWw/IYjvwvXkhYJiz1gahyVA579pJqAVsEfZ+ZUwUHZpWKnexobyH5NmRJHuA/8LrThyps/BW3SYXA==",
			"dev": true,
			"dependencies": {
				"@types/react": "*"
			}
		},
		"node_modules/@types/react-test-renderer": {
			"version": "16.9.3",
			"resolved": "https://registry.npmjs.org/@types/react-test-renderer/-/react-test-renderer-16.9.3.tgz",
			"integrity": "sha512-wJ7IlN5NI82XMLOyHSa+cNN4Z0I+8/YaLl04uDgcZ+W+ExWCmCiVTLT/7fRNqzy4OhStZcUwIqLNF7q+AdW43Q==",
			"dev": true,
			"dependencies": {
				"@types/react": "*"
			}
		},
		"node_modules/csstype": {
			"version": "3.0.3",
			"resolved": "https://registry.npmjs.org/csstype/-/csstype-3.0.3.tgz",
			"integrity": "sha512-jPl+wbWPOWJ7SXsWyqGRk3lGecbar0Cb0OvZF/r/ZU011R4YqiRehgkQ9p4eQfo9DSDLqLL3wHwfxeJiuIsNag==",
			"dev": true
		},
		"node_modules/decode-uri-component": {
			"version": "0.2.0",
			"resolved": "https://registry.npmjs.org/decode-uri-component/-/decode-uri-component-0.2.0.tgz",
			"integrity": "sha1-6zkTMzRYd1y4TNGh+uBiEGu4dUU=",
			"dev": true,
			"engines": {
				"node": ">=0.10"
			}
		},
		"node_modules/error-stack-parser": {
			"version": "2.0.6",
			"resolved": "https://registry.npmjs.org/error-stack-parser/-/error-stack-parser-2.0.6.tgz",
			"integrity": "sha512-d51brTeqC+BHlwF0BhPtcYgF5nlzf9ZZ0ZIUQNZpc9ZB9qw5IJ2diTrBY9jlCJkTLITYPjmiX6OWCwH+fuyNgQ==",
			"peer": true,
			"dependencies": {
				"stackframe": "^1.1.1"
			}
		},
		"node_modules/escape-string-regexp": {
			"version": "4.0.0",
			"resolved": "https://registry.npmjs.org/escape-string-regexp/-/escape-string-regexp-4.0.0.tgz",
			"integrity": "sha512-TtpcNJ3XAzx3Gq8sWRzJaVajRs0uVxA2YAkdb1jm2YkPz4G6egUFAyA3n5vtEIZefPk5Wa4UXbKuS5fKkJWdgA==",
			"dev": true,
			"engines": {
				"node": ">=10"
			},
			"funding": {
				"url": "https://github.com/sponsors/sindresorhus"
			}
		},
		"node_modules/iserror": {
			"version": "0.0.2",
			"resolved": "https://registry.npmjs.org/iserror/-/iserror-0.0.2.tgz",
			"integrity": "sha1-vVNFH+L2aLnyQCwZZnh6qix8C/U=",
			"peer": true
		},
		"node_modules/js-tokens": {
			"version": "4.0.0",
			"resolved": "https://registry.npmjs.org/js-tokens/-/js-tokens-4.0.0.tgz",
			"integrity": "sha512-RdJUflcE3cUzKiMqQgsCu06FPu9UdIJO0beYbPhHN4k6apgJtifcoCtT9bcxOpYBtpD2kCM6Sbzg4CausW/PKQ==",
			"dev": true
		},
		"node_modules/loose-envify": {
			"version": "1.4.0",
			"resolved": "https://registry.npmjs.org/loose-envify/-/loose-envify-1.4.0.tgz",
			"integrity": "sha512-lyuxPGr/Wfhrlem2CL/UcnUc1zcqKAImBDzukY7Y5F/yQiNdko6+fRLevlw1HgMySw7f611UIY408EtxRSoK3Q==",
			"dev": true,
			"dependencies": {
				"js-tokens": "^3.0.0 || ^4.0.0"
			},
			"bin": {
				"loose-envify": "cli.js"
			}
		},
		"node_modules/nanoid": {
			"version": "3.1.12",
			"resolved": "https://registry.npmjs.org/nanoid/-/nanoid-3.1.12.tgz",
			"integrity": "sha512-1qstj9z5+x491jfiC4Nelk+f8XBad7LN20PmyWINJEMRSf3wcAjAWysw1qaA8z6NSKe2sjq1hRSDpBH5paCb6A==",
			"dev": true,
			"bin": {
				"nanoid": "bin/nanoid.cjs"
			},
			"engines": {
				"node": "^10 || ^12 || >=13.7"
			}
		},
		"node_modules/object-assign": {
			"version": "4.1.1",
			"resolved": "https://registry.npmjs.org/object-assign/-/object-assign-4.1.1.tgz",
			"integrity": "sha1-IQmtx5ZYh8/AXLvUQsrIv7s2CGM=",
			"dev": true,
			"engines": {
				"node": ">=0.10.0"
			}
		},
		"node_modules/prop-types": {
			"version": "15.7.2",
			"resolved": "https://registry.npmjs.org/prop-types/-/prop-types-15.7.2.tgz",
			"integrity": "sha512-8QQikdH7//R2vurIJSutZ1smHYTcLpRWEOlHnzcWHmBYrOGUysKwSsrC89BCiFj3CbrfJ/nXFdJepOVrY1GCHQ==",
			"dev": true,
			"dependencies": {
				"loose-envify": "^1.4.0",
				"object-assign": "^4.1.1",
				"react-is": "^16.8.1"
			}
		},
		"node_modules/query-string": {
			"version": "6.13.2",
			"resolved": "https://registry.npmjs.org/query-string/-/query-string-6.13.2.tgz",
			"integrity": "sha512-BMmDaUiLDFU1hlM38jTFcRt7HYiGP/zt1sRzrIWm5zpeEuO1rkbPS0ELI3uehoLuuhHDCS8u8lhFN3fEN4JzPQ==",
			"dev": true,
			"dependencies": {
				"decode-uri-component": "^0.2.0",
				"split-on-first": "^1.0.0",
				"strict-uri-encode": "^2.0.0"
			},
			"engines": {
				"node": ">=6"
			},
			"funding": {
				"url": "https://github.com/sponsors/sindresorhus"
			}
		},
		"node_modules/react": {
			"version": "16.13.1",
			"resolved": "https://registry.npmjs.org/react/-/react-16.13.1.tgz",
			"integrity": "sha512-YMZQQq32xHLX0bz5Mnibv1/LHb3Sqzngu7xstSM+vrkE5Kzr9xE0yMByK5kMoTK30YVJE61WfbxIFFvfeDKT1w==",
			"dev": true,
			"dependencies": {
				"loose-envify": "^1.1.0",
				"object-assign": "^4.1.1",
				"prop-types": "^15.6.2"
			},
			"engines": {
				"node": ">=0.10.0"
			}
		},
		"node_modules/react-is": {
			"version": "16.13.1",
			"resolved": "https://registry.npmjs.org/react-is/-/react-is-16.13.1.tgz",
			"integrity": "sha512-24e6ynE2H+OKt4kqsOvNd8kBpV65zoxbA4BVsEOB3ARVWQki/DHzaUoC5KuON/BiccDaCCTZBuOcfZs70kR8bQ==",
			"dev": true
		},
		"node_modules/react-test-renderer": {
			"version": "16.13.1",
			"resolved": "https://registry.npmjs.org/react-test-renderer/-/react-test-renderer-16.13.1.tgz",
			"integrity": "sha512-Sn2VRyOK2YJJldOqoh8Tn/lWQ+ZiKhyZTPtaO0Q6yNj+QDbmRkVFap6pZPy3YQk8DScRDfyqm/KxKYP9gCMRiQ==",
			"dev": true,
			"dependencies": {
				"object-assign": "^4.1.1",
				"prop-types": "^15.6.2",
				"react-is": "^16.8.6",
				"scheduler": "^0.19.1"
			},
			"peerDependencies": {
				"react": "^16.13.1"
			}
		},
		"node_modules/scheduler": {
			"version": "0.19.1",
			"resolved": "https://registry.npmjs.org/scheduler/-/scheduler-0.19.1.tgz",
			"integrity": "sha512-n/zwRWRYSUj0/3g/otKDRPMh6qv2SYMWNq85IEa8iZyAv8od9zDYpGSnpBEjNgcMNq6Scbu5KfIPxNF72R/2EA==",
			"dev": true,
			"dependencies": {
				"loose-envify": "^1.1.0",
				"object-assign": "^4.1.1"
			}
		},
		"node_modules/split-on-first": {
			"version": "1.1.0",
			"resolved": "https://registry.npmjs.org/split-on-first/-/split-on-first-1.1.0.tgz",
			"integrity": "sha512-43ZssAJaMusuKWL8sKUBQXHWOpq8d6CfN/u1p4gUzfJkM05C8rxTmYrkIPTXapZpORA6LkkzcUulJ8FqA7Uudw==",
			"dev": true,
			"engines": {
				"node": ">=6"
			}
		},
		"node_modules/stack-generator": {
			"version": "2.0.5",
			"resolved": "https://registry.npmjs.org/stack-generator/-/stack-generator-2.0.5.tgz",
			"integrity": "sha512-/t1ebrbHkrLrDuNMdeAcsvynWgoH/i4o8EGGfX7dEYDoTXOYVAkEpFdtshlvabzc6JlJ8Kf9YdFEoz7JkzGN9Q==",
			"peer": true,
			"dependencies": {
				"stackframe": "^1.1.1"
			}
		},
		"node_modules/stackframe": {
			"version": "1.2.0",
			"resolved": "https://registry.npmjs.org/stackframe/-/stackframe-1.2.0.tgz",
			"integrity": "sha512-GrdeshiRmS1YLMYgzF16olf2jJ/IzxXY9lhKOskuVziubpTYcYqyOwYeJKzQkwy7uN0fYSsbsC4RQaXf9LCrYA==",
			"peer": true
		},
		"node_modules/strict-uri-encode": {
			"version": "2.0.0",
			"resolved": "https://registry.npmjs.org/strict-uri-encode/-/strict-uri-encode-2.0.0.tgz",
			"integrity": "sha1-ucczDHBChi9rFC3CdLvMWGbONUY=",
			"dev": true,
			"engines": {
				"node": ">=4"
			}
		},
		"node_modules/use-subscription": {
			"version": "1.4.1",
			"resolved": "https://registry.npmjs.org/use-subscription/-/use-subscription-1.4.1.tgz",
			"integrity": "sha512-7+IIwDG/4JICrWHL/Q/ZPK5yozEnvRm6vHImu0LKwQlmWGKeiF7mbAenLlK/cTNXrTtXHU/SFASQHzB6+oSJMQ==",
			"dev": true,
			"dependencies": {
				"object-assign": "^4.1.1"
			},
			"peerDependencies": {
				"react": "^16.8.0"
			}
		}
	},
	"dependencies": {
		"@bugsnag/core": {
			"version": "7.14.0",
			"resolved": "https://registry.npmjs.org/@bugsnag/core/-/core-7.14.0.tgz",
			"integrity": "sha512-DKN7hNEA6zEOgnucihgNEiMmx4GVaFHD9dJUYQFiouAIL19R/TLgG6B+pGC+QAqHVYsCUt5XDnG8jD+J+3fKOA==",
			"peer": true,
			"requires": {
				"@bugsnag/cuid": "^3.0.0",
				"@bugsnag/safe-json-stringify": "^6.0.0",
				"error-stack-parser": "^2.0.3",
				"iserror": "0.0.2",
				"stack-generator": "^2.0.3"
			}
		},
		"@bugsnag/cuid": {
			"version": "3.0.0",
			"resolved": "https://registry.npmjs.org/@bugsnag/cuid/-/cuid-3.0.0.tgz",
			"integrity": "sha512-LOt8aaBI+KvOQGneBtpuCz3YqzyEAehd1f3nC5yr9TIYW1+IzYKa2xWS4EiMz5pPOnRPHkyyS5t/wmSmN51Gjg==",
			"peer": true
		},
		"@bugsnag/safe-json-stringify": {
			"version": "6.0.0",
			"resolved": "https://registry.npmjs.org/@bugsnag/safe-json-stringify/-/safe-json-stringify-6.0.0.tgz",
			"integrity": "sha512-htzFO1Zc57S8kgdRK9mLcPVTW1BY2ijfH7Dk2CeZmspTWKdKqSo1iwmqrq2WtRjFlo8aRZYgLX0wFrDXF/9DLA==",
			"peer": true
		},
		"@react-navigation/core": {
			"version": "5.12.3",
			"resolved": "https://registry.npmjs.org/@react-navigation/core/-/core-5.12.3.tgz",
			"integrity": "sha512-aEOTAw4FRRNsNu6F9ibLk3SVSs4Res8BI832NEZN6qUto5ZgtuYnQHWeWV2cZ43Nc9KvUyQC/vXvO2RScwgFwA==",
			"dev": true,
			"requires": {
				"@react-navigation/routers": "^5.4.11",
				"escape-string-regexp": "^4.0.0",
				"nanoid": "^3.1.12",
				"query-string": "^6.13.1",
				"react-is": "^16.13.0",
				"use-subscription": "^1.4.0"
			}
		},
		"@react-navigation/native": {
			"version": "5.7.3",
			"resolved": "https://registry.npmjs.org/@react-navigation/native/-/native-5.7.3.tgz",
			"integrity": "sha512-bXb1g/cLpGF2DW1Vxk90Ch5vbaZTk5b/4Fn5xjQlueQODgc9ca+GPEssKZ84hCrNmS+Xg+iK1m/ArawLF5gMlw==",
			"dev": true,
			"requires": {
				"@react-navigation/core": "^5.12.3",
				"nanoid": "^3.1.12"
			}
		},
		"@react-navigation/routers": {
			"version": "5.4.11",
			"resolved": "https://registry.npmjs.org/@react-navigation/routers/-/routers-5.4.11.tgz",
			"integrity": "sha512-J/CsHdIjYBRe81UUiLOoz9NSrQ91uP23Oe21QPCALInRHx+rfwo2oPl6Fn8xAa7n8Dtt2oQUGyF+g5d05cB74w==",
			"dev": true,
			"requires": {
				"nanoid": "^3.1.12"
			}
		},
		"@types/prop-types": {
			"version": "15.7.3",
			"resolved": "https://registry.npmjs.org/@types/prop-types/-/prop-types-15.7.3.tgz",
			"integrity": "sha512-KfRL3PuHmqQLOG+2tGpRO26Ctg+Cq1E01D2DMriKEATHgWLfeNDmq9e29Q9WIky0dQ3NPkd1mzYH8Lm936Z9qw==",
			"dev": true
		},
		"@types/react": {
			"version": "16.9.49",
			"resolved": "https://registry.npmjs.org/@types/react/-/react-16.9.49.tgz",
			"integrity": "sha512-DtLFjSj0OYAdVLBbyjhuV9CdGVHCkHn2R+xr3XkBvK2rS1Y1tkc14XSGjYgm5Fjjr90AxH9tiSzc1pCFMGO06g==",
			"dev": true,
			"requires": {
				"@types/prop-types": "*",
				"csstype": "^3.0.2"
			}
		},
		"@types/react-native": {
			"version": "0.63.20",
			"resolved": "https://registry.npmjs.org/@types/react-native/-/react-native-0.63.20.tgz",
			"integrity": "sha512-APnxRTDxbWw/IYjvwvXkhYJiz1gahyVA579pJqAVsEfZ+ZUwUHZpWKnexobyH5NmRJHuA/8LrThyps/BW3SYXA==",
			"dev": true,
			"requires": {
				"@types/react": "*"
			}
		},
		"@types/react-test-renderer": {
			"version": "16.9.3",
			"resolved": "https://registry.npmjs.org/@types/react-test-renderer/-/react-test-renderer-16.9.3.tgz",
			"integrity": "sha512-wJ7IlN5NI82XMLOyHSa+cNN4Z0I+8/YaLl04uDgcZ+W+ExWCmCiVTLT/7fRNqzy4OhStZcUwIqLNF7q+AdW43Q==",
			"dev": true,
			"requires": {
				"@types/react": "*"
			}
		},
		"csstype": {
			"version": "3.0.3",
			"resolved": "https://registry.npmjs.org/csstype/-/csstype-3.0.3.tgz",
			"integrity": "sha512-jPl+wbWPOWJ7SXsWyqGRk3lGecbar0Cb0OvZF/r/ZU011R4YqiRehgkQ9p4eQfo9DSDLqLL3wHwfxeJiuIsNag==",
			"dev": true
		},
		"decode-uri-component": {
			"version": "0.2.0",
			"resolved": "https://registry.npmjs.org/decode-uri-component/-/decode-uri-component-0.2.0.tgz",
			"integrity": "sha1-6zkTMzRYd1y4TNGh+uBiEGu4dUU=",
			"dev": true
		},
		"error-stack-parser": {
			"version": "2.0.6",
			"resolved": "https://registry.npmjs.org/error-stack-parser/-/error-stack-parser-2.0.6.tgz",
			"integrity": "sha512-d51brTeqC+BHlwF0BhPtcYgF5nlzf9ZZ0ZIUQNZpc9ZB9qw5IJ2diTrBY9jlCJkTLITYPjmiX6OWCwH+fuyNgQ==",
			"peer": true,
			"requires": {
				"stackframe": "^1.1.1"
			}
		},
		"escape-string-regexp": {
			"version": "4.0.0",
			"resolved": "https://registry.npmjs.org/escape-string-regexp/-/escape-string-regexp-4.0.0.tgz",
			"integrity": "sha512-TtpcNJ3XAzx3Gq8sWRzJaVajRs0uVxA2YAkdb1jm2YkPz4G6egUFAyA3n5vtEIZefPk5Wa4UXbKuS5fKkJWdgA==",
			"dev": true
		},
		"iserror": {
			"version": "0.0.2",
			"resolved": "https://registry.npmjs.org/iserror/-/iserror-0.0.2.tgz",
			"integrity": "sha1-vVNFH+L2aLnyQCwZZnh6qix8C/U=",
			"peer": true
		},
		"js-tokens": {
			"version": "4.0.0",
			"resolved": "https://registry.npmjs.org/js-tokens/-/js-tokens-4.0.0.tgz",
			"integrity": "sha512-RdJUflcE3cUzKiMqQgsCu06FPu9UdIJO0beYbPhHN4k6apgJtifcoCtT9bcxOpYBtpD2kCM6Sbzg4CausW/PKQ==",
			"dev": true
		},
		"loose-envify": {
			"version": "1.4.0",
			"resolved": "https://registry.npmjs.org/loose-envify/-/loose-envify-1.4.0.tgz",
			"integrity": "sha512-lyuxPGr/Wfhrlem2CL/UcnUc1zcqKAImBDzukY7Y5F/yQiNdko6+fRLevlw1HgMySw7f611UIY408EtxRSoK3Q==",
			"dev": true,
			"requires": {
				"js-tokens": "^3.0.0 || ^4.0.0"
			}
		},
		"nanoid": {
			"version": "3.1.12",
			"resolved": "https://registry.npmjs.org/nanoid/-/nanoid-3.1.12.tgz",
			"integrity": "sha512-1qstj9z5+x491jfiC4Nelk+f8XBad7LN20PmyWINJEMRSf3wcAjAWysw1qaA8z6NSKe2sjq1hRSDpBH5paCb6A==",
			"dev": true
		},
		"object-assign": {
			"version": "4.1.1",
			"resolved": "https://registry.npmjs.org/object-assign/-/object-assign-4.1.1.tgz",
			"integrity": "sha1-IQmtx5ZYh8/AXLvUQsrIv7s2CGM=",
			"dev": true
		},
		"prop-types": {
			"version": "15.7.2",
			"resolved": "https://registry.npmjs.org/prop-types/-/prop-types-15.7.2.tgz",
			"integrity": "sha512-8QQikdH7//R2vurIJSutZ1smHYTcLpRWEOlHnzcWHmBYrOGUysKwSsrC89BCiFj3CbrfJ/nXFdJepOVrY1GCHQ==",
			"dev": true,
			"requires": {
				"loose-envify": "^1.4.0",
				"object-assign": "^4.1.1",
				"react-is": "^16.8.1"
			}
		},
		"query-string": {
			"version": "6.13.2",
			"resolved": "https://registry.npmjs.org/query-string/-/query-string-6.13.2.tgz",
			"integrity": "sha512-BMmDaUiLDFU1hlM38jTFcRt7HYiGP/zt1sRzrIWm5zpeEuO1rkbPS0ELI3uehoLuuhHDCS8u8lhFN3fEN4JzPQ==",
			"dev": true,
			"requires": {
				"decode-uri-component": "^0.2.0",
				"split-on-first": "^1.0.0",
				"strict-uri-encode": "^2.0.0"
			}
		},
		"react": {
			"version": "16.13.1",
			"resolved": "https://registry.npmjs.org/react/-/react-16.13.1.tgz",
			"integrity": "sha512-YMZQQq32xHLX0bz5Mnibv1/LHb3Sqzngu7xstSM+vrkE5Kzr9xE0yMByK5kMoTK30YVJE61WfbxIFFvfeDKT1w==",
			"dev": true,
			"requires": {
				"loose-envify": "^1.1.0",
				"object-assign": "^4.1.1",
				"prop-types": "^15.6.2"
			}
		},
		"react-is": {
			"version": "16.13.1",
			"resolved": "https://registry.npmjs.org/react-is/-/react-is-16.13.1.tgz",
			"integrity": "sha512-24e6ynE2H+OKt4kqsOvNd8kBpV65zoxbA4BVsEOB3ARVWQki/DHzaUoC5KuON/BiccDaCCTZBuOcfZs70kR8bQ==",
			"dev": true
		},
		"react-test-renderer": {
			"version": "16.13.1",
			"resolved": "https://registry.npmjs.org/react-test-renderer/-/react-test-renderer-16.13.1.tgz",
			"integrity": "sha512-Sn2VRyOK2YJJldOqoh8Tn/lWQ+ZiKhyZTPtaO0Q6yNj+QDbmRkVFap6pZPy3YQk8DScRDfyqm/KxKYP9gCMRiQ==",
			"dev": true,
			"requires": {
				"object-assign": "^4.1.1",
				"prop-types": "^15.6.2",
				"react-is": "^16.8.6",
				"scheduler": "^0.19.1"
			}
		},
		"scheduler": {
			"version": "0.19.1",
			"resolved": "https://registry.npmjs.org/scheduler/-/scheduler-0.19.1.tgz",
			"integrity": "sha512-n/zwRWRYSUj0/3g/otKDRPMh6qv2SYMWNq85IEa8iZyAv8od9zDYpGSnpBEjNgcMNq6Scbu5KfIPxNF72R/2EA==",
			"dev": true,
			"requires": {
				"loose-envify": "^1.1.0",
				"object-assign": "^4.1.1"
			}
		},
		"split-on-first": {
			"version": "1.1.0",
			"resolved": "https://registry.npmjs.org/split-on-first/-/split-on-first-1.1.0.tgz",
			"integrity": "sha512-43ZssAJaMusuKWL8sKUBQXHWOpq8d6CfN/u1p4gUzfJkM05C8rxTmYrkIPTXapZpORA6LkkzcUulJ8FqA7Uudw==",
			"dev": true
		},
		"stack-generator": {
			"version": "2.0.5",
			"resolved": "https://registry.npmjs.org/stack-generator/-/stack-generator-2.0.5.tgz",
			"integrity": "sha512-/t1ebrbHkrLrDuNMdeAcsvynWgoH/i4o8EGGfX7dEYDoTXOYVAkEpFdtshlvabzc6JlJ8Kf9YdFEoz7JkzGN9Q==",
			"peer": true,
			"requires": {
				"stackframe": "^1.1.1"
			}
		},
		"stackframe": {
			"version": "1.2.0",
			"resolved": "https://registry.npmjs.org/stackframe/-/stackframe-1.2.0.tgz",
			"integrity": "sha512-GrdeshiRmS1YLMYgzF16olf2jJ/IzxXY9lhKOskuVziubpTYcYqyOwYeJKzQkwy7uN0fYSsbsC4RQaXf9LCrYA==",
			"peer": true
		},
		"strict-uri-encode": {
			"version": "2.0.0",
			"resolved": "https://registry.npmjs.org/strict-uri-encode/-/strict-uri-encode-2.0.0.tgz",
			"integrity": "sha1-ucczDHBChi9rFC3CdLvMWGbONUY=",
			"dev": true
		},
		"use-subscription": {
			"version": "1.4.1",
			"resolved": "https://registry.npmjs.org/use-subscription/-/use-subscription-1.4.1.tgz",
			"integrity": "sha512-7+IIwDG/4JICrWHL/Q/ZPK5yozEnvRm6vHImu0LKwQlmWGKeiF7mbAenLlK/cTNXrTtXHU/SFASQHzB6+oSJMQ==",
			"dev": true,
			"requires": {
				"object-assign": "^4.1.1"
			}
		}
	}
}
