{
	"name": "@bugsnag/plugin-electron-screen-breadcrumbs",
	"version": "7.25.0-alpha.0",
	"lockfileVersion": 2,
	"requires": true,
	"packages": {
		"": {
			"name": "@bugsnag/plugin-electron-screen-breadcrumbs",
			"version": "7.9.4",
			"license": "MIT",
			"devDependencies": {
				"@bugsnag/core": "^7.9.2-alpha.0"
			},
			"peerDependencies": {
				"@bugsnag/core": "^7.9.2-alpha.0"
			}
		},
		"node_modules/@bugsnag/core": {
			"version": "7.9.2",
			"resolved": "https://registry.npmjs.org/@bugsnag/core/-/core-7.9.2.tgz",
			"integrity": "sha512-iz18qkEhrF0Bra0lpEP4VC0EJa48R+3QDDiTtfHW9fiZGKw+ADrUhwW7pHJn+LDqWfq4kMqJNuQC+8s4dV3MYg==",
			"dev": true,
			"dependencies": {
				"@bugsnag/cuid": "^3.0.0",
				"@bugsnag/safe-json-stringify": "^6.0.0",
				"error-stack-parser": "^2.0.3",
				"iserror": "0.0.2",
				"stack-generator": "^2.0.3"
			}
		},
		"node_modules/@bugsnag/cuid": {
			"version": "3.0.0",
			"resolved": "https://registry.npmjs.org/@bugsnag/cuid/-/cuid-3.0.0.tgz",
			"integrity": "sha512-LOt8aaBI+KvOQGneBtpuCz3YqzyEAehd1f3nC5yr9TIYW1+IzYKa2xWS4EiMz5pPOnRPHkyyS5t/wmSmN51Gjg==",
			"dev": true
		},
		"node_modules/@bugsnag/safe-json-stringify": {
			"version": "6.0.0",
			"resolved": "https://registry.npmjs.org/@bugsnag/safe-json-stringify/-/safe-json-stringify-6.0.0.tgz",
			"integrity": "sha512-htzFO1Zc57S8kgdRK9mLcPVTW1BY2ijfH7Dk2CeZmspTWKdKqSo1iwmqrq2WtRjFlo8aRZYgLX0wFrDXF/9DLA==",
			"dev": true
		},
		"node_modules/error-stack-parser": {
			"version": "2.0.6",
			"resolved": "https://registry.npmjs.org/error-stack-parser/-/error-stack-parser-2.0.6.tgz",
			"integrity": "sha512-d51brTeqC+BHlwF0BhPtcYgF5nlzf9ZZ0ZIUQNZpc9ZB9qw5IJ2diTrBY9jlCJkTLITYPjmiX6OWCwH+fuyNgQ==",
			"dev": true,
			"dependencies": {
				"stackframe": "^1.1.1"
			}
		},
		"node_modules/iserror": {
			"version": "0.0.2",
			"resolved": "https://registry.npmjs.org/iserror/-/iserror-0.0.2.tgz",
			"integrity": "sha1-vVNFH+L2aLnyQCwZZnh6qix8C/U=",
			"dev": true
		},
		"node_modules/stack-generator": {
			"version": "2.0.5",
			"resolved": "https://registry.npmjs.org/stack-generator/-/stack-generator-2.0.5.tgz",
			"integrity": "sha512-/t1ebrbHkrLrDuNMdeAcsvynWgoH/i4o8EGGfX7dEYDoTXOYVAkEpFdtshlvabzc6JlJ8Kf9YdFEoz7JkzGN9Q==",
			"dev": true,
			"dependencies": {
				"stackframe": "^1.1.1"
			}
		},
		"node_modules/stackframe": {
			"version": "1.2.0",
			"resolved": "https://registry.npmjs.org/stackframe/-/stackframe-1.2.0.tgz",
			"integrity": "sha512-GrdeshiRmS1YLMYgzF16olf2jJ/IzxXY9lhKOskuVziubpTYcYqyOwYeJKzQkwy7uN0fYSsbsC4RQaXf9LCrYA==",
			"dev": true
		}
	},
	"dependencies": {
		"@bugsnag/core": {
			"version": "7.9.2",
			"resolved": "https://registry.npmjs.org/@bugsnag/core/-/core-7.9.2.tgz",
			"integrity": "sha512-iz18qkEhrF0Bra0lpEP4VC0EJa48R+3QDDiTtfHW9fiZGKw+ADrUhwW7pHJn+LDqWfq4kMqJNuQC+8s4dV3MYg==",
			"dev": true,
			"requires": {
				"@bugsnag/cuid": "^3.0.0",
				"@bugsnag/safe-json-stringify": "^6.0.0",
				"error-stack-parser": "^2.0.3",
				"iserror": "0.0.2",
				"stack-generator": "^2.0.3"
			}
		},
		"@bugsnag/cuid": {
			"version": "3.0.0",
			"resolved": "https://registry.npmjs.org/@bugsnag/cuid/-/cuid-3.0.0.tgz",
			"integrity": "sha512-LOt8aaBI+KvOQGneBtpuCz3YqzyEAehd1f3nC5yr9TIYW1+IzYKa2xWS4EiMz5pPOnRPHkyyS5t/wmSmN51Gjg==",
			"dev": true
		},
		"@bugsnag/safe-json-stringify": {
			"version": "6.0.0",
			"resolved": "https://registry.npmjs.org/@bugsnag/safe-json-stringify/-/safe-json-stringify-6.0.0.tgz",
			"integrity": "sha512-htzFO1Zc57S8kgdRK9mLcPVTW1BY2ijfH7Dk2CeZmspTWKdKqSo1iwmqrq2WtRjFlo8aRZYgLX0wFrDXF/9DLA==",
			"dev": true
		},
		"error-stack-parser": {
			"version": "2.0.6",
			"resolved": "https://registry.npmjs.org/error-stack-parser/-/error-stack-parser-2.0.6.tgz",
			"integrity": "sha512-d51brTeqC+BHlwF0BhPtcYgF5nlzf9ZZ0ZIUQNZpc9ZB9qw5IJ2diTrBY9jlCJkTLITYPjmiX6OWCwH+fuyNgQ==",
			"dev": true,
			"requires": {
				"stackframe": "^1.1.1"
			}
		},
		"iserror": {
			"version": "0.0.2",
			"resolved": "https://registry.npmjs.org/iserror/-/iserror-0.0.2.tgz",
			"integrity": "sha1-vVNFH+L2aLnyQCwZZnh6qix8C/U=",
			"dev": true
		},
		"stack-generator": {
			"version": "2.0.5",
			"resolved": "https://registry.npmjs.org/stack-generator/-/stack-generator-2.0.5.tgz",
			"integrity": "sha512-/t1ebrbHkrLrDuNMdeAcsvynWgoH/i4o8EGGfX7dEYDoTXOYVAkEpFdtshlvabzc6JlJ8Kf9YdFEoz7JkzGN9Q==",
			"dev": true,
			"requires": {
				"stackframe": "^1.1.1"
			}
		},
		"stackframe": {
			"version": "1.2.0",
			"resolved": "https://registry.npmjs.org/stackframe/-/stackframe-1.2.0.tgz",
			"integrity": "sha512-GrdeshiRmS1YLMYgzF16olf2jJ/IzxXY9lhKOskuVziubpTYcYqyOwYeJKzQkwy7uN0fYSsbsC4RQaXf9LCrYA==",
			"dev": true
		}
	}
}
