{
	"name": "@bugsnag/plugin-react-native-connectivity-breadcrumbs",
	"version": "7.3.5",
	"lockfileVersion": 1,
	"requires": true,
	"dependencies": {
		"@react-native-community/netinfo": {
			"version": "5.9.2",
			"resolved": "https://registry.npmjs.org/@react-native-community/netinfo/-/netinfo-5.9.2.tgz",
			"integrity": "sha512-YPN6Qi9Sf64GlE3muLi4u4p4LaFP/65PTS0xssiGEaBAwSmZoUhzihhW1AptNe66ZQK9PxXfKIJDiLnYveK1aw=="
		}
	}
}
