{
	"name": "@bugsnag/plugin-react-native-connectivity-breadcrumbs",
	"version": "7.10.0",
	"lockfileVersion": 1,
	"requires": true,
	"dependencies": {
		"@react-native-community/netinfo": {
			"version": "5.9.7",
			"resolved": "https://registry.npmjs.org/@react-native-community/netinfo/-/netinfo-5.9.7.tgz",
			"integrity": "sha512-NAkkT68oF+M9o6El2xeUqZK7magPjG/tAcEbvCbqyhlh3yElKWnI1e1vpbVvFXzTefy67FwYFWOJqBN6U7Mnkg=="
		}
	}
}
