{
    "name": "simple-app",
    "version": "1.0.0",
    "lockfileVersion": 2,
    "requires": true,
    "packages": {
        "": {
            "name": "simple-app",
            "version": "1.0.0",
            "dependencies": {
                "@bugsnag/js": "^7.16.1",
                "@bugsnag/plugin-aws-lambda": "^7.16.1"
            }
        },
        "node_modules/@bugsnag/browser": {
            "version": "7.16.2",
            "resolved": "https://registry.npmjs.org/@bugsnag/browser/-/browser-7.16.2.tgz",
            "integrity": "sha512-iBbAmjTDe0I6WPTHi3wIcmKu3ykydtT6fc8atJA65rzgDLMlTM1Wnwz4Ny1cn0bVouLGa48BRiOJ27Rwy7QRYA==",
            "dependencies": {
                "@bugsnag/core": "^7.16.1"
            }
        },
        "node_modules/@bugsnag/core": {
            "version": "7.16.1",
            "resolved": "https://registry.npmjs.org/@bugsnag/core/-/core-7.16.1.tgz",
            "integrity": "sha512-zuBnL7B329VldItRqhXYrp1hjmjZnltJwNXMysi9WtY4t29WKk5LVwgWb1mPM9clJ0FoObZ7kvvQMUTKh3ezFQ==",
            "dependencies": {
                "@bugsnag/cuid": "^3.0.0",
                "@bugsnag/safe-json-stringify": "^6.0.0",
                "error-stack-parser": "^2.0.3",
                "iserror": "0.0.2",
                "stack-generator": "^2.0.3"
            }
        },
        "node_modules/@bugsnag/cuid": {
            "version": "3.0.0",
            "resolved": "https://registry.npmjs.org/@bugsnag/cuid/-/cuid-3.0.0.tgz",
            "integrity": "sha512-LOt8aaBI+KvOQGneBtpuCz3YqzyEAehd1f3nC5yr9TIYW1+IzYKa2xWS4EiMz5pPOnRPHkyyS5t/wmSmN51Gjg=="
        },
        "node_modules/@bugsnag/in-flight": {
            "version": "7.16.1",
            "resolved": "https://registry.npmjs.org/@bugsnag/in-flight/-/in-flight-7.16.1.tgz",
            "integrity": "sha512-mzEWXU1fuy7uBwEH1TpX0aEdCpk67y5pXQTCPnKaNevTNmFZw7KQAX2vxmwZjDlW9wXJ/UQIBRV//RLxn8nEVg==",
            "dependencies": {
                "@bugsnag/cuid": "^3.0.0"
            },
            "peerDependencies": {
                "@bugsnag/core": "^7.0.0"
            }
        },
        "node_modules/@bugsnag/js": {
            "version": "7.16.2",
            "resolved": "https://registry.npmjs.org/@bugsnag/js/-/js-7.16.2.tgz",
            "integrity": "sha512-AzV0PtG3SZt+HnA2JmRJeI60aDNZsIJbEEAZIWZeATvWBt5RdVdsWKllM1SkTvURfxfdAVd4Xry3BgVrh8nEbg==",
            "dependencies": {
                "@bugsnag/browser": "^7.16.2",
                "@bugsnag/node": "^7.16.2"
            }
        },
        "node_modules/@bugsnag/node": {
            "version": "7.16.2",
            "resolved": "https://registry.npmjs.org/@bugsnag/node/-/node-7.16.2.tgz",
            "integrity": "sha512-V5pND701cIYGzjjTwt0tuvAU1YyPB9h7vo5F/DzrDHRPmCINA/oVbc0Twco87knc2VPe8ntGFqTicTY65iOWzg==",
            "dependencies": {
                "@bugsnag/core": "^7.16.1",
                "byline": "^5.0.0",
                "error-stack-parser": "^2.0.2",
                "iserror": "^0.0.2",
                "pump": "^3.0.0",
                "stack-generator": "^2.0.3"
            }
        },
        "node_modules/@bugsnag/plugin-aws-lambda": {
            "version": "7.16.2",
            "resolved": "https://registry.npmjs.org/@bugsnag/plugin-aws-lambda/-/plugin-aws-lambda-7.16.2.tgz",
            "integrity": "sha512-De2zMZkGx33ErxMJMD17urgSidhegsDxEk6SXKYUvLOdQTG3iSGFxdu0m/dMWHE110WJIK+NAz4r9c+RknLsng==",
            "dependencies": {
                "@bugsnag/in-flight": "^7.16.1",
                "@bugsnag/plugin-browser-session": "^7.16.1"
            },
            "peerDependencies": {
                "@bugsnag/core": "^7.0.0"
            }
        },
        "node_modules/@bugsnag/plugin-browser-session": {
            "version": "7.16.1",
            "resolved": "https://registry.npmjs.org/@bugsnag/plugin-browser-session/-/plugin-browser-session-7.16.1.tgz",
            "integrity": "sha512-SnOJTAED2tQY9AS7riOXlR19wn7tFENKjDtTd5ZlLO5PwATPMLIU+jsWcgl9Y2EsBn1jZGnm002ehlGvuOcQjw==",
            "peerDependencies": {
                "@bugsnag/core": "^7.0.0"
            }
        },
        "node_modules/@bugsnag/safe-json-stringify": {
            "version": "6.0.0",
            "resolved": "https://registry.npmjs.org/@bugsnag/safe-json-stringify/-/safe-json-stringify-6.0.0.tgz",
            "integrity": "sha512-htzFO1Zc57S8kgdRK9mLcPVTW1BY2ijfH7Dk2CeZmspTWKdKqSo1iwmqrq2WtRjFlo8aRZYgLX0wFrDXF/9DLA=="
        },
        "node_modules/byline": {
            "version": "5.0.0",
            "resolved": "https://registry.npmjs.org/byline/-/byline-5.0.0.tgz",
            "integrity": "sha1-dBxSFkaOrcRXsDQQEYrXfejB3bE=",
            "engines": {
                "node": ">=0.10.0"
            }
        },
        "node_modules/end-of-stream": {
            "version": "1.4.4",
            "resolved": "https://registry.npmjs.org/end-of-stream/-/end-of-stream-1.4.4.tgz",
            "integrity": "sha512-+uw1inIHVPQoaVuHzRyXd21icM+cnt4CzD5rW+NC1wjOUSTOs+Te7FOv7AhN7vS9x/oIyhLP5PR1H+phQAHu5Q==",
            "dependencies": {
                "once": "^1.4.0"
            }
        },
        "node_modules/error-stack-parser": {
            "version": "2.0.7",
            "resolved": "https://registry.npmjs.org/error-stack-parser/-/error-stack-parser-2.0.7.tgz",
            "integrity": "sha512-chLOW0ZGRf4s8raLrDxa5sdkvPec5YdvwbFnqJme4rk0rFajP8mPtrDL1+I+CwrQDCjswDA5sREX7jYQDQs9vA==",
            "dependencies": {
                "stackframe": "^1.1.1"
            }
        },
        "node_modules/iserror": {
            "version": "0.0.2",
            "resolved": "https://registry.npmjs.org/iserror/-/iserror-0.0.2.tgz",
            "integrity": "sha1-vVNFH+L2aLnyQCwZZnh6qix8C/U="
        },
        "node_modules/once": {
            "version": "1.4.0",
            "resolved": "https://registry.npmjs.org/once/-/once-1.4.0.tgz",
            "integrity": "sha1-WDsap3WWHUsROsF9nFC6753Xa9E=",
            "dependencies": {
                "wrappy": "1"
            }
        },
        "node_modules/pump": {
            "version": "3.0.0",
            "resolved": "https://registry.npmjs.org/pump/-/pump-3.0.0.tgz",
            "integrity": "sha512-LwZy+p3SFs1Pytd/jYct4wpv49HiYCqd9Rlc5ZVdk0V+8Yzv6jR5Blk3TRmPL1ft69TxP0IMZGJ+WPFU2BFhww==",
            "dependencies": {
                "end-of-stream": "^1.1.0",
                "once": "^1.3.1"
            }
        },
        "node_modules/stack-generator": {
            "version": "2.0.5",
            "resolved": "https://registry.npmjs.org/stack-generator/-/stack-generator-2.0.5.tgz",
            "integrity": "sha512-/t1ebrbHkrLrDuNMdeAcsvynWgoH/i4o8EGGfX7dEYDoTXOYVAkEpFdtshlvabzc6JlJ8Kf9YdFEoz7JkzGN9Q==",
            "dependencies": {
                "stackframe": "^1.1.1"
            }
        },
        "node_modules/stackframe": {
            "version": "1.2.1",
            "resolved": "https://registry.npmjs.org/stackframe/-/stackframe-1.2.1.tgz",
            "integrity": "sha512-h88QkzREN/hy8eRdyNhhsO7RSJ5oyTqxxmmn0dzBIMUclZsjpfmrsg81vp8mjjAs2vAZ72nyWxRUwSwmh0e4xg=="
        },
        "node_modules/wrappy": {
            "version": "1.0.2",
            "resolved": "https://registry.npmjs.org/wrappy/-/wrappy-1.0.2.tgz",
            "integrity": "sha1-tSQ9jz7BqjXxNkYFvA0QNuMKtp8="
        }
    },
    "dependencies": {
        "@bugsnag/browser": {
            "version": "7.16.2",
            "resolved": "https://registry.npmjs.org/@bugsnag/browser/-/browser-7.16.2.tgz",
            "integrity": "sha512-iBbAmjTDe0I6WPTHi3wIcmKu3ykydtT6fc8atJA65rzgDLMlTM1Wnwz4Ny1cn0bVouLGa48BRiOJ27Rwy7QRYA==",
            "requires": {
                "@bugsnag/core": "^7.16.1"
            }
        },
        "@bugsnag/core": {
            "version": "7.16.1",
            "resolved": "https://registry.npmjs.org/@bugsnag/core/-/core-7.16.1.tgz",
            "integrity": "sha512-zuBnL7B329VldItRqhXYrp1hjmjZnltJwNXMysi9WtY4t29WKk5LVwgWb1mPM9clJ0FoObZ7kvvQMUTKh3ezFQ==",
            "requires": {
                "@bugsnag/cuid": "^3.0.0",
                "@bugsnag/safe-json-stringify": "^6.0.0",
                "error-stack-parser": "^2.0.3",
                "iserror": "0.0.2",
                "stack-generator": "^2.0.3"
            }
        },
        "@bugsnag/cuid": {
            "version": "3.0.0",
            "resolved": "https://registry.npmjs.org/@bugsnag/cuid/-/cuid-3.0.0.tgz",
            "integrity": "sha512-LOt8aaBI+KvOQGneBtpuCz3YqzyEAehd1f3nC5yr9TIYW1+IzYKa2xWS4EiMz5pPOnRPHkyyS5t/wmSmN51Gjg=="
        },
        "@bugsnag/in-flight": {
            "version": "7.16.1",
            "resolved": "https://registry.npmjs.org/@bugsnag/in-flight/-/in-flight-7.16.1.tgz",
            "integrity": "sha512-mzEWXU1fuy7uBwEH1TpX0aEdCpk67y5pXQTCPnKaNevTNmFZw7KQAX2vxmwZjDlW9wXJ/UQIBRV//RLxn8nEVg==",
            "requires": {
                "@bugsnag/cuid": "^3.0.0"
            }
        },
        "@bugsnag/js": {
            "version": "7.16.2",
            "resolved": "https://registry.npmjs.org/@bugsnag/js/-/js-7.16.2.tgz",
            "integrity": "sha512-AzV0PtG3SZt+HnA2JmRJeI60aDNZsIJbEEAZIWZeATvWBt5RdVdsWKllM1SkTvURfxfdAVd4Xry3BgVrh8nEbg==",
            "requires": {
                "@bugsnag/browser": "^7.16.2",
                "@bugsnag/node": "^7.16.2"
            }
        },
        "@bugsnag/node": {
            "version": "7.16.2",
            "resolved": "https://registry.npmjs.org/@bugsnag/node/-/node-7.16.2.tgz",
            "integrity": "sha512-V5pND701cIYGzjjTwt0tuvAU1YyPB9h7vo5F/DzrDHRPmCINA/oVbc0Twco87knc2VPe8ntGFqTicTY65iOWzg==",
            "requires": {
                "@bugsnag/core": "^7.16.1",
                "byline": "^5.0.0",
                "error-stack-parser": "^2.0.2",
                "iserror": "^0.0.2",
                "pump": "^3.0.0",
                "stack-generator": "^2.0.3"
            }
        },
        "@bugsnag/plugin-aws-lambda": {
            "version": "7.16.2",
            "resolved": "https://registry.npmjs.org/@bugsnag/plugin-aws-lambda/-/plugin-aws-lambda-7.16.2.tgz",
            "integrity": "sha512-De2zMZkGx33ErxMJMD17urgSidhegsDxEk6SXKYUvLOdQTG3iSGFxdu0m/dMWHE110WJIK+NAz4r9c+RknLsng==",
            "requires": {
                "@bugsnag/in-flight": "^7.16.1",
                "@bugsnag/plugin-browser-session": "^7.16.1"
            }
        },
        "@bugsnag/plugin-browser-session": {
            "version": "7.16.1",
            "resolved": "https://registry.npmjs.org/@bugsnag/plugin-browser-session/-/plugin-browser-session-7.16.1.tgz",
            "integrity": "sha512-SnOJTAED2tQY9AS7riOXlR19wn7tFENKjDtTd5ZlLO5PwATPMLIU+jsWcgl9Y2EsBn1jZGnm002ehlGvuOcQjw==",
            "requires": {}
        },
        "@bugsnag/safe-json-stringify": {
            "version": "6.0.0",
            "resolved": "https://registry.npmjs.org/@bugsnag/safe-json-stringify/-/safe-json-stringify-6.0.0.tgz",
            "integrity": "sha512-htzFO1Zc57S8kgdRK9mLcPVTW1BY2ijfH7Dk2CeZmspTWKdKqSo1iwmqrq2WtRjFlo8aRZYgLX0wFrDXF/9DLA=="
        },
        "byline": {
            "version": "5.0.0",
            "resolved": "https://registry.npmjs.org/byline/-/byline-5.0.0.tgz",
            "integrity": "sha1-dBxSFkaOrcRXsDQQEYrXfejB3bE="
        },
        "end-of-stream": {
            "version": "1.4.4",
            "resolved": "https://registry.npmjs.org/end-of-stream/-/end-of-stream-1.4.4.tgz",
            "integrity": "sha512-+uw1inIHVPQoaVuHzRyXd21icM+cnt4CzD5rW+NC1wjOUSTOs+Te7FOv7AhN7vS9x/oIyhLP5PR1H+phQAHu5Q==",
            "requires": {
                "once": "^1.4.0"
            }
        },
        "error-stack-parser": {
            "version": "2.0.7",
            "resolved": "https://registry.npmjs.org/error-stack-parser/-/error-stack-parser-2.0.7.tgz",
            "integrity": "sha512-chLOW0ZGRf4s8raLrDxa5sdkvPec5YdvwbFnqJme4rk0rFajP8mPtrDL1+I+CwrQDCjswDA5sREX7jYQDQs9vA==",
            "requires": {
                "stackframe": "^1.1.1"
            }
        },
        "iserror": {
            "version": "0.0.2",
            "resolved": "https://registry.npmjs.org/iserror/-/iserror-0.0.2.tgz",
            "integrity": "sha1-vVNFH+L2aLnyQCwZZnh6qix8C/U="
        },
        "once": {
            "version": "1.4.0",
            "resolved": "https://registry.npmjs.org/once/-/once-1.4.0.tgz",
            "integrity": "sha1-WDsap3WWHUsROsF9nFC6753Xa9E=",
            "requires": {
                "wrappy": "1"
            }
        },
        "pump": {
            "version": "3.0.0",
            "resolved": "https://registry.npmjs.org/pump/-/pump-3.0.0.tgz",
            "integrity": "sha512-LwZy+p3SFs1Pytd/jYct4wpv49HiYCqd9Rlc5ZVdk0V+8Yzv6jR5Blk3TRmPL1ft69TxP0IMZGJ+WPFU2BFhww==",
            "requires": {
                "end-of-stream": "^1.1.0",
                "once": "^1.3.1"
            }
        },
        "stack-generator": {
            "version": "2.0.5",
            "resolved": "https://registry.npmjs.org/stack-generator/-/stack-generator-2.0.5.tgz",
            "integrity": "sha512-/t1ebrbHkrLrDuNMdeAcsvynWgoH/i4o8EGGfX7dEYDoTXOYVAkEpFdtshlvabzc6JlJ8Kf9YdFEoz7JkzGN9Q==",
            "requires": {
                "stackframe": "^1.1.1"
            }
        },
        "stackframe": {
            "version": "1.2.1",
            "resolved": "https://registry.npmjs.org/stackframe/-/stackframe-1.2.1.tgz",
            "integrity": "sha512-h88QkzREN/hy8eRdyNhhsO7RSJ5oyTqxxmmn0dzBIMUclZsjpfmrsg81vp8mjjAs2vAZ72nyWxRUwSwmh0e4xg=="
        },
        "wrappy": {
            "version": "1.0.2",
            "resolved": "https://registry.npmjs.org/wrappy/-/wrappy-1.0.2.tgz",
            "integrity": "sha1-tSQ9jz7BqjXxNkYFvA0QNuMKtp8="
        }
    }
}
