{
  "name": "@bugsnag/plugin-window-onerror",
  "version": "7.25.0",
  "lockfileVersion": 2,
  "requires": true,
  "packages": {
    "": {
      "name": "@bugsnag/plugin-window-onerror",
      "version": "7.20.0",
      "license": "MIT",
      "devDependencies": {
        "@bugsnag/core": "^7.19.0"
      },
      "peerDependencies": {
        "@bugsnag/core": "^7.0.0"
      }
    },
    "node_modules/@bugsnag/core": {
      "version": "7.19.0",
      "resolved": "https://registry.npmjs.org/@bugsnag/core/-/core-7.19.0.tgz",
      "integrity": "sha512-2KGwdaLD9PhR7Wk7xPi3jGuGsKTatc/28U4TOZIDU3CgC2QhGjubwiXSECel5gwxhZ3jACKcMKSV2ovHhv1NrA==",
      "dev": true,
      "dependencies": {
        "@bugsnag/cuid": "^3.0.0",
        "@bugsnag/safe-json-stringify": "^6.0.0",
        "error-stack-parser": "^2.0.3",
        "iserror": "0.0.2",
        "stack-generator": "^2.0.3"
      }
    },
    "node_modules/@bugsnag/cuid": {
      "version": "3.0.2",
      "resolved": "https://registry.npmjs.org/@bugsnag/cuid/-/cuid-3.0.2.tgz",
      "integrity": "sha512-cIwzC93r3PQ/INeuwtZwkZIG2K8WWN0rRLZQhu+mr48Ay+i6sEki4GYfTsflse7hZ1BeDWrNb/Q9vgY3B31xHQ==",
      "dev": true
    },
    "node_modules/@bugsnag/safe-json-stringify": {
      "version": "6.0.0",
      "resolved": "https://registry.npmjs.org/@bugsnag/safe-json-stringify/-/safe-json-stringify-6.0.0.tgz",
      "integrity": "sha512-htzFO1Zc57S8kgdRK9mLcPVTW1BY2ijfH7Dk2CeZmspTWKdKqSo1iwmqrq2WtRjFlo8aRZYgLX0wFrDXF/9DLA==",
      "dev": true
    },
    "node_modules/error-stack-parser": {
      "version": "2.1.4",
      "resolved": "https://registry.npmjs.org/error-stack-parser/-/error-stack-parser-2.1.4.tgz",
      "integrity": "sha512-Sk5V6wVazPhq5MhpO+AUxJn5x7XSXGl1R93Vn7i+zS15KDVxQijejNCrz8340/2bgLBjR9GtEG8ZVKONDjcqGQ==",
      "dev": true,
      "dependencies": {
        "stackframe": "^1.3.4"
      }
    },
    "node_modules/iserror": {
      "version": "0.0.2",
      "resolved": "https://registry.npmjs.org/iserror/-/iserror-0.0.2.tgz",
      "integrity": "sha512-oKGGrFVaWwETimP3SiWwjDeY27ovZoyZPHtxblC4hCq9fXxed/jasx+ATWFFjCVSRZng8VTMsN1nDnGo6zMBSw==",
      "dev": true
    },
    "node_modules/stack-generator": {
      "version": "2.0.10",
      "resolved": "https://registry.npmjs.org/stack-generator/-/stack-generator-2.0.10.tgz",
      "integrity": "sha512-mwnua/hkqM6pF4k8SnmZ2zfETsRUpWXREfA/goT8SLCV4iOFa4bzOX2nDipWAZFPTjLvQB82f5yaodMVhK0yJQ==",
      "dev": true,
      "dependencies": {
        "stackframe": "^1.3.4"
      }
    },
    "node_modules/stackframe": {
      "version": "1.3.4",
      "resolved": "https://registry.npmjs.org/stackframe/-/stackframe-1.3.4.tgz",
      "integrity": "sha512-oeVtt7eWQS+Na6F//S4kJ2K2VbRlS9D43mAlMyVpVWovy9o+jfgH8O9agzANzaiLjclA0oYzUXEM4PurhSUChw==",
      "dev": true
    }
  },
  "dependencies": {
    "@bugsnag/core": {
      "version": "7.19.0",
      "resolved": "https://registry.npmjs.org/@bugsnag/core/-/core-7.19.0.tgz",
      "integrity": "sha512-2KGwdaLD9PhR7Wk7xPi3jGuGsKTatc/28U4TOZIDU3CgC2QhGjubwiXSECel5gwxhZ3jACKcMKSV2ovHhv1NrA==",
      "dev": true,
      "requires": {
        "@bugsnag/cuid": "^3.0.0",
        "@bugsnag/safe-json-stringify": "^6.0.0",
        "error-stack-parser": "^2.0.3",
        "iserror": "0.0.2",
        "stack-generator": "^2.0.3"
      }
    },
    "@bugsnag/cuid": {
      "version": "3.0.2",
      "resolved": "https://registry.npmjs.org/@bugsnag/cuid/-/cuid-3.0.2.tgz",
      "integrity": "sha512-cIwzC93r3PQ/INeuwtZwkZIG2K8WWN0rRLZQhu+mr48Ay+i6sEki4GYfTsflse7hZ1BeDWrNb/Q9vgY3B31xHQ==",
      "dev": true
    },
    "@bugsnag/safe-json-stringify": {
      "version": "6.0.0",
      "resolved": "https://registry.npmjs.org/@bugsnag/safe-json-stringify/-/safe-json-stringify-6.0.0.tgz",
      "integrity": "sha512-htzFO1Zc57S8kgdRK9mLcPVTW1BY2ijfH7Dk2CeZmspTWKdKqSo1iwmqrq2WtRjFlo8aRZYgLX0wFrDXF/9DLA==",
      "dev": true
    },
    "error-stack-parser": {
      "version": "2.1.4",
      "resolved": "https://registry.npmjs.org/error-stack-parser/-/error-stack-parser-2.1.4.tgz",
      "integrity": "sha512-Sk5V6wVazPhq5MhpO+AUxJn5x7XSXGl1R93Vn7i+zS15KDVxQijejNCrz8340/2bgLBjR9GtEG8ZVKONDjcqGQ==",
      "dev": true,
      "requires": {
        "stackframe": "^1.3.4"
      }
    },
    "iserror": {
      "version": "0.0.2",
      "resolved": "https://registry.npmjs.org/iserror/-/iserror-0.0.2.tgz",
      "integrity": "sha512-oKGGrFVaWwETimP3SiWwjDeY27ovZoyZPHtxblC4hCq9fXxed/jasx+ATWFFjCVSRZng8VTMsN1nDnGo6zMBSw==",
      "dev": true
    },
    "stack-generator": {
      "version": "2.0.10",
      "resolved": "https://registry.npmjs.org/stack-generator/-/stack-generator-2.0.10.tgz",
      "integrity": "sha512-mwnua/hkqM6pF4k8SnmZ2zfETsRUpWXREfA/goT8SLCV4iOFa4bzOX2nDipWAZFPTjLvQB82f5yaodMVhK0yJQ==",
      "dev": true,
      "requires": {
        "stackframe": "^1.3.4"
      }
    },
    "stackframe": {
      "version": "1.3.4",
      "resolved": "https://registry.npmjs.org/stackframe/-/stackframe-1.3.4.tgz",
      "integrity": "sha512-oeVtt7eWQS+Na6F//S4kJ2K2VbRlS9D43mAlMyVpVWovy9o+jfgH8O9agzANzaiLjclA0oYzUXEM4PurhSUChw==",
      "dev": true
    }
  }
}
