{
	"name": "@bugsnag/plugin-electron-deliver-minidumps",
	"version": "7.14.0",
	"lockfileVersion": 2,
	"requires": true,
	"packages": {
		"": {
			"name": "@bugsnag/plugin-electron-deliver-minidumps",
			"version": "7.14.0",
			"license": "MIT",
			"dependencies": {
				"form-data": "^4.0.0"
			},
			"peerDependencies": {
				"@bugsnag/core": "^7.9.2",
				"@bugsnag/electron-network-status": "^7.10.0"
			}
		},
		"node_modules/@bugsnag/core": {
			"version": "7.14.0",
			"resolved": "https://registry.npmjs.org/@bugsnag/core/-/core-7.14.0.tgz",
			"integrity": "sha512-DKN7hNEA6zEOgnucihgNEiMmx4GVaFHD9dJUYQFiouAIL19R/TLgG6B+pGC+QAqHVYsCUt5XDnG8jD+J+3fKOA==",
			"peer": true,
			"dependencies": {
				"@bugsnag/cuid": "^3.0.0",
				"@bugsnag/safe-json-stringify": "^6.0.0",
				"error-stack-parser": "^2.0.3",
				"iserror": "0.0.2",
				"stack-generator": "^2.0.3"
			}
		},
		"node_modules/@bugsnag/cuid": {
			"version": "3.0.0",
			"resolved": "https://registry.npmjs.org/@bugsnag/cuid/-/cuid-3.0.0.tgz",
			"integrity": "sha512-LOt8aaBI+KvOQGneBtpuCz3YqzyEAehd1f3nC5yr9TIYW1+IzYKa2xWS4EiMz5pPOnRPHkyyS5t/wmSmN51Gjg==",
			"peer": true
		},
		"node_modules/@bugsnag/electron-network-status": {
			"version": "7.14.0",
			"resolved": "https://registry.npmjs.org/@bugsnag/electron-network-status/-/electron-network-status-7.14.0.tgz",
			"integrity": "sha512-cmXJ00uvhrQJqLhutXurPK4uNUQAYSGW2AOATCTU95gabsptTaBgl4mIyFQWm1FvZBbti5Kgd5/zjryLenBpmA==",
			"peer": true,
			"peerDependencies": {
				"@bugsnag/core": "^7.10.0"
			}
		},
		"node_modules/@bugsnag/safe-json-stringify": {
			"version": "6.0.0",
			"resolved": "https://registry.npmjs.org/@bugsnag/safe-json-stringify/-/safe-json-stringify-6.0.0.tgz",
			"integrity": "sha512-htzFO1Zc57S8kgdRK9mLcPVTW1BY2ijfH7Dk2CeZmspTWKdKqSo1iwmqrq2WtRjFlo8aRZYgLX0wFrDXF/9DLA==",
			"peer": true
		},
		"node_modules/asynckit": {
			"version": "0.4.0",
			"resolved": "https://registry.npmjs.org/asynckit/-/asynckit-0.4.0.tgz",
			"integrity": "sha1-x57Zf380y48robyXkLzDZkdLS3k="
		},
		"node_modules/combined-stream": {
			"version": "1.0.8",
			"resolved": "https://registry.npmjs.org/combined-stream/-/combined-stream-1.0.8.tgz",
			"integrity": "sha512-FQN4MRfuJeHf7cBbBMJFXhKSDq+2kAArBlmRBvcvFE5BB1HZKXtSFASDhdlz9zOYwxh8lDdnvmMOe/+5cdoEdg==",
			"dependencies": {
				"delayed-stream": "~1.0.0"
			},
			"engines": {
				"node": ">= 0.8"
			}
		},
		"node_modules/delayed-stream": {
			"version": "1.0.0",
			"resolved": "https://registry.npmjs.org/delayed-stream/-/delayed-stream-1.0.0.tgz",
			"integrity": "sha1-3zrhmayt+31ECqrgsp4icrJOxhk=",
			"engines": {
				"node": ">=0.4.0"
			}
		},
		"node_modules/error-stack-parser": {
			"version": "2.0.6",
			"resolved": "https://registry.npmjs.org/error-stack-parser/-/error-stack-parser-2.0.6.tgz",
			"integrity": "sha512-d51brTeqC+BHlwF0BhPtcYgF5nlzf9ZZ0ZIUQNZpc9ZB9qw5IJ2diTrBY9jlCJkTLITYPjmiX6OWCwH+fuyNgQ==",
			"peer": true,
			"dependencies": {
				"stackframe": "^1.1.1"
			}
		},
		"node_modules/form-data": {
			"version": "4.0.0",
			"resolved": "https://registry.npmjs.org/form-data/-/form-data-4.0.0.tgz",
			"integrity": "sha512-ETEklSGi5t0QMZuiXoA/Q6vcnxcLQP5vdugSpuAyi6SVGi2clPPp+xgEhuMaHC+zGgn31Kd235W35f7Hykkaww==",
			"dependencies": {
				"asynckit": "^0.4.0",
				"combined-stream": "^1.0.8",
				"mime-types": "^2.1.12"
			},
			"engines": {
				"node": ">= 6"
			}
		},
		"node_modules/iserror": {
			"version": "0.0.2",
			"resolved": "https://registry.npmjs.org/iserror/-/iserror-0.0.2.tgz",
			"integrity": "sha1-vVNFH+L2aLnyQCwZZnh6qix8C/U=",
			"peer": true
		},
		"node_modules/mime-db": {
			"version": "1.48.0",
			"resolved": "https://registry.npmjs.org/mime-db/-/mime-db-1.48.0.tgz",
			"integrity": "sha512-FM3QwxV+TnZYQ2aRqhlKBMHxk10lTbMt3bBkMAp54ddrNeVSfcQYOOKuGuy3Ddrm38I04If834fOUSq1yzslJQ==",
			"engines": {
				"node": ">= 0.6"
			}
		},
		"node_modules/mime-types": {
			"version": "2.1.31",
			"resolved": "https://registry.npmjs.org/mime-types/-/mime-types-2.1.31.tgz",
			"integrity": "sha512-XGZnNzm3QvgKxa8dpzyhFTHmpP3l5YNusmne07VUOXxou9CqUqYa/HBy124RqtVh/O2pECas/MOcsDgpilPOPg==",
			"dependencies": {
				"mime-db": "1.48.0"
			},
			"engines": {
				"node": ">= 0.6"
			}
		},
		"node_modules/stack-generator": {
			"version": "2.0.5",
			"resolved": "https://registry.npmjs.org/stack-generator/-/stack-generator-2.0.5.tgz",
			"integrity": "sha512-/t1ebrbHkrLrDuNMdeAcsvynWgoH/i4o8EGGfX7dEYDoTXOYVAkEpFdtshlvabzc6JlJ8Kf9YdFEoz7JkzGN9Q==",
			"peer": true,
			"dependencies": {
				"stackframe": "^1.1.1"
			}
		},
		"node_modules/stackframe": {
			"version": "1.2.0",
			"resolved": "https://registry.npmjs.org/stackframe/-/stackframe-1.2.0.tgz",
			"integrity": "sha512-GrdeshiRmS1YLMYgzF16olf2jJ/IzxXY9lhKOskuVziubpTYcYqyOwYeJKzQkwy7uN0fYSsbsC4RQaXf9LCrYA==",
			"peer": true
		}
	},
	"dependencies": {
		"@bugsnag/core": {
			"version": "7.14.0",
			"resolved": "https://registry.npmjs.org/@bugsnag/core/-/core-7.14.0.tgz",
			"integrity": "sha512-DKN7hNEA6zEOgnucihgNEiMmx4GVaFHD9dJUYQFiouAIL19R/TLgG6B+pGC+QAqHVYsCUt5XDnG8jD+J+3fKOA==",
			"peer": true,
			"requires": {
				"@bugsnag/cuid": "^3.0.0",
				"@bugsnag/safe-json-stringify": "^6.0.0",
				"error-stack-parser": "^2.0.3",
				"iserror": "0.0.2",
				"stack-generator": "^2.0.3"
			}
		},
		"@bugsnag/cuid": {
			"version": "3.0.0",
			"resolved": "https://registry.npmjs.org/@bugsnag/cuid/-/cuid-3.0.0.tgz",
			"integrity": "sha512-LOt8aaBI+KvOQGneBtpuCz3YqzyEAehd1f3nC5yr9TIYW1+IzYKa2xWS4EiMz5pPOnRPHkyyS5t/wmSmN51Gjg==",
			"peer": true
		},
		"@bugsnag/electron-network-status": {
			"version": "7.14.0",
			"resolved": "https://registry.npmjs.org/@bugsnag/electron-network-status/-/electron-network-status-7.14.0.tgz",
			"integrity": "sha512-cmXJ00uvhrQJqLhutXurPK4uNUQAYSGW2AOATCTU95gabsptTaBgl4mIyFQWm1FvZBbti5Kgd5/zjryLenBpmA==",
			"peer": true,
			"requires": {}
		},
		"@bugsnag/safe-json-stringify": {
			"version": "6.0.0",
			"resolved": "https://registry.npmjs.org/@bugsnag/safe-json-stringify/-/safe-json-stringify-6.0.0.tgz",
			"integrity": "sha512-htzFO1Zc57S8kgdRK9mLcPVTW1BY2ijfH7Dk2CeZmspTWKdKqSo1iwmqrq2WtRjFlo8aRZYgLX0wFrDXF/9DLA==",
			"peer": true
		},
		"asynckit": {
			"version": "0.4.0",
			"resolved": "https://registry.npmjs.org/asynckit/-/asynckit-0.4.0.tgz",
			"integrity": "sha1-x57Zf380y48robyXkLzDZkdLS3k="
		},
		"combined-stream": {
			"version": "1.0.8",
			"resolved": "https://registry.npmjs.org/combined-stream/-/combined-stream-1.0.8.tgz",
			"integrity": "sha512-FQN4MRfuJeHf7cBbBMJFXhKSDq+2kAArBlmRBvcvFE5BB1HZKXtSFASDhdlz9zOYwxh8lDdnvmMOe/+5cdoEdg==",
			"requires": {
				"delayed-stream": "~1.0.0"
			}
		},
		"delayed-stream": {
			"version": "1.0.0",
			"resolved": "https://registry.npmjs.org/delayed-stream/-/delayed-stream-1.0.0.tgz",
			"integrity": "sha1-3zrhmayt+31ECqrgsp4icrJOxhk="
		},
		"error-stack-parser": {
			"version": "2.0.6",
			"resolved": "https://registry.npmjs.org/error-stack-parser/-/error-stack-parser-2.0.6.tgz",
			"integrity": "sha512-d51brTeqC+BHlwF0BhPtcYgF5nlzf9ZZ0ZIUQNZpc9ZB9qw5IJ2diTrBY9jlCJkTLITYPjmiX6OWCwH+fuyNgQ==",
			"peer": true,
			"requires": {
				"stackframe": "^1.1.1"
			}
		},
		"form-data": {
			"version": "4.0.0",
			"resolved": "https://registry.npmjs.org/form-data/-/form-data-4.0.0.tgz",
			"integrity": "sha512-ETEklSGi5t0QMZuiXoA/Q6vcnxcLQP5vdugSpuAyi6SVGi2clPPp+xgEhuMaHC+zGgn31Kd235W35f7Hykkaww==",
			"requires": {
				"asynckit": "^0.4.0",
				"combined-stream": "^1.0.8",
				"mime-types": "^2.1.12"
			}
		},
		"iserror": {
			"version": "0.0.2",
			"resolved": "https://registry.npmjs.org/iserror/-/iserror-0.0.2.tgz",
			"integrity": "sha1-vVNFH+L2aLnyQCwZZnh6qix8C/U=",
			"peer": true
		},
		"mime-db": {
			"version": "1.48.0",
			"resolved": "https://registry.npmjs.org/mime-db/-/mime-db-1.48.0.tgz",
			"integrity": "sha512-FM3QwxV+TnZYQ2aRqhlKBMHxk10lTbMt3bBkMAp54ddrNeVSfcQYOOKuGuy3Ddrm38I04If834fOUSq1yzslJQ=="
		},
		"mime-types": {
			"version": "2.1.31",
			"resolved": "https://registry.npmjs.org/mime-types/-/mime-types-2.1.31.tgz",
			"integrity": "sha512-XGZnNzm3QvgKxa8dpzyhFTHmpP3l5YNusmne07VUOXxou9CqUqYa/HBy124RqtVh/O2pECas/MOcsDgpilPOPg==",
			"requires": {
				"mime-db": "1.48.0"
			}
		},
		"stack-generator": {
			"version": "2.0.5",
			"resolved": "https://registry.npmjs.org/stack-generator/-/stack-generator-2.0.5.tgz",
			"integrity": "sha512-/t1ebrbHkrLrDuNMdeAcsvynWgoH/i4o8EGGfX7dEYDoTXOYVAkEpFdtshlvabzc6JlJ8Kf9YdFEoz7JkzGN9Q==",
			"peer": true,
			"requires": {
				"stackframe": "^1.1.1"
			}
		},
		"stackframe": {
			"version": "1.2.0",
			"resolved": "https://registry.npmjs.org/stackframe/-/stackframe-1.2.0.tgz",
			"integrity": "sha512-GrdeshiRmS1YLMYgzF16olf2jJ/IzxXY9lhKOskuVziubpTYcYqyOwYeJKzQkwy7uN0fYSsbsC4RQaXf9LCrYA==",
			"peer": true
		}
	}
}
