{
  "name": "@bugsnag/plugin-react-native-unhandled-rejection",
  "version": "7.19.0",
  "lockfileVersion": 3,
  "requires": true,
  "packages": {
    "": {
      "name": "@bugsnag/plugin-react-native-unhandled-rejection",
      "version": "7.19.0",
      "license": "MIT",
      "devDependencies": {
        "promise": "^8.0.2"
      },
      "peerDependencies": {
        "@bugsnag/core": "^7.0.0"
      }
    },
    "node_modules/asap": {
      "version": "2.0.6",
      "resolved": "https://registry.npmjs.org/asap/-/asap-2.0.6.tgz",
      "integrity": "sha512-BSHWgDSAiKs50o2Re8ppvp3seVHXSRM44cdSsT9FfNEUUZLOGWVCsiWaRPWM1Znn+mqZ1OfVZ3z3DWEzSp7hRA==",
      "dev": true
    },
    "node_modules/promise": {
      "version": "8.3.0",
      "resolved": "https://registry.npmjs.org/promise/-/promise-8.3.0.tgz",
      "integrity": "sha512-rZPNPKTOYVNEEKFaq1HqTgOwZD+4/YHS5ukLzQCypkj+OkYx7iv0mA91lJlpPPZ8vMau3IIGj5Qlwrx+8iiSmg==",
      "dev": true,
      "dependencies": {
        "asap": "~2.0.6"
      }
    }
  }
}
